<?xml version="1.0" encoding="utf-8"?>
<Project ToolsVersion="4.0" xmlns="http://schemas.microsoft.com/developer/msbuild/2003">
  <ItemGroup>
    <ClCompile Include="..\..\lib\SRC\KPM\kpmFopen.c" />
    <ClCompile Include="..\..\lib\SRC\KPM\kpmHandle.cpp" />
    <ClCompile Include="..\..\lib\SRC\KPM\kpmMatching.cpp" />
    <ClCompile Include="..\..\lib\SRC\KPM\kpmRefDataSet.cpp" />
    <ClCompile Include="..\..\lib\SRC\KPM\kpmResult.cpp" />
    <ClCompile Include="..\..\lib\SRC\KPM\kpmUtil.cpp" />
    <ClCompile Include="..\..\lib\SRC\KPM\FreakMatcher\detectors\DoG_scale_invariant_detector.cpp">
      <Filter>FreakMatcher\detectors</Filter>
    </ClCompile>
    <ClCompile Include="..\..\lib\SRC\KPM\FreakMatcher\detectors\gaussian_scale_space_pyramid.cpp">
      <Filter>FreakMatcher\detectors</Filter>
    </ClCompile>
    <ClCompile Include="..\..\lib\SRC\KPM\FreakMatcher\detectors\gradients.cpp">
      <Filter>FreakMatcher\detectors</Filter>
    </ClCompile>
    <ClCompile Include="..\..\lib\SRC\KPM\FreakMatcher\detectors\harris.cpp">
      <Filter>FreakMatcher\detectors</Filter>
    </ClCompile>
    <ClCompile Include="..\..\lib\SRC\KPM\FreakMatcher\detectors\orientation_assignment.cpp">
      <Filter>FreakMatcher\detectors</Filter>
    </ClCompile>
    <ClCompile Include="..\..\lib\SRC\KPM\FreakMatcher\detectors\pyramid.cpp">
      <Filter>FreakMatcher\detectors</Filter>
    </ClCompile>
    <ClCompile Include="..\..\lib\SRC\KPM\FreakMatcher\facade\visual_database_facade.cpp">
      <Filter>FreakMatcher\facade</Filter>
    </ClCompile>
    <ClCompile Include="..\..\lib\SRC\KPM\FreakMatcher\framework\date_time.cpp">
      <Filter>FreakMatcher\framework</Filter>
    </ClCompile>
    <ClCompile Include="..\..\lib\SRC\KPM\FreakMatcher\framework\image.cpp">
      <Filter>FreakMatcher\framework</Filter>
    </ClCompile>
    <ClCompile Include="..\..\lib\SRC\KPM\FreakMatcher\framework\logger.cpp">
      <Filter>FreakMatcher\framework</Filter>
    </ClCompile>
    <ClCompile Include="..\..\lib\SRC\KPM\FreakMatcher\framework\timers.cpp">
      <Filter>FreakMatcher\framework</Filter>
    </ClCompile>
    <ClCompile Include="..\..\lib\SRC\KPM\FreakMatcher\matchers\freak.cpp">
      <Filter>FreakMatcher\matchers</Filter>
    </ClCompile>
    <ClCompile Include="..\..\lib\SRC\KPM\FreakMatcher\matchers\hough_similarity_voting.cpp">
      <Filter>FreakMatcher\matchers</Filter>
    </ClCompile>
  </ItemGroup>
  <ItemGroup>
    <ClInclude Include="..\..\include\KPM\kpm.h" />
    <ClInclude Include="..\..\include\KPM\kpmType.h" />
    <ClInclude Include="..\..\lib\SRC\KPM\kpmFopen.h" />
    <ClInclude Include="..\..\lib\SRC\KPM\kpmPrivate.h" />
    <ClInclude Include="..\..\lib\SRC\KPM\FreakMatcher\detectors\DoG_scale_invariant_detector.h">
      <Filter>FreakMatcher\detectors</Filter>
    </ClInclude>
    <ClInclude Include="..\..\lib\SRC\KPM\FreakMatcher\detectors\gaussian_scale_space_pyramid.h">
      <Filter>FreakMatcher\detectors</Filter>
    </ClInclude>
    <ClInclude Include="..\..\lib\SRC\KPM\FreakMatcher\detectors\gradients.h">
      <Filter>FreakMatcher\detectors</Filter>
    </ClInclude>
    <ClInclude Include="..\..\lib\SRC\KPM\FreakMatcher\detectors\harris.h">
      <Filter>FreakMatcher\detectors</Filter>
    </ClInclude>
    <ClInclude Include="..\..\lib\SRC\KPM\FreakMatcher\detectors\harris-inline.h">
      <Filter>FreakMatcher\detectors</Filter>
    </ClInclude>
    <ClInclude Include="..\..\lib\SRC\KPM\FreakMatcher\detectors\interpolate.h">
      <Filter>FreakMatcher\detectors</Filter>
    </ClInclude>
    <ClInclude Include="..\..\lib\SRC\KPM\FreakMatcher\detectors\orientation_assignment.h">
      <Filter>FreakMatcher\detectors</Filter>
    </ClInclude>
    <ClInclude Include="..\..\lib\SRC\KPM\FreakMatcher\detectors\pyramid.h">
      <Filter>FreakMatcher\detectors</Filter>
    </ClInclude>
    <ClInclude Include="..\..\lib\SRC\KPM\FreakMatcher\detectors\pyramid-inline.h">
      <Filter>FreakMatcher\detectors</Filter>
    </ClInclude>
    <ClInclude Include="..\..\lib\SRC\KPM\FreakMatcher\facade\visual_database_facade.h">
      <Filter>FreakMatcher\facade</Filter>
    </ClInclude>
    <ClInclude Include="..\..\lib\SRC\KPM\FreakMatcher\framework\date_time.h">
      <Filter>FreakMatcher\framework</Filter>
    </ClInclude>
    <ClInclude Include="..\..\lib\SRC\KPM\FreakMatcher\framework\error.h">
      <Filter>FreakMatcher\framework</Filter>
    </ClInclude>
    <ClInclude Include="..\..\lib\SRC\KPM\FreakMatcher\framework\exception.h">
      <Filter>FreakMatcher\framework</Filter>
    </ClInclude>
    <ClInclude Include="..\..\lib\SRC\KPM\FreakMatcher\framework\image.h">
      <Filter>FreakMatcher\framework</Filter>
    </ClInclude>
    <ClInclude Include="..\..\lib\SRC\KPM\FreakMatcher\framework\image_utils.h">
      <Filter>FreakMatcher\framework</Filter>
    </ClInclude>
    <ClInclude Include="..\..\lib\SRC\KPM\FreakMatcher\framework\logger.h">
      <Filter>FreakMatcher\framework</Filter>
    </ClInclude>
    <ClInclude Include="..\..\lib\SRC\KPM\FreakMatcher\framework\timers.h">
      <Filter>FreakMatcher\framework</Filter>
    </ClInclude>
    <ClInclude Include="..\..\lib\SRC\KPM\FreakMatcher\homography_estimation\homography_solver.h">
      <Filter>FreakMatcher\homography_estimation</Filter>
    </ClInclude>
    <ClInclude Include="..\..\lib\SRC\KPM\FreakMatcher\homography_estimation\robust_homography.h">
      <Filter>FreakMatcher\homography_estimation</Filter>
    </ClInclude>
    <ClInclude Include="..\..\lib\SRC\KPM\FreakMatcher\matchers\binary_hierarchical_clustering.h">
      <Filter>FreakMatcher\matchers</Filter>
    </ClInclude>
    <ClInclude Include="..\..\lib\SRC\KPM\FreakMatcher\matchers\feature_matcher.h">
      <Filter>FreakMatcher\matchers</Filter>
    </ClInclude>
    <ClInclude Include="..\..\lib\SRC\KPM\FreakMatcher\matchers\feature_matcher-inline.h">
      <Filter>FreakMatcher\matchers</Filter>
    </ClInclude>
    <ClInclude Include="..\..\lib\SRC\KPM\FreakMatcher\matchers\feature_point.h">
      <Filter>FreakMatcher\matchers</Filter>
    </ClInclude>
    <ClInclude Include="..\..\lib\SRC\KPM\FreakMatcher\matchers\feature_store.h">
      <Filter>FreakMatcher\matchers</Filter>
    </ClInclude>
    <ClInclude Include="..\..\lib\SRC\KPM\FreakMatcher\matchers\freak.h">
      <Filter>FreakMatcher\matchers</Filter>
    </ClInclude>
    <ClInclude Include="..\..\lib\SRC\KPM\FreakMatcher\matchers\freak84-inline.h">
      <Filter>FreakMatcher\matchers</Filter>
    </ClInclude>
    <ClInclude Include="..\..\lib\SRC\KPM\FreakMatcher\matchers\hough_similarity_voting.h">
      <Filter>FreakMatcher\matchers</Filter>
    </ClInclude>
    <ClInclude Include="..\..\lib\SRC\KPM\FreakMatcher\matchers\keyframe.h">
      <Filter>FreakMatcher\matchers</Filter>
    </ClInclude>
    <ClInclude Include="..\..\lib\SRC\KPM\FreakMatcher\matchers\kmedoids.h">
      <Filter>FreakMatcher\matchers</Filter>
    </ClInclude>
    <ClInclude Include="..\..\lib\SRC\KPM\FreakMatcher\matchers\matcher_types.h">
      <Filter>FreakMatcher\matchers</Filter>
    </ClInclude>
    <ClInclude Include="..\..\lib\SRC\KPM\FreakMatcher\matchers\visual_database.h">
      <Filter>FreakMatcher\matchers</Filter>
    </ClInclude>
    <ClInclude Include="..\..\lib\SRC\KPM\FreakMatcher\matchers\visual_database_types.h">
      <Filter>FreakMatcher\matchers</Filter>
    </ClInclude>
    <ClInclude Include="..\..\lib\SRC\KPM\FreakMatcher\matchers\visual_database-inline.h">
      <Filter>FreakMatcher\matchers</Filter>
    </ClInclude>
    <ClInclude Include="..\..\lib\SRC\KPM\FreakMatcher\utils\feature_drawing.h">
      <Filter>FreakMatcher\utils</Filter>
    </ClInclude>
    <ClInclude Include="..\..\lib\SRC\KPM\FreakMatcher\utils\partial_sort.h">
      <Filter>FreakMatcher\utils</Filter>
    </ClInclude>
    <ClInclude Include="..\..\lib\SRC\KPM\FreakMatcher\utils\point.h">
      <Filter>FreakMatcher\utils</Filter>
    </ClInclude>
    <ClInclude Include="..\..\lib\SRC\KPM\FreakMatcher\math\cholesky.h">
      <Filter>FreakMatcher\math</Filter>
    </ClInclude>
    <ClInclude Include="..\..\lib\SRC\KPM\FreakMatcher\math\cholesky_linear_solvers.h">
      <Filter>FreakMatcher\math</Filter>
    </ClInclude>
    <ClInclude Include="..\..\lib\SRC\KPM\FreakMatcher\math\geometry.h">
      <Filter>FreakMatcher\math</Filter>
    </ClInclude>
    <ClInclude Include="..\..\lib\SRC\KPM\FreakMatcher\math\hamming.h">
      <Filter>FreakMatcher\math</Filter>
    </ClInclude>
    <ClInclude Include="..\..\lib\SRC\KPM\FreakMatcher\math\homography.h">
      <Filter>FreakMatcher\math</Filter>
    </ClInclude>
    <ClInclude Include="..\..\lib\SRC\KPM\FreakMatcher\math\indexing.h">
      <Filter>FreakMatcher\math</Filter>
    </ClInclude>
    <ClInclude Include="..\..\lib\SRC\KPM\FreakMatcher\math\linear_algebra.h">
      <Filter>FreakMatcher\math</Filter>
    </ClInclude>
    <ClInclude Include="..\..\lib\SRC\KPM\FreakMatcher\math\linear_solvers.h">
      <Filter>FreakMatcher\math</Filter>
    </ClInclude>
    <ClInclude Include="..\..\lib\SRC\KPM\FreakMatcher\math\math_utils.h">
      <Filter>FreakMatcher\math</Filter>
    </ClInclude>
    <ClInclude Include="..\..\lib\SRC\KPM\FreakMatcher\math\matrix.h">
      <Filter>FreakMatcher\math</Filter>
    </ClInclude>
    <ClInclude Include="..\..\lib\SRC\KPM\FreakMatcher\math\polynomial.h">
      <Filter>FreakMatcher\math</Filter>
    </ClInclude>
    <ClInclude Include="..\..\lib\SRC\KPM\FreakMatcher\math\quaternion.h">
      <Filter>FreakMatcher\math</Filter>
    </ClInclude>
    <ClInclude Include="..\..\lib\SRC\KPM\FreakMatcher\math\rand.h">
      <Filter>FreakMatcher\math</Filter>
    </ClInclude>
    <ClInclude Include="..\..\lib\SRC\KPM\FreakMatcher\math\robustifiers.h">
      <Filter>FreakMatcher\math</Filter>
    </ClInclude>
  </ItemGroup>
  <ItemGroup>
    <Filter Include="FreakMatcher">
      <UniqueIdentifier>{d9a949e0-ec6a-464f-a340-bd52b578adb9}</UniqueIdentifier>
    </Filter>
    <Filter Include="FreakMatcher\detectors">
      <UniqueIdentifier>{2dafb120-2435-4b06-9534-cda6a1c1f63f}</UniqueIdentifier>
    </Filter>
    <Filter Include="FreakMatcher\facade">
      <UniqueIdentifier>{81b2d9d6-b506-4a54-94be-0dc221e80056}</UniqueIdentifier>
    </Filter>
    <Filter Include="FreakMatcher\framework">
      <UniqueIdentifier>{f7204bbb-c698-427d-a65d-079b457c0c34}</UniqueIdentifier>
    </Filter>
    <Filter Include="FreakMatcher\homography_estimation">
      <UniqueIdentifier>{affef859-f4c4-4161-adf4-dbea61262e85}</UniqueIdentifier>
    </Filter>
    <Filter Include="FreakMatcher\matchers">
      <UniqueIdentifier>{829a74e3-e3da-4144-9c7a-a1cd9d6b7b9e}</UniqueIdentifier>
    </Filter>
    <Filter Include="FreakMatcher\math">
      <UniqueIdentifier>{c8cc58cf-9886-4606-ac03-d9e513cb6b19}</UniqueIdentifier>
    </Filter>
    <Filter Include="FreakMatcher\Eigen">
      <UniqueIdentifier>{0f3f1847-93b8-4645-8dfc-366586a70409}</UniqueIdentifier>
    </Filter>
    <Filter Include="FreakMatcher\utils">
      <UniqueIdentifier>{7dafb822-e323-4fc2-b621-bd99a2db3dac}</UniqueIdentifier>
    </Filter>
    <Filter Include="FreakMatcher\unsupported">
      <UniqueIdentifier>{30bf4422-ea66-4d6f-ba87-cae7d8a8c3a6}</UniqueIdentifier>
    </Filter>
    <Filter Include="FreakMatcher\unsupported\Eigen">
      <UniqueIdentifier>{1fb5c959-85b4-4b51-b8bf-c724be2857f7}</UniqueIdentifier>
    </Filter>
    <Filter Include="FreakMatcher\Eigen\src">
      <UniqueIdentifier>{5adf7726-c2c6-43bb-af4e-e514fefd5657}</UniqueIdentifier>
    </Filter>
  </ItemGroup>
  <ItemGroup>
    <None Include="..\..\lib\SRC\KPM\FreakMatcher\Eigen\Array">
      <Filter>FreakMatcher\Eigen</Filter>
    </None>
    <None Include="..\..\lib\SRC\KPM\FreakMatcher\Eigen\Cholesky">
      <Filter>FreakMatcher\Eigen</Filter>
    </None>
    <None Include="..\..\lib\SRC\KPM\FreakMatcher\Eigen\Core">
      <Filter>FreakMatcher\Eigen</Filter>
    </None>
    <None Include="..\..\lib\SRC\KPM\FreakMatcher\Eigen\Dense">
      <Filter>FreakMatcher\Eigen</Filter>
    </None>
    <None Include="..\..\lib\SRC\KPM\FreakMatcher\Eigen\Eigen">
      <Filter>FreakMatcher\Eigen</Filter>
    </None>
    <None Include="..\..\lib\SRC\KPM\FreakMatcher\Eigen\Eigen2Support">
      <Filter>FreakMatcher\Eigen</Filter>
    </None>
    <None Include="..\..\lib\SRC\KPM\FreakMatcher\Eigen\Eigenvalues">
      <Filter>FreakMatcher\Eigen</Filter>
    </None>
    <None Include="..\..\lib\SRC\KPM\FreakMatcher\Eigen\Geometry">
      <Filter>FreakMatcher\Eigen</Filter>
    </None>
    <None Include="..\..\lib\SRC\KPM\FreakMatcher\Eigen\Householder">
      <Filter>FreakMatcher\Eigen</Filter>
    </None>
    <None Include="..\..\lib\SRC\KPM\FreakMatcher\Eigen\Jacobi">
      <Filter>FreakMatcher\Eigen</Filter>
    </None>
    <None Include="..\..\lib\SRC\KPM\FreakMatcher\Eigen\LeastSquares">
      <Filter>FreakMatcher\Eigen</Filter>
    </None>
    <None Include="..\..\lib\SRC\KPM\FreakMatcher\Eigen\LU">
      <Filter>FreakMatcher\Eigen</Filter>
    </None>
    <None Include="..\..\lib\SRC\KPM\FreakMatcher\Eigen\QR">
      <Filter>FreakMatcher\Eigen</Filter>
    </None>
    <None Include="..\..\lib\SRC\KPM\FreakMatcher\Eigen\QtAlignedMalloc">
      <Filter>FreakMatcher\Eigen</Filter>
    </None>
    <None Include="..\..\lib\SRC\KPM\FreakMatcher\Eigen\Sparse">
      <Filter>FreakMatcher\Eigen</Filter>
    </None>
    <None Include="..\..\lib\SRC\KPM\FreakMatcher\Eigen\StdDeque">
      <Filter>FreakMatcher\Eigen</Filter>
    </None>
    <None Include="..\..\lib\SRC\KPM\FreakMatcher\Eigen\StdList">
      <Filter>FreakMatcher\Eigen</Filter>
    </None>
    <None Include="..\..\lib\SRC\KPM\FreakMatcher\Eigen\StdVector">
      <Filter>FreakMatcher\Eigen</Filter>
    </None>
    <None Include="..\..\lib\SRC\KPM\FreakMatcher\Eigen\SVD">
      <Filter>FreakMatcher\Eigen</Filter>
    </None>
  </ItemGroup>
</Project>