<?xml version="1.0" encoding="utf-8"?>
<Project ToolsVersion="4.0" xmlns="http://schemas.microsoft.com/developer/msbuild/2003">
  <ItemGroup>
    <ClCompile Include="..\..\lib\SRC\Video\video.c" />
    <ClCompile Include="..\..\lib\SRC\Video\video2.c" />
    <ClCompile Include="..\..\lib\SRC\Video\videoSaveImage.c" />
    <ClCompile Include="..\..\lib\SRC\Video\videoAspectRatio.c" />
    <ClCompile Include="..\..\lib\SRC\VideoDummy\videoDummy.c">
      <Filter>Dummy</Filter>
    </ClCompile>
    <ClCompile Include="..\..\lib\SRC\VideoImage\videoImage.c">
      <Filter>Image</Filter>
    </ClCompile>
    <ClCompile Include="..\..\lib\SRC\VideoQuickTime\videoQuickTime.c">
      <Filter>QUICKTIME</Filter>
    </ClCompile>
    <ClCompile Include="..\..\lib\SRC\VideoQuickTime\videoQuickTimeMovie.c">
      <Filter>QUICKTIME</Filter>
    </ClCompile>
    <ClCompile Include="..\..\lib\SRC\VideoWinDF\videoWinDF.cpp">
      <Filter>WinDF</Filter>
    </ClCompile>
    <ClCompile Include="..\..\lib\SRC\VideoWinMF\LogMediaType.cpp">
      <Filter>WinMF</Filter>
    </ClCompile>
    <ClCompile Include="..\..\lib\SRC\VideoWinMF\videoWinMF.cpp">
      <Filter>WinMF</Filter>
    </ClCompile>
    <ClCompile Include="..\..\lib\SRC\VideoWinDS\videoWinDS.cpp">
      <Filter>WinDS</Filter>
    </ClCompile>
    <ClCompile Include="..\..\lib\SRC\VideoWinDSVL\videoWinDSVL.cpp">
      <Filter>WinDSVL</Filter>
    </ClCompile>
  </ItemGroup>
  <ItemGroup>
    <ClInclude Include="..\..\include\AR\ar.h" />
    <ClInclude Include="..\..\include\AR\arConfig.h" />
    <ClInclude Include="..\..\include\AR\config.h" />
    <ClInclude Include="..\..\include\AR\matrix.h" />
    <ClInclude Include="..\..\include\AR\param.h" />
    <ClInclude Include="..\..\include\AR\video.h" />
    <ClInclude Include="..\..\include\AR\videoConfig.h" />
    <ClInclude Include="..\..\include\AR\sys\videoDummy.h">
      <Filter>Dummy</Filter>
    </ClInclude>
    <ClInclude Include="..\..\include\AR\sys\videoImage.h">
      <Filter>Image</Filter>
    </ClInclude>
    <ClInclude Include="..\..\include\AR\sys\videoQuickTime.h">
      <Filter>QUICKTIME</Filter>
    </ClInclude>
    <ClInclude Include="..\..\include\AR\sys\videoQuickTimeMovie.h">
      <Filter>QUICKTIME</Filter>
    </ClInclude>
    <ClInclude Include="..\..\include\AR\sys\videoWindowsDragonFly.h">
      <Filter>WinDF</Filter>
    </ClInclude>
    <ClInclude Include="..\..\lib\SRC\VideoWinMF\BufferLock.h">
      <Filter>WinMF</Filter>
    </ClInclude>
    <ClInclude Include="..\..\include\AR\sys\videoWindowsMediaFoundation.h">
      <Filter>WinMF</Filter>
    </ClInclude>
    <ClInclude Include="..\..\lib\SRC\VideoWinDS\videoWinDSPrivate.h">
      <Filter>WinDS</Filter>
    </ClInclude>
    <ClInclude Include="..\..\include\AR\sys\videoWindowsDirectShow.h">
      <Filter>WinDS</Filter>
    </ClInclude>
    <ClInclude Include="..\..\include\Ar\sys\videoWindowsDSVideoLib.h">
      <Filter>WinDSVL</Filter>
    </ClInclude>
  </ItemGroup>
  <ItemGroup>
    <Filter Include="Dummy">
      <UniqueIdentifier>{41ea9781-da6a-4615-9536-65cb3c7cd63d}</UniqueIdentifier>
    </Filter>
    <Filter Include="Image">
      <UniqueIdentifier>{2d7e7398-e3a1-4dc4-b67b-1196a7968229}</UniqueIdentifier>
    </Filter>
    <Filter Include="QUICKTIME">
      <UniqueIdentifier>{16036569-2faa-41d8-a7bc-8758a34ea3f3}</UniqueIdentifier>
    </Filter>
    <Filter Include="WinMF">
      <UniqueIdentifier>{867a4534-9e35-43e5-93d2-18800e7e63ea}</UniqueIdentifier>
    </Filter>
    <Filter Include="WinDS">
      <UniqueIdentifier>{85cc3762-adda-46f9-8188-3d1878759b2b}</UniqueIdentifier>
    </Filter>
    <Filter Include="WinDSVL">
      <UniqueIdentifier>{15e1f2b5-0467-4135-84de-8176c56ebc3c}</UniqueIdentifier>
    </Filter>
    <Filter Include="WinDF">
      <UniqueIdentifier>{e113ddd5-9b47-4806-b776-34be902131f9}</UniqueIdentifier>
    </Filter>
  </ItemGroup>
</Project>