<?xml version="1.0" encoding="UTF-8"?>
<Scheme
   LastUpgradeVersion = "0830"
   version = "1.8">
   <BuildAction
      parallelizeBuildables = "YES"
      buildImplicitDependencies = "YES">
      <BuildActionEntries>
         <BuildActionEntry
            buildForTesting = "YES"
            buildForRunning = "YES"
            buildForProfiling = "YES"
            buildForArchiving = "YES"
            buildForAnalyzing = "YES">
            <BuildableReference
               BuildableIdentifier = "primary"
               BlueprintIdentifier = "4A1EAB910BD72BD600E40F56"
               BuildableName = "calib_optical"
               BlueprintName = "calib_optical"
               ReferencedContainer = "container:ARToolKit5.xcodeproj">
            </BuildableReference>
         </BuildActionEntry>
      </BuildActionEntries>
   </BuildAction>
   <TestAction
      buildConfiguration = "Debug"
      selectedDebuggerIdentifier = "Xcode.DebuggerFoundation.Debugger.LLDB"
      selectedLauncherIdentifier = "Xcode.DebuggerFoundation.Launcher.GDB"
      shouldUseLaunchSchemeArgsEnv = "YES">
      <Testables>
      </Testables>
      <AdditionalOptions>
      </AdditionalOptions>
   </TestAction>
   <LaunchAction
      buildConfiguration = "Release"
      selectedDebuggerIdentifier = "Xcode.DebuggerFoundation.Debugger.LLDB"
      selectedLauncherIdentifier = "Xcode.DebuggerFoundation.Launcher.LLDB"
      displayScaleIsEnabled = "NO"
      displayScale = "1.00"
      launchStyle = "0"
      useCustomWorkingDirectory = "YES"
      customWorkingDirectory = "$(SRCROOT)/bin"
      ignoresPersistentStateOnLaunch = "NO"
      debugDocumentVersioning = "NO"
      debugServiceExtension = "internal"
      allowLocationSimulation = "YES">
      <BuildableProductRunnable
         runnableDebuggingMode = "0">
         <BuildableReference
            BuildableIdentifier = "primary"
            BlueprintIdentifier = "4A1EAB910BD72BD600E40F56"
            BuildableName = "calib_optical"
            BlueprintName = "calib_optical"
            ReferencedContainer = "container:ARToolKit5.xcodeproj">
         </BuildableReference>
      </BuildableProductRunnable>
      <CommandLineArguments>
         <CommandLineArgument
            argument = "--windowed --width 800 --height 600"
            isEnabled = "NO">
         </CommandLineArgument>
         <CommandLineArgument
            argument = "--stereo DUAL_OUTPUT"
            isEnabled = "NO">
         </CommandLineArgument>
         <CommandLineArgument
            argument = "--stereo QUADBUFFERED"
            isEnabled = "NO">
         </CommandLineArgument>
         <CommandLineArgument
            argument = "--stereo FRAME_SEQUENTIAL"
            isEnabled = "NO">
         </CommandLineArgument>
         <CommandLineArgument
            argument = "--stereo SIDE_BY_SIDE"
            isEnabled = "NO">
         </CommandLineArgument>
         <CommandLineArgument
            argument = "--stereo OVER_UNDER"
            isEnabled = "NO">
         </CommandLineArgument>
         <CommandLineArgument
            argument = "--stereo HALF_SIDE_BY_SIDE"
            isEnabled = "NO">
         </CommandLineArgument>
         <CommandLineArgument
            argument = "--stereo OVER_UNDER_HALF_HEIGHT"
            isEnabled = "NO">
         </CommandLineArgument>
         <CommandLineArgument
            argument = "--stereo ANAGLYPH_RED_BLUE"
            isEnabled = "NO">
         </CommandLineArgument>
         <CommandLineArgument
            argument = "--stereo ANAGLYPH_RED_GREEN"
            isEnabled = "NO">
         </CommandLineArgument>
         <CommandLineArgument
            argument = "--blueline"
            isEnabled = "NO">
         </CommandLineArgument>
      </CommandLineArguments>
      <AdditionalOptions>
      </AdditionalOptions>
   </LaunchAction>
   <ProfileAction
      displayScaleIsEnabled = "NO"
      displayScale = "1.00"
      buildConfiguration = "Release"
      shouldUseLaunchSchemeArgsEnv = "YES"
      savedToolIdentifier = ""
      useCustomWorkingDirectory = "NO"
      debugDocumentVersioning = "YES">
      <BuildableProductRunnable
         runnableDebuggingMode = "0">
         <BuildableReference
            BuildableIdentifier = "primary"
            BlueprintIdentifier = "4A1EAB910BD72BD600E40F56"
            BuildableName = "calib_optical"
            BlueprintName = "calib_optical"
            ReferencedContainer = "container:ARToolKit5.xcodeproj">
         </BuildableReference>
      </BuildableProductRunnable>
   </ProfileAction>
   <AnalyzeAction
      buildConfiguration = "Debug">
   </AnalyzeAction>
   <ArchiveAction
      buildConfiguration = "Release"
      revealArchiveInOrganizer = "YES">
   </ArchiveAction>
</Scheme>
