<?xml version="1.0" encoding="UTF-8"?>
<Scheme
   LastUpgradeVersion = "0830"
   version = "1.8">
   <BuildAction
      parallelizeBuildables = "YES"
      buildImplicitDependencies = "YES">
      <BuildActionEntries>
         <BuildActionEntry
            buildForTesting = "YES"
            buildForRunning = "YES"
            buildForProfiling = "YES"
            buildForArchiving = "YES"
            buildForAnalyzing = "YES">
            <BuildableReference
               BuildableIdentifier = "primary"
               BlueprintIdentifier = "4A3ABD0B12B11FAF00F25466"
               BuildableName = "check_id"
               BlueprintName = "check_id"
               ReferencedContainer = "container:ARToolKit5.xcodeproj">
            </BuildableReference>
         </BuildActionEntry>
      </BuildActionEntries>
   </BuildAction>
   <TestAction
      buildConfiguration = "Debug"
      selectedDebuggerIdentifier = "Xcode.DebuggerFoundation.Debugger.LLDB"
      selectedLauncherIdentifier = "Xcode.DebuggerFoundation.Launcher.GDB"
      shouldUseLaunchSchemeArgsEnv = "YES">
      <Testables>
      </Testables>
      <AdditionalOptions>
      </AdditionalOptions>
   </TestAction>
   <LaunchAction
      buildConfiguration = "Release"
      selectedDebuggerIdentifier = "Xcode.DebuggerFoundation.Debugger.LLDB"
      selectedLauncherIdentifier = "Xcode.DebuggerFoundation.Launcher.LLDB"
      displayScaleIsEnabled = "NO"
      displayScale = "1.00"
      launchStyle = "0"
      useCustomWorkingDirectory = "YES"
      customWorkingDirectory = "$(SRCROOT)/bin"
      ignoresPersistentStateOnLaunch = "NO"
      debugDocumentVersioning = "NO"
      debugServiceExtension = "internal"
      allowLocationSimulation = "YES">
      <BuildableProductRunnable
         runnableDebuggingMode = "0">
         <BuildableReference
            BuildableIdentifier = "primary"
            BlueprintIdentifier = "4A3ABD0B12B11FAF00F25466"
            BuildableName = "check_id"
            BlueprintName = "check_id"
            ReferencedContainer = "container:ARToolKit5.xcodeproj">
         </BuildableReference>
      </BuildableProductRunnable>
      <CommandLineArguments>
         <CommandLineArgument
            argument = "--help"
            isEnabled = "NO">
         </CommandLineArgument>
         <CommandLineArgument
            argument = "-loglevel=DEBUG"
            isEnabled = "NO">
         </CommandLineArgument>
         <CommandLineArgument
            argument = "--patternDetectionMode AR_MATRIX_CODE_DETECTION"
            isEnabled = "YES">
         </CommandLineArgument>
         <CommandLineArgument
            argument = "--matrixCodeType AR_MATRIX_CODE_3x3"
            isEnabled = "YES">
         </CommandLineArgument>
         <CommandLineArgument
            argument = "--matrixCodeType AR_MATRIX_CODE_3x3_HAMMING63"
            isEnabled = "NO">
         </CommandLineArgument>
         <CommandLineArgument
            argument = "--matrixCodeType AR_MATRIX_CODE_3x3_PARITY65"
            isEnabled = "NO">
         </CommandLineArgument>
         <CommandLineArgument
            argument = "--matrixCodeType AR_MATRIX_CODE_4x4"
            isEnabled = "NO">
         </CommandLineArgument>
         <CommandLineArgument
            argument = "--matrixCodeType AR_MATRIX_CODE_4x4_BCH_13_9_3"
            isEnabled = "NO">
         </CommandLineArgument>
         <CommandLineArgument
            argument = "--matrixCodeType AR_MATRIX_CODE_4x4_BCH_13_5_5"
            isEnabled = "NO">
         </CommandLineArgument>
         <CommandLineArgument
            argument = "--matrixCodeType AR_MATRIX_CODE_5x5"
            isEnabled = "NO">
         </CommandLineArgument>
         <CommandLineArgument
            argument = "--matrixCodeType AR_MATRIX_CODE_6x6"
            isEnabled = "NO">
         </CommandLineArgument>
         <CommandLineArgument
            argument = "--borderSize 0.25"
            isEnabled = "NO">
         </CommandLineArgument>
         <CommandLineArgument
            argument = "--borderSize 0.16667"
            isEnabled = "NO">
         </CommandLineArgument>
         <CommandLineArgument
            argument = "--pattRatio 0.5"
            isEnabled = "YES">
         </CommandLineArgument>
      </CommandLineArguments>
      <EnvironmentVariables>
         <EnvironmentVariable
            key = "ARTOOLKIT5_VCONF"
            value = "-width=800 -height=600"
            isEnabled = "NO">
         </EnvironmentVariable>
         <EnvironmentVariable
            key = "ARTOOLKIT5_VCONF"
            value = "-width=640 -height=480"
            isEnabled = "YES">
         </EnvironmentVariable>
         <EnvironmentVariable
            key = "ARTOOLKIT5_VCONF"
            value = "-width=1280 -height=720"
            isEnabled = "NO">
         </EnvironmentVariable>
      </EnvironmentVariables>
      <AdditionalOptions>
      </AdditionalOptions>
   </LaunchAction>
   <ProfileAction
      displayScaleIsEnabled = "NO"
      displayScale = "1.00"
      buildConfiguration = "Release"
      shouldUseLaunchSchemeArgsEnv = "YES"
      savedToolIdentifier = ""
      useCustomWorkingDirectory = "NO"
      debugDocumentVersioning = "YES">
      <BuildableProductRunnable
         runnableDebuggingMode = "0">
         <BuildableReference
            BuildableIdentifier = "primary"
            BlueprintIdentifier = "4A3ABD0B12B11FAF00F25466"
            BuildableName = "check_id"
            BlueprintName = "check_id"
            ReferencedContainer = "container:ARToolKit5.xcodeproj">
         </BuildableReference>
      </BuildableProductRunnable>
   </ProfileAction>
   <AnalyzeAction
      buildConfiguration = "Debug">
   </AnalyzeAction>
   <ArchiveAction
      buildConfiguration = "Release"
      revealArchiveInOrganizer = "YES">
   </ArchiveAction>
</Scheme>
