
Microsoft Visual Studio Solution File, Format Version 12.00
# Visual Studio 2013
VisualStudioVersion = 12.0.31101.0
MinimumVisualStudioVersion = 10.0.40219.1
Project("{8BC9CEB8-8B4A-11D0-8D11-00A0C91BC942}") = "Configure", "Configure.vcxproj", "{6024D8A6-99D1-432F-86A4-C46F88B46092}"
EndProject
Project("{8BC9CEB8-8B4A-11D0-8D11-00A0C91BC942}") = "ARICP", "ARICP.WindowsPhone\ARICP.WindowsPhone.vcxproj", "{E2CBE341-525B-4679-9969-AB747181C531}"
	ProjectSection(ProjectDependencies) = postProject
		{6024D8A6-99D1-432F-86A4-C46F88B46092} = {6024D8A6-99D1-432F-86A4-C46F88B46092}
	EndProjectSection
EndProject
Project("{8BC9CEB8-8B4A-11D0-8D11-00A0C91BC942}") = "AR2", "AR2.WindowsPhone\AR2.WindowsPhone.vcxproj", "{06F4D5B6-9F5F-B8D2-85DE-494642BB5124}"
	ProjectSection(ProjectDependencies) = postProject
		{6024D8A6-99D1-432F-86A4-C46F88B46092} = {6024D8A6-99D1-432F-86A4-C46F88B46092}
	EndProjectSection
EndProject
Project("{8BC9CEB8-8B4A-11D0-8D11-00A0C91BC942}") = "ARUtil", "ARUtil.WindowsPhone\ARUtil.WindowsPhone.vcxproj", "{C7E08391-F549-789D-FECA-C8A0AAB0EFA3}"
	ProjectSection(ProjectDependencies) = postProject
		{6024D8A6-99D1-432F-86A4-C46F88B46092} = {6024D8A6-99D1-432F-86A4-C46F88B46092}
	EndProjectSection
EndProject
Project("{2150E333-8FDC-42A3-9474-1A3956D46DE8}") = "KPM", "KPM", "{736BC35D-33B4-4CD8-AE77-F55A16448721}"
EndProject
Project("{8BC9CEB8-8B4A-11D0-8D11-00A0C91BC942}") = "KPM.Shared", "KPM.Shared\KPM.Shared.vcxitems", "{8DFC87E8-97C7-4188-902A-491F42820C14}"
EndProject
Project("{8BC9CEB8-8B4A-11D0-8D11-00A0C91BC942}") = "KPM", "KPM.WindowsPhone\KPM.WindowsPhone.vcxproj", "{F3DC5197-0CFC-86AF-CD84-E4548B8A3DF4}"
	ProjectSection(ProjectDependencies) = postProject
		{6024D8A6-99D1-432F-86A4-C46F88B46092} = {6024D8A6-99D1-432F-86A4-C46F88B46092}
	EndProjectSection
EndProject
Project("{8BC9CEB8-8B4A-11D0-8D11-00A0C91BC942}") = "KPM", "KPM.Windows\KPM.Windows.vcxproj", "{73688377-513F-49E0-B443-AEB3719526E7}"
	ProjectSection(ProjectDependencies) = postProject
		{6024D8A6-99D1-432F-86A4-C46F88B46092} = {6024D8A6-99D1-432F-86A4-C46F88B46092}
	EndProjectSection
EndProject
Project("{2150E333-8FDC-42A3-9474-1A3956D46DE8}") = "AR2", "AR2", "{07F4FD80-5B80-4CDA-9DB5-AA63030E0894}"
EndProject
Project("{8BC9CEB8-8B4A-11D0-8D11-00A0C91BC942}") = "AR2.Shared", "AR2.Shared\AR2.Shared.vcxitems", "{C8E7F742-0E98-41DB-8584-F064B634AB78}"
EndProject
Project("{8BC9CEB8-8B4A-11D0-8D11-00A0C91BC942}") = "AR2", "AR2.Windows\AR2.Windows.vcxproj", "{60038A1B-EC77-42D2-A7ED-A5EA311653B2}"
	ProjectSection(ProjectDependencies) = postProject
		{6024D8A6-99D1-432F-86A4-C46F88B46092} = {6024D8A6-99D1-432F-86A4-C46F88B46092}
	EndProjectSection
EndProject
Project("{2150E333-8FDC-42A3-9474-1A3956D46DE8}") = "ARICP", "ARICP", "{69ECED92-3BBC-4026-A125-DEF3AEBE2706}"
EndProject
Project("{8BC9CEB8-8B4A-11D0-8D11-00A0C91BC942}") = "ARICP.Shared", "ARICP.Shared\ARICP.Shared.vcxitems", "{44A5C8BB-62EC-4CB5-9DAB-D51C068E54CE}"
EndProject
Project("{8BC9CEB8-8B4A-11D0-8D11-00A0C91BC942}") = "ARICP", "ARICP.Windows\ARICP.Windows.vcxproj", "{1DC4ABCF-2E18-450C-B0F7-F5E90B014122}"
	ProjectSection(ProjectDependencies) = postProject
		{6024D8A6-99D1-432F-86A4-C46F88B46092} = {6024D8A6-99D1-432F-86A4-C46F88B46092}
	EndProjectSection
EndProject
Project("{2150E333-8FDC-42A3-9474-1A3956D46DE8}") = "ARUtil", "ARUtil", "{A046E226-2BD4-41AA-A924-B905CF28ADAA}"
EndProject
Project("{8BC9CEB8-8B4A-11D0-8D11-00A0C91BC942}") = "ARUtil.Shared", "ARUtil.Shared\ARUtil.Shared.vcxitems", "{C97FDD5F-FE09-42AC-BEBD-593B0C2737A4}"
EndProject
Project("{8BC9CEB8-8B4A-11D0-8D11-00A0C91BC942}") = "ARUtil", "ARUtil.Windows\ARUtil.Windows.vcxproj", "{441BC4E5-CD0E-4FF4-88DA-FC835DF463C9}"
	ProjectSection(ProjectDependencies) = postProject
		{6024D8A6-99D1-432F-86A4-C46F88B46092} = {6024D8A6-99D1-432F-86A4-C46F88B46092}
	EndProjectSection
EndProject
Project("{8BC9CEB8-8B4A-11D0-8D11-00A0C91BC942}") = "AR", "AR.WindowsPhone\AR.WindowsPhone.vcxproj", "{21226A9B-95A3-EC00-9466-FA81CAD6883B}"
	ProjectSection(ProjectDependencies) = postProject
		{6024D8A6-99D1-432F-86A4-C46F88B46092} = {6024D8A6-99D1-432F-86A4-C46F88B46092}
	EndProjectSection
EndProject
Project("{8BC9CEB8-8B4A-11D0-8D11-00A0C91BC942}") = "ARMulti", "ARMulti.WindowsPhone\ARMulti.WindowsPhone.vcxproj", "{44862CF9-D991-FE29-40A4-E0CF9A3BAB87}"
	ProjectSection(ProjectDependencies) = postProject
		{21226A9B-95A3-EC00-9466-FA81CAD6883B} = {21226A9B-95A3-EC00-9466-FA81CAD6883B}
		{6024D8A6-99D1-432F-86A4-C46F88B46092} = {6024D8A6-99D1-432F-86A4-C46F88B46092}
	EndProjectSection
EndProject
Project("{8BC9CEB8-8B4A-11D0-8D11-00A0C91BC942}") = "ARvideo", "ARvideo.WindowsPhone\ARvideo.WindowsPhone.vcxproj", "{F4C1A94F-DF54-348F-E5E2-834DA6297B06}"
	ProjectSection(ProjectDependencies) = postProject
		{21226A9B-95A3-EC00-9466-FA81CAD6883B} = {21226A9B-95A3-EC00-9466-FA81CAD6883B}
		{6024D8A6-99D1-432F-86A4-C46F88B46092} = {6024D8A6-99D1-432F-86A4-C46F88B46092}
	EndProjectSection
EndProject
Project("{8BC9CEB8-8B4A-11D0-8D11-00A0C91BC942}") = "ARWrapper-static", "ARWrapper-static.WindowsPhone\ARWrapper-static.WindowsPhone.vcxproj", "{5F69AF87-7F1F-4522-0F90-62C8FB3FB843}"
	ProjectSection(ProjectDependencies) = postProject
		{9F0AF615-9152-D50B-2F31-1458D82F932D} = {9F0AF615-9152-D50B-2F31-1458D82F932D}
		{E2CBE341-525B-4679-9969-AB747181C531} = {E2CBE341-525B-4679-9969-AB747181C531}
		{F4C1A94F-DF54-348F-E5E2-834DA6297B06} = {F4C1A94F-DF54-348F-E5E2-834DA6297B06}
		{C7E08391-F549-789D-FECA-C8A0AAB0EFA3} = {C7E08391-F549-789D-FECA-C8A0AAB0EFA3}
		{F3DC5197-0CFC-86AF-CD84-E4548B8A3DF4} = {F3DC5197-0CFC-86AF-CD84-E4548B8A3DF4}
		{21226A9B-95A3-EC00-9466-FA81CAD6883B} = {21226A9B-95A3-EC00-9466-FA81CAD6883B}
		{06F4D5B6-9F5F-B8D2-85DE-494642BB5124} = {06F4D5B6-9F5F-B8D2-85DE-494642BB5124}
		{44862CF9-D991-FE29-40A4-E0CF9A3BAB87} = {44862CF9-D991-FE29-40A4-E0CF9A3BAB87}
	EndProjectSection
EndProject
Project("{8BC9CEB8-8B4A-11D0-8D11-00A0C91BC942}") = "ARgsub_es2", "ARgsub_es2.WindowsPhone\ARgsub_es2.WindowsPhone.vcxproj", "{9F0AF615-9152-D50B-2F31-1458D82F932D}"
	ProjectSection(ProjectDependencies) = postProject
		{6024D8A6-99D1-432F-86A4-C46F88B46092} = {6024D8A6-99D1-432F-86A4-C46F88B46092}
	EndProjectSection
EndProject
Project("{8BC9CEB8-8B4A-11D0-8D11-00A0C91BC942}") = "ARToolKitComponent", "ARToolKitComponent.WindowsPhone\ARToolKitComponent.WindowsPhone.vcxproj", "{1907AB42-8548-4755-BAAC-48484090F50B}"
	ProjectSection(ProjectDependencies) = postProject
		{9F0AF615-9152-D50B-2F31-1458D82F932D} = {9F0AF615-9152-D50B-2F31-1458D82F932D}
		{E2CBE341-525B-4679-9969-AB747181C531} = {E2CBE341-525B-4679-9969-AB747181C531}
		{F4C1A94F-DF54-348F-E5E2-834DA6297B06} = {F4C1A94F-DF54-348F-E5E2-834DA6297B06}
		{5F69AF87-7F1F-4522-0F90-62C8FB3FB843} = {5F69AF87-7F1F-4522-0F90-62C8FB3FB843}
		{C7E08391-F549-789D-FECA-C8A0AAB0EFA3} = {C7E08391-F549-789D-FECA-C8A0AAB0EFA3}
		{F3DC5197-0CFC-86AF-CD84-E4548B8A3DF4} = {F3DC5197-0CFC-86AF-CD84-E4548B8A3DF4}
		{21226A9B-95A3-EC00-9466-FA81CAD6883B} = {21226A9B-95A3-EC00-9466-FA81CAD6883B}
		{06F4D5B6-9F5F-B8D2-85DE-494642BB5124} = {06F4D5B6-9F5F-B8D2-85DE-494642BB5124}
		{44862CF9-D991-FE29-40A4-E0CF9A3BAB87} = {44862CF9-D991-FE29-40A4-E0CF9A3BAB87}
	EndProjectSection
EndProject
Project("{8BC9CEB8-8B4A-11D0-8D11-00A0C91BC942}") = "ARWrapper", "ARWrapper.WindowsPhone\ARWrapper.WindowsPhone.vcxproj", "{F00F2846-75A6-4B8C-B3F0-237007BD2253}"
	ProjectSection(ProjectDependencies) = postProject
		{9F0AF615-9152-D50B-2F31-1458D82F932D} = {9F0AF615-9152-D50B-2F31-1458D82F932D}
		{E2CBE341-525B-4679-9969-AB747181C531} = {E2CBE341-525B-4679-9969-AB747181C531}
		{F4C1A94F-DF54-348F-E5E2-834DA6297B06} = {F4C1A94F-DF54-348F-E5E2-834DA6297B06}
		{C7E08391-F549-789D-FECA-C8A0AAB0EFA3} = {C7E08391-F549-789D-FECA-C8A0AAB0EFA3}
		{F3DC5197-0CFC-86AF-CD84-E4548B8A3DF4} = {F3DC5197-0CFC-86AF-CD84-E4548B8A3DF4}
		{21226A9B-95A3-EC00-9466-FA81CAD6883B} = {21226A9B-95A3-EC00-9466-FA81CAD6883B}
		{06F4D5B6-9F5F-B8D2-85DE-494642BB5124} = {06F4D5B6-9F5F-B8D2-85DE-494642BB5124}
		{44862CF9-D991-FE29-40A4-E0CF9A3BAB87} = {44862CF9-D991-FE29-40A4-E0CF9A3BAB87}
	EndProjectSection
EndProject
Project("{2150E333-8FDC-42A3-9474-1A3956D46DE8}") = "AR", "AR", "{0BD22A82-52ED-441B-BE06-B85B821FC9A1}"
EndProject
Project("{8BC9CEB8-8B4A-11D0-8D11-00A0C91BC942}") = "AR.Shared", "AR.Shared\AR.Shared.vcxitems", "{C641C727-2445-4306-B142-103DEAC4803D}"
EndProject
Project("{8BC9CEB8-8B4A-11D0-8D11-00A0C91BC942}") = "AR", "AR.Windows\AR.Windows.vcxproj", "{C8AAC24F-E692-42CA-8CED-81CCA5B9B17E}"
	ProjectSection(ProjectDependencies) = postProject
		{6024D8A6-99D1-432F-86A4-C46F88B46092} = {6024D8A6-99D1-432F-86A4-C46F88B46092}
	EndProjectSection
EndProject
Project("{2150E333-8FDC-42A3-9474-1A3956D46DE8}") = "ARgsub_es2", "ARgsub_es2", "{21A36CF5-227B-48AA-873C-35AD30971327}"
EndProject
Project("{8BC9CEB8-8B4A-11D0-8D11-00A0C91BC942}") = "ARgsub_es2.Shared", "ARgsub_es2.Shared\ARgsub_es2.Shared.vcxitems", "{22ABD1B8-B811-4323-9A0C-0D9AAB49680A}"
EndProject
Project("{8BC9CEB8-8B4A-11D0-8D11-00A0C91BC942}") = "ARgsub_es2", "ARgsub_es2.Windows\ARgsub_es2.Windows.vcxproj", "{4E5371A1-F81E-4009-AD06-6CCDF7A910A6}"
	ProjectSection(ProjectDependencies) = postProject
		{6024D8A6-99D1-432F-86A4-C46F88B46092} = {6024D8A6-99D1-432F-86A4-C46F88B46092}
	EndProjectSection
EndProject
Project("{2150E333-8FDC-42A3-9474-1A3956D46DE8}") = "ARMulti", "ARMulti", "{3BF20B70-C2BF-42D3-8089-CD8F05EC790E}"
EndProject
Project("{8BC9CEB8-8B4A-11D0-8D11-00A0C91BC942}") = "ARMulti.Shared", "ARMulti.Shared\ARMulti.Shared.vcxitems", "{400D753B-3525-479C-81A5-A0C562035E60}"
EndProject
Project("{8BC9CEB8-8B4A-11D0-8D11-00A0C91BC942}") = "ARMulti", "ARMulti.Windows\ARMulti.Windows.vcxproj", "{1C1FB9A1-0B7D-4115-8BFD-8E02E62C20C6}"
	ProjectSection(ProjectDependencies) = postProject
		{C8AAC24F-E692-42CA-8CED-81CCA5B9B17E} = {C8AAC24F-E692-42CA-8CED-81CCA5B9B17E}
		{6024D8A6-99D1-432F-86A4-C46F88B46092} = {6024D8A6-99D1-432F-86A4-C46F88B46092}
	EndProjectSection
EndProject
Project("{2150E333-8FDC-42A3-9474-1A3956D46DE8}") = "ARToolKitComponent", "ARToolKitComponent", "{F58664D2-EF46-468C-B399-5CA9317A2CD9}"
EndProject
Project("{8BC9CEB8-8B4A-11D0-8D11-00A0C91BC942}") = "ARToolKitComponent.Shared", "ARToolKitComponent.Shared\ARToolKitComponent.Shared.vcxitems", "{C40EDEEE-4F3A-4E00-A7A2-A15ECFB4A466}"
EndProject
Project("{8BC9CEB8-8B4A-11D0-8D11-00A0C91BC942}") = "ARToolKitComponent", "ARToolKitComponent.Windows\ARToolKitComponent.Windows.vcxproj", "{C22DABF8-A7AA-4E2A-8D0E-3748A9C76BA5}"
	ProjectSection(ProjectDependencies) = postProject
		{60038A1B-EC77-42D2-A7ED-A5EA311653B2} = {60038A1B-EC77-42D2-A7ED-A5EA311653B2}
		{C8AAC24F-E692-42CA-8CED-81CCA5B9B17E} = {C8AAC24F-E692-42CA-8CED-81CCA5B9B17E}
		{D65CBA67-B2DC-4A1B-AC56-8DE9C35BD693} = {D65CBA67-B2DC-4A1B-AC56-8DE9C35BD693}
		{73688377-513F-49E0-B443-AEB3719526E7} = {73688377-513F-49E0-B443-AEB3719526E7}
		{4E5371A1-F81E-4009-AD06-6CCDF7A910A6} = {4E5371A1-F81E-4009-AD06-6CCDF7A910A6}
		{1C1FB9A1-0B7D-4115-8BFD-8E02E62C20C6} = {1C1FB9A1-0B7D-4115-8BFD-8E02E62C20C6}
		{75020AC1-38E6-4D32-98F3-F3D2CCBE88B8} = {75020AC1-38E6-4D32-98F3-F3D2CCBE88B8}
		{1DC4ABCF-2E18-450C-B0F7-F5E90B014122} = {1DC4ABCF-2E18-450C-B0F7-F5E90B014122}
		{441BC4E5-CD0E-4FF4-88DA-FC835DF463C9} = {441BC4E5-CD0E-4FF4-88DA-FC835DF463C9}
	EndProjectSection
EndProject
Project("{2150E333-8FDC-42A3-9474-1A3956D46DE8}") = "ARvideo", "ARvideo", "{EA755B23-18F8-4DF3-9A39-2395D6C4E01F}"
EndProject
Project("{8BC9CEB8-8B4A-11D0-8D11-00A0C91BC942}") = "ARvideo.Shared", "ARvideo.Shared\ARvideo.Shared.vcxitems", "{680BE40F-9494-4241-8366-A935710C35C8}"
EndProject
Project("{8BC9CEB8-8B4A-11D0-8D11-00A0C91BC942}") = "ARvideo", "ARvideo.Windows\ARvideo.Windows.vcxproj", "{75020AC1-38E6-4D32-98F3-F3D2CCBE88B8}"
	ProjectSection(ProjectDependencies) = postProject
		{C8AAC24F-E692-42CA-8CED-81CCA5B9B17E} = {C8AAC24F-E692-42CA-8CED-81CCA5B9B17E}
		{6024D8A6-99D1-432F-86A4-C46F88B46092} = {6024D8A6-99D1-432F-86A4-C46F88B46092}
	EndProjectSection
EndProject
Project("{2150E333-8FDC-42A3-9474-1A3956D46DE8}") = "ARWrapper", "ARWrapper", "{B525379B-A84C-477E-8BE8-2B912887CF5D}"
EndProject
Project("{8BC9CEB8-8B4A-11D0-8D11-00A0C91BC942}") = "ARWrapper.Shared", "ARWrapper.Shared\ARWrapper.Shared.vcxitems", "{4B38F882-C994-4EF4-84BE-D8005AE65915}"
EndProject
Project("{8BC9CEB8-8B4A-11D0-8D11-00A0C91BC942}") = "ARWrapper", "ARWrapper.Windows\ARWrapper.Windows.vcxproj", "{FF1B8784-FAFE-4EFB-A4EA-EFCD2F3D53DA}"
	ProjectSection(ProjectDependencies) = postProject
		{60038A1B-EC77-42D2-A7ED-A5EA311653B2} = {60038A1B-EC77-42D2-A7ED-A5EA311653B2}
		{C8AAC24F-E692-42CA-8CED-81CCA5B9B17E} = {C8AAC24F-E692-42CA-8CED-81CCA5B9B17E}
		{73688377-513F-49E0-B443-AEB3719526E7} = {73688377-513F-49E0-B443-AEB3719526E7}
		{4E5371A1-F81E-4009-AD06-6CCDF7A910A6} = {4E5371A1-F81E-4009-AD06-6CCDF7A910A6}
		{1C1FB9A1-0B7D-4115-8BFD-8E02E62C20C6} = {1C1FB9A1-0B7D-4115-8BFD-8E02E62C20C6}
		{75020AC1-38E6-4D32-98F3-F3D2CCBE88B8} = {75020AC1-38E6-4D32-98F3-F3D2CCBE88B8}
		{1DC4ABCF-2E18-450C-B0F7-F5E90B014122} = {1DC4ABCF-2E18-450C-B0F7-F5E90B014122}
		{441BC4E5-CD0E-4FF4-88DA-FC835DF463C9} = {441BC4E5-CD0E-4FF4-88DA-FC835DF463C9}
	EndProjectSection
EndProject
Project("{2150E333-8FDC-42A3-9474-1A3956D46DE8}") = "ARWrapper-static", "ARWrapper-static", "{CD7FE245-410C-4B71-BB50-5AFA8331390C}"
EndProject
Project("{8BC9CEB8-8B4A-11D0-8D11-00A0C91BC942}") = "ARWrapper-static.Shared", "ARWrapper-static.Shared\ARWrapper-static.Shared.vcxitems", "{3D75CD63-651D-4062-910C-B0730C7B5F69}"
EndProject
Project("{8BC9CEB8-8B4A-11D0-8D11-00A0C91BC942}") = "ARWrapper-static", "ARWrapper-static.Windows\ARWrapper-static.Windows.vcxproj", "{D65CBA67-B2DC-4A1B-AC56-8DE9C35BD693}"
	ProjectSection(ProjectDependencies) = postProject
		{60038A1B-EC77-42D2-A7ED-A5EA311653B2} = {60038A1B-EC77-42D2-A7ED-A5EA311653B2}
		{C8AAC24F-E692-42CA-8CED-81CCA5B9B17E} = {C8AAC24F-E692-42CA-8CED-81CCA5B9B17E}
		{73688377-513F-49E0-B443-AEB3719526E7} = {73688377-513F-49E0-B443-AEB3719526E7}
		{4E5371A1-F81E-4009-AD06-6CCDF7A910A6} = {4E5371A1-F81E-4009-AD06-6CCDF7A910A6}
		{1C1FB9A1-0B7D-4115-8BFD-8E02E62C20C6} = {1C1FB9A1-0B7D-4115-8BFD-8E02E62C20C6}
		{75020AC1-38E6-4D32-98F3-F3D2CCBE88B8} = {75020AC1-38E6-4D32-98F3-F3D2CCBE88B8}
		{1DC4ABCF-2E18-450C-B0F7-F5E90B014122} = {1DC4ABCF-2E18-450C-B0F7-F5E90B014122}
		{441BC4E5-CD0E-4FF4-88DA-FC835DF463C9} = {441BC4E5-CD0E-4FF4-88DA-FC835DF463C9}
	EndProjectSection
EndProject
Global
	GlobalSection(SharedMSBuildProjectFiles) = preSolution
		KPM.Shared\KPM.Shared.vcxitems*{73688377-513f-49e0-b443-aeb3719526e7}*SharedItemsImports = 4
		ARgsub_es2.Shared\ARgsub_es2.Shared.vcxitems*{22abd1b8-b811-4323-9a0c-0d9aab49680a}*SharedItemsImports = 9
		ARMulti.Shared\ARMulti.Shared.vcxitems*{1c1fb9a1-0b7d-4115-8bfd-8e02e62c20c6}*SharedItemsImports = 4
		ARWrapper.Shared\ARWrapper.Shared.vcxitems*{f00f2846-75a6-4b8c-b3f0-237007bd2253}*SharedItemsImports = 4
		ARvideo.Shared\ARvideo.Shared.vcxitems*{f4c1a94f-df54-348f-e5e2-834da6297b06}*SharedItemsImports = 4
		AR.Shared\AR.Shared.vcxitems*{c8aac24f-e692-42ca-8ced-81cca5b9b17e}*SharedItemsImports = 4
		ARvideo.Shared\ARvideo.Shared.vcxitems*{75020ac1-38e6-4d32-98f3-f3d2ccbe88b8}*SharedItemsImports = 4
		ARICP.Shared\ARICP.Shared.vcxitems*{1dc4abcf-2e18-450c-b0f7-f5e90b014122}*SharedItemsImports = 4
		AR2.Shared\AR2.Shared.vcxitems*{06f4d5b6-9f5f-b8d2-85de-494642bb5124}*SharedItemsImports = 4
		ARToolKitComponent.Shared\ARToolKitComponent.Shared.vcxitems*{1907ab42-8548-4755-baac-48484090f50b}*SharedItemsImports = 4
		ARMulti.Shared\ARMulti.Shared.vcxitems*{400d753b-3525-479c-81a5-a0c562035e60}*SharedItemsImports = 9
		ARgsub_es2.Shared\ARgsub_es2.Shared.vcxitems*{4e5371a1-f81e-4009-ad06-6ccdf7a910a6}*SharedItemsImports = 4
		ARWrapper-static.Shared\ARWrapper-static.Shared.vcxitems*{3d75cd63-651d-4062-910c-b0730c7b5f69}*SharedItemsImports = 9
		ARWrapper-static.Shared\ARWrapper-static.Shared.vcxitems*{d65cba67-b2dc-4a1b-ac56-8de9c35bd693}*SharedItemsImports = 4
		ARWrapper.Shared\ARWrapper.Shared.vcxitems*{ff1b8784-fafe-4efb-a4ea-efcd2f3d53da}*SharedItemsImports = 4
		AR.Shared\AR.Shared.vcxitems*{c641c727-2445-4306-b142-103deac4803d}*SharedItemsImports = 9
		ARICP.Shared\ARICP.Shared.vcxitems*{44a5c8bb-62ec-4cb5-9dab-d51c068e54ce}*SharedItemsImports = 9
		ARUtil.Shared\ARUtil.Shared.vcxitems*{c7e08391-f549-789d-feca-c8a0aab0efa3}*SharedItemsImports = 4
		ARgsub_es2.Shared\ARgsub_es2.Shared.vcxitems*{9f0af615-9152-d50b-2f31-1458d82f932d}*SharedItemsImports = 4
		KPM.Shared\KPM.Shared.vcxitems*{f3dc5197-0cfc-86af-cd84-e4548b8a3df4}*SharedItemsImports = 4
		ARICP.Shared\ARICP.Shared.vcxitems*{e2cbe341-525b-4679-9969-ab747181c531}*SharedItemsImports = 4
		AR2.Shared\AR2.Shared.vcxitems*{60038a1b-ec77-42d2-a7ed-a5ea311653b2}*SharedItemsImports = 4
		ARToolKitComponent.Shared\ARToolKitComponent.Shared.vcxitems*{c40edeee-4f3a-4e00-a7a2-a15ecfb4a466}*SharedItemsImports = 9
		AR2.Shared\AR2.Shared.vcxitems*{c8e7f742-0e98-41db-8584-f064b634ab78}*SharedItemsImports = 9
		ARWrapper-static.Shared\ARWrapper-static.Shared.vcxitems*{5f69af87-7f1f-4522-0f90-62c8fb3fb843}*SharedItemsImports = 4
		AR.Shared\AR.Shared.vcxitems*{21226a9b-95a3-ec00-9466-fa81cad6883b}*SharedItemsImports = 4
		ARToolKitComponent.Shared\ARToolKitComponent.Shared.vcxitems*{c22dabf8-a7aa-4e2a-8d0e-3748a9c76ba5}*SharedItemsImports = 4
		KPM.Shared\KPM.Shared.vcxitems*{8dfc87e8-97c7-4188-902a-491f42820c14}*SharedItemsImports = 9
		ARvideo.Shared\ARvideo.Shared.vcxitems*{680be40f-9494-4241-8366-a935710c35c8}*SharedItemsImports = 9
		ARWrapper.Shared\ARWrapper.Shared.vcxitems*{4b38f882-c994-4ef4-84be-d8005ae65915}*SharedItemsImports = 9
		ARUtil.Shared\ARUtil.Shared.vcxitems*{c97fdd5f-fe09-42ac-bebd-593b0c2737a4}*SharedItemsImports = 9
		ARUtil.Shared\ARUtil.Shared.vcxitems*{441bc4e5-cd0e-4ff4-88da-fc835df463c9}*SharedItemsImports = 4
		ARMulti.Shared\ARMulti.Shared.vcxitems*{44862cf9-d991-fe29-40a4-e0cf9a3bab87}*SharedItemsImports = 4
	EndGlobalSection
	GlobalSection(SolutionConfigurationPlatforms) = preSolution
		Debug|Any CPU = Debug|Any CPU
		Debug|ARM = Debug|ARM
		Debug|Mixed Platforms = Debug|Mixed Platforms
		Debug|Win32 = Debug|Win32
		Debug|x64 = Debug|x64
		Debug|x86 = Debug|x86
		Release|Any CPU = Release|Any CPU
		Release|ARM = Release|ARM
		Release|Mixed Platforms = Release|Mixed Platforms
		Release|Win32 = Release|Win32
		Release|x64 = Release|x64
		Release|x86 = Release|x86
	EndGlobalSection
	GlobalSection(ProjectConfigurationPlatforms) = postSolution
		{6024D8A6-99D1-432F-86A4-C46F88B46092}.Debug|Any CPU.ActiveCfg = Debug|Win32
		{6024D8A6-99D1-432F-86A4-C46F88B46092}.Debug|ARM.ActiveCfg = Debug|Win32
		{6024D8A6-99D1-432F-86A4-C46F88B46092}.Debug|ARM.Build.0 = Debug|Win32
		{6024D8A6-99D1-432F-86A4-C46F88B46092}.Debug|Mixed Platforms.ActiveCfg = Debug|Win32
		{6024D8A6-99D1-432F-86A4-C46F88B46092}.Debug|Mixed Platforms.Build.0 = Debug|Win32
		{6024D8A6-99D1-432F-86A4-C46F88B46092}.Debug|Win32.ActiveCfg = Debug|Win32
		{6024D8A6-99D1-432F-86A4-C46F88B46092}.Debug|Win32.Build.0 = Debug|Win32
		{6024D8A6-99D1-432F-86A4-C46F88B46092}.Debug|x64.ActiveCfg = Debug|Win32
		{6024D8A6-99D1-432F-86A4-C46F88B46092}.Debug|x86.ActiveCfg = Debug|Win32
		{6024D8A6-99D1-432F-86A4-C46F88B46092}.Debug|x86.Build.0 = Debug|Win32
		{6024D8A6-99D1-432F-86A4-C46F88B46092}.Release|Any CPU.ActiveCfg = Release|Win32
		{6024D8A6-99D1-432F-86A4-C46F88B46092}.Release|ARM.ActiveCfg = Release|Win32
		{6024D8A6-99D1-432F-86A4-C46F88B46092}.Release|ARM.Build.0 = Release|Win32
		{6024D8A6-99D1-432F-86A4-C46F88B46092}.Release|Mixed Platforms.ActiveCfg = Release|Win32
		{6024D8A6-99D1-432F-86A4-C46F88B46092}.Release|Mixed Platforms.Build.0 = Release|Win32
		{6024D8A6-99D1-432F-86A4-C46F88B46092}.Release|Win32.ActiveCfg = Release|Win32
		{6024D8A6-99D1-432F-86A4-C46F88B46092}.Release|Win32.Build.0 = Release|Win32
		{6024D8A6-99D1-432F-86A4-C46F88B46092}.Release|x64.ActiveCfg = Release|Win32
		{6024D8A6-99D1-432F-86A4-C46F88B46092}.Release|x86.ActiveCfg = Release|Win32
		{6024D8A6-99D1-432F-86A4-C46F88B46092}.Release|x86.Build.0 = Release|Win32
		{E2CBE341-525B-4679-9969-AB747181C531}.Debug|Any CPU.ActiveCfg = Debug|Win32
		{E2CBE341-525B-4679-9969-AB747181C531}.Debug|ARM.ActiveCfg = Debug|ARM
		{E2CBE341-525B-4679-9969-AB747181C531}.Debug|ARM.Build.0 = Debug|ARM
		{E2CBE341-525B-4679-9969-AB747181C531}.Debug|Mixed Platforms.ActiveCfg = Debug|Win32
		{E2CBE341-525B-4679-9969-AB747181C531}.Debug|Mixed Platforms.Build.0 = Debug|Win32
		{E2CBE341-525B-4679-9969-AB747181C531}.Debug|Win32.ActiveCfg = Debug|Win32
		{E2CBE341-525B-4679-9969-AB747181C531}.Debug|Win32.Build.0 = Debug|Win32
		{E2CBE341-525B-4679-9969-AB747181C531}.Debug|x64.ActiveCfg = Debug|Win32
		{E2CBE341-525B-4679-9969-AB747181C531}.Debug|x86.ActiveCfg = Debug|Win32
		{E2CBE341-525B-4679-9969-AB747181C531}.Debug|x86.Build.0 = Debug|Win32
		{E2CBE341-525B-4679-9969-AB747181C531}.Release|Any CPU.ActiveCfg = Release|Win32
		{E2CBE341-525B-4679-9969-AB747181C531}.Release|ARM.ActiveCfg = Release|ARM
		{E2CBE341-525B-4679-9969-AB747181C531}.Release|ARM.Build.0 = Release|ARM
		{E2CBE341-525B-4679-9969-AB747181C531}.Release|Mixed Platforms.ActiveCfg = Release|Win32
		{E2CBE341-525B-4679-9969-AB747181C531}.Release|Mixed Platforms.Build.0 = Release|Win32
		{E2CBE341-525B-4679-9969-AB747181C531}.Release|Win32.ActiveCfg = Release|Win32
		{E2CBE341-525B-4679-9969-AB747181C531}.Release|Win32.Build.0 = Release|Win32
		{E2CBE341-525B-4679-9969-AB747181C531}.Release|x64.ActiveCfg = Release|Win32
		{E2CBE341-525B-4679-9969-AB747181C531}.Release|x86.ActiveCfg = Release|Win32
		{E2CBE341-525B-4679-9969-AB747181C531}.Release|x86.Build.0 = Release|Win32
		{06F4D5B6-9F5F-B8D2-85DE-494642BB5124}.Debug|Any CPU.ActiveCfg = Debug|Win32
		{06F4D5B6-9F5F-B8D2-85DE-494642BB5124}.Debug|ARM.ActiveCfg = Debug|ARM
		{06F4D5B6-9F5F-B8D2-85DE-494642BB5124}.Debug|ARM.Build.0 = Debug|ARM
		{06F4D5B6-9F5F-B8D2-85DE-494642BB5124}.Debug|Mixed Platforms.ActiveCfg = Debug|Win32
		{06F4D5B6-9F5F-B8D2-85DE-494642BB5124}.Debug|Mixed Platforms.Build.0 = Debug|Win32
		{06F4D5B6-9F5F-B8D2-85DE-494642BB5124}.Debug|Win32.ActiveCfg = Debug|Win32
		{06F4D5B6-9F5F-B8D2-85DE-494642BB5124}.Debug|Win32.Build.0 = Debug|Win32
		{06F4D5B6-9F5F-B8D2-85DE-494642BB5124}.Debug|x64.ActiveCfg = Debug|Win32
		{06F4D5B6-9F5F-B8D2-85DE-494642BB5124}.Debug|x86.ActiveCfg = Debug|Win32
		{06F4D5B6-9F5F-B8D2-85DE-494642BB5124}.Debug|x86.Build.0 = Debug|Win32
		{06F4D5B6-9F5F-B8D2-85DE-494642BB5124}.Release|Any CPU.ActiveCfg = Release|Win32
		{06F4D5B6-9F5F-B8D2-85DE-494642BB5124}.Release|ARM.ActiveCfg = Release|ARM
		{06F4D5B6-9F5F-B8D2-85DE-494642BB5124}.Release|ARM.Build.0 = Release|ARM
		{06F4D5B6-9F5F-B8D2-85DE-494642BB5124}.Release|Mixed Platforms.ActiveCfg = Release|Win32
		{06F4D5B6-9F5F-B8D2-85DE-494642BB5124}.Release|Mixed Platforms.Build.0 = Release|Win32
		{06F4D5B6-9F5F-B8D2-85DE-494642BB5124}.Release|Win32.ActiveCfg = Release|Win32
		{06F4D5B6-9F5F-B8D2-85DE-494642BB5124}.Release|Win32.Build.0 = Release|Win32
		{06F4D5B6-9F5F-B8D2-85DE-494642BB5124}.Release|x64.ActiveCfg = Release|Win32
		{06F4D5B6-9F5F-B8D2-85DE-494642BB5124}.Release|x86.ActiveCfg = Release|Win32
		{06F4D5B6-9F5F-B8D2-85DE-494642BB5124}.Release|x86.Build.0 = Release|Win32
		{C7E08391-F549-789D-FECA-C8A0AAB0EFA3}.Debug|Any CPU.ActiveCfg = Debug|Win32
		{C7E08391-F549-789D-FECA-C8A0AAB0EFA3}.Debug|ARM.ActiveCfg = Debug|ARM
		{C7E08391-F549-789D-FECA-C8A0AAB0EFA3}.Debug|ARM.Build.0 = Debug|ARM
		{C7E08391-F549-789D-FECA-C8A0AAB0EFA3}.Debug|Mixed Platforms.ActiveCfg = Debug|Win32
		{C7E08391-F549-789D-FECA-C8A0AAB0EFA3}.Debug|Mixed Platforms.Build.0 = Debug|Win32
		{C7E08391-F549-789D-FECA-C8A0AAB0EFA3}.Debug|Win32.ActiveCfg = Debug|Win32
		{C7E08391-F549-789D-FECA-C8A0AAB0EFA3}.Debug|Win32.Build.0 = Debug|Win32
		{C7E08391-F549-789D-FECA-C8A0AAB0EFA3}.Debug|x64.ActiveCfg = Debug|Win32
		{C7E08391-F549-789D-FECA-C8A0AAB0EFA3}.Debug|x86.ActiveCfg = Debug|Win32
		{C7E08391-F549-789D-FECA-C8A0AAB0EFA3}.Debug|x86.Build.0 = Debug|Win32
		{C7E08391-F549-789D-FECA-C8A0AAB0EFA3}.Release|Any CPU.ActiveCfg = Release|Win32
		{C7E08391-F549-789D-FECA-C8A0AAB0EFA3}.Release|ARM.ActiveCfg = Release|ARM
		{C7E08391-F549-789D-FECA-C8A0AAB0EFA3}.Release|ARM.Build.0 = Release|ARM
		{C7E08391-F549-789D-FECA-C8A0AAB0EFA3}.Release|Mixed Platforms.ActiveCfg = Release|Win32
		{C7E08391-F549-789D-FECA-C8A0AAB0EFA3}.Release|Mixed Platforms.Build.0 = Release|Win32
		{C7E08391-F549-789D-FECA-C8A0AAB0EFA3}.Release|Win32.ActiveCfg = Release|Win32
		{C7E08391-F549-789D-FECA-C8A0AAB0EFA3}.Release|Win32.Build.0 = Release|Win32
		{C7E08391-F549-789D-FECA-C8A0AAB0EFA3}.Release|x64.ActiveCfg = Release|Win32
		{C7E08391-F549-789D-FECA-C8A0AAB0EFA3}.Release|x86.ActiveCfg = Release|Win32
		{C7E08391-F549-789D-FECA-C8A0AAB0EFA3}.Release|x86.Build.0 = Release|Win32
		{F3DC5197-0CFC-86AF-CD84-E4548B8A3DF4}.Debug|Any CPU.ActiveCfg = Debug|Win32
		{F3DC5197-0CFC-86AF-CD84-E4548B8A3DF4}.Debug|ARM.ActiveCfg = Debug|ARM
		{F3DC5197-0CFC-86AF-CD84-E4548B8A3DF4}.Debug|ARM.Build.0 = Debug|ARM
		{F3DC5197-0CFC-86AF-CD84-E4548B8A3DF4}.Debug|Mixed Platforms.ActiveCfg = Debug|Win32
		{F3DC5197-0CFC-86AF-CD84-E4548B8A3DF4}.Debug|Mixed Platforms.Build.0 = Debug|Win32
		{F3DC5197-0CFC-86AF-CD84-E4548B8A3DF4}.Debug|Win32.ActiveCfg = Debug|Win32
		{F3DC5197-0CFC-86AF-CD84-E4548B8A3DF4}.Debug|Win32.Build.0 = Debug|Win32
		{F3DC5197-0CFC-86AF-CD84-E4548B8A3DF4}.Debug|x64.ActiveCfg = Debug|Win32
		{F3DC5197-0CFC-86AF-CD84-E4548B8A3DF4}.Debug|x86.ActiveCfg = Debug|Win32
		{F3DC5197-0CFC-86AF-CD84-E4548B8A3DF4}.Debug|x86.Build.0 = Debug|Win32
		{F3DC5197-0CFC-86AF-CD84-E4548B8A3DF4}.Release|Any CPU.ActiveCfg = Release|Win32
		{F3DC5197-0CFC-86AF-CD84-E4548B8A3DF4}.Release|ARM.ActiveCfg = Release|ARM
		{F3DC5197-0CFC-86AF-CD84-E4548B8A3DF4}.Release|ARM.Build.0 = Release|ARM
		{F3DC5197-0CFC-86AF-CD84-E4548B8A3DF4}.Release|Mixed Platforms.ActiveCfg = Release|Win32
		{F3DC5197-0CFC-86AF-CD84-E4548B8A3DF4}.Release|Mixed Platforms.Build.0 = Release|Win32
		{F3DC5197-0CFC-86AF-CD84-E4548B8A3DF4}.Release|Win32.ActiveCfg = Release|Win32
		{F3DC5197-0CFC-86AF-CD84-E4548B8A3DF4}.Release|Win32.Build.0 = Release|Win32
		{F3DC5197-0CFC-86AF-CD84-E4548B8A3DF4}.Release|x64.ActiveCfg = Release|Win32
		{F3DC5197-0CFC-86AF-CD84-E4548B8A3DF4}.Release|x86.ActiveCfg = Release|Win32
		{F3DC5197-0CFC-86AF-CD84-E4548B8A3DF4}.Release|x86.Build.0 = Release|Win32
		{73688377-513F-49E0-B443-AEB3719526E7}.Debug|Any CPU.ActiveCfg = Debug|Win32
		{73688377-513F-49E0-B443-AEB3719526E7}.Debug|ARM.ActiveCfg = Debug|ARM
		{73688377-513F-49E0-B443-AEB3719526E7}.Debug|ARM.Build.0 = Debug|ARM
		{73688377-513F-49E0-B443-AEB3719526E7}.Debug|Mixed Platforms.ActiveCfg = Debug|Win32
		{73688377-513F-49E0-B443-AEB3719526E7}.Debug|Mixed Platforms.Build.0 = Debug|Win32
		{73688377-513F-49E0-B443-AEB3719526E7}.Debug|Win32.ActiveCfg = Debug|Win32
		{73688377-513F-49E0-B443-AEB3719526E7}.Debug|Win32.Build.0 = Debug|Win32
		{73688377-513F-49E0-B443-AEB3719526E7}.Debug|x64.ActiveCfg = Debug|x64
		{73688377-513F-49E0-B443-AEB3719526E7}.Debug|x64.Build.0 = Debug|x64
		{73688377-513F-49E0-B443-AEB3719526E7}.Debug|x86.ActiveCfg = Debug|Win32
		{73688377-513F-49E0-B443-AEB3719526E7}.Debug|x86.Build.0 = Debug|Win32
		{73688377-513F-49E0-B443-AEB3719526E7}.Release|Any CPU.ActiveCfg = Release|Win32
		{73688377-513F-49E0-B443-AEB3719526E7}.Release|ARM.ActiveCfg = Release|ARM
		{73688377-513F-49E0-B443-AEB3719526E7}.Release|ARM.Build.0 = Release|ARM
		{73688377-513F-49E0-B443-AEB3719526E7}.Release|Mixed Platforms.ActiveCfg = Release|Win32
		{73688377-513F-49E0-B443-AEB3719526E7}.Release|Mixed Platforms.Build.0 = Release|Win32
		{73688377-513F-49E0-B443-AEB3719526E7}.Release|Win32.ActiveCfg = Release|Win32
		{73688377-513F-49E0-B443-AEB3719526E7}.Release|Win32.Build.0 = Release|Win32
		{73688377-513F-49E0-B443-AEB3719526E7}.Release|x64.ActiveCfg = Release|x64
		{73688377-513F-49E0-B443-AEB3719526E7}.Release|x64.Build.0 = Release|x64
		{73688377-513F-49E0-B443-AEB3719526E7}.Release|x86.ActiveCfg = Release|Win32
		{73688377-513F-49E0-B443-AEB3719526E7}.Release|x86.Build.0 = Release|Win32
		{60038A1B-EC77-42D2-A7ED-A5EA311653B2}.Debug|Any CPU.ActiveCfg = Debug|Win32
		{60038A1B-EC77-42D2-A7ED-A5EA311653B2}.Debug|ARM.ActiveCfg = Debug|ARM
		{60038A1B-EC77-42D2-A7ED-A5EA311653B2}.Debug|ARM.Build.0 = Debug|ARM
		{60038A1B-EC77-42D2-A7ED-A5EA311653B2}.Debug|Mixed Platforms.ActiveCfg = Debug|Win32
		{60038A1B-EC77-42D2-A7ED-A5EA311653B2}.Debug|Mixed Platforms.Build.0 = Debug|Win32
		{60038A1B-EC77-42D2-A7ED-A5EA311653B2}.Debug|Win32.ActiveCfg = Debug|Win32
		{60038A1B-EC77-42D2-A7ED-A5EA311653B2}.Debug|Win32.Build.0 = Debug|Win32
		{60038A1B-EC77-42D2-A7ED-A5EA311653B2}.Debug|x64.ActiveCfg = Debug|x64
		{60038A1B-EC77-42D2-A7ED-A5EA311653B2}.Debug|x64.Build.0 = Debug|x64
		{60038A1B-EC77-42D2-A7ED-A5EA311653B2}.Debug|x86.ActiveCfg = Debug|Win32
		{60038A1B-EC77-42D2-A7ED-A5EA311653B2}.Debug|x86.Build.0 = Debug|Win32
		{60038A1B-EC77-42D2-A7ED-A5EA311653B2}.Release|Any CPU.ActiveCfg = Release|Win32
		{60038A1B-EC77-42D2-A7ED-A5EA311653B2}.Release|ARM.ActiveCfg = Release|ARM
		{60038A1B-EC77-42D2-A7ED-A5EA311653B2}.Release|ARM.Build.0 = Release|ARM
		{60038A1B-EC77-42D2-A7ED-A5EA311653B2}.Release|Mixed Platforms.ActiveCfg = Release|Win32
		{60038A1B-EC77-42D2-A7ED-A5EA311653B2}.Release|Mixed Platforms.Build.0 = Release|Win32
		{60038A1B-EC77-42D2-A7ED-A5EA311653B2}.Release|Win32.ActiveCfg = Release|Win32
		{60038A1B-EC77-42D2-A7ED-A5EA311653B2}.Release|Win32.Build.0 = Release|Win32
		{60038A1B-EC77-42D2-A7ED-A5EA311653B2}.Release|x64.ActiveCfg = Release|x64
		{60038A1B-EC77-42D2-A7ED-A5EA311653B2}.Release|x64.Build.0 = Release|x64
		{60038A1B-EC77-42D2-A7ED-A5EA311653B2}.Release|x86.ActiveCfg = Release|Win32
		{60038A1B-EC77-42D2-A7ED-A5EA311653B2}.Release|x86.Build.0 = Release|Win32
		{1DC4ABCF-2E18-450C-B0F7-F5E90B014122}.Debug|Any CPU.ActiveCfg = Debug|Win32
		{1DC4ABCF-2E18-450C-B0F7-F5E90B014122}.Debug|ARM.ActiveCfg = Debug|ARM
		{1DC4ABCF-2E18-450C-B0F7-F5E90B014122}.Debug|ARM.Build.0 = Debug|ARM
		{1DC4ABCF-2E18-450C-B0F7-F5E90B014122}.Debug|Mixed Platforms.ActiveCfg = Debug|Win32
		{1DC4ABCF-2E18-450C-B0F7-F5E90B014122}.Debug|Mixed Platforms.Build.0 = Debug|Win32
		{1DC4ABCF-2E18-450C-B0F7-F5E90B014122}.Debug|Win32.ActiveCfg = Debug|Win32
		{1DC4ABCF-2E18-450C-B0F7-F5E90B014122}.Debug|Win32.Build.0 = Debug|Win32
		{1DC4ABCF-2E18-450C-B0F7-F5E90B014122}.Debug|x64.ActiveCfg = Debug|x64
		{1DC4ABCF-2E18-450C-B0F7-F5E90B014122}.Debug|x64.Build.0 = Debug|x64
		{1DC4ABCF-2E18-450C-B0F7-F5E90B014122}.Debug|x86.ActiveCfg = Debug|Win32
		{1DC4ABCF-2E18-450C-B0F7-F5E90B014122}.Debug|x86.Build.0 = Debug|Win32
		{1DC4ABCF-2E18-450C-B0F7-F5E90B014122}.Release|Any CPU.ActiveCfg = Release|Win32
		{1DC4ABCF-2E18-450C-B0F7-F5E90B014122}.Release|ARM.ActiveCfg = Release|ARM
		{1DC4ABCF-2E18-450C-B0F7-F5E90B014122}.Release|ARM.Build.0 = Release|ARM
		{1DC4ABCF-2E18-450C-B0F7-F5E90B014122}.Release|Mixed Platforms.ActiveCfg = Release|Win32
		{1DC4ABCF-2E18-450C-B0F7-F5E90B014122}.Release|Mixed Platforms.Build.0 = Release|Win32
		{1DC4ABCF-2E18-450C-B0F7-F5E90B014122}.Release|Win32.ActiveCfg = Release|Win32
		{1DC4ABCF-2E18-450C-B0F7-F5E90B014122}.Release|Win32.Build.0 = Release|Win32
		{1DC4ABCF-2E18-450C-B0F7-F5E90B014122}.Release|x64.ActiveCfg = Release|x64
		{1DC4ABCF-2E18-450C-B0F7-F5E90B014122}.Release|x64.Build.0 = Release|x64
		{1DC4ABCF-2E18-450C-B0F7-F5E90B014122}.Release|x86.ActiveCfg = Release|Win32
		{1DC4ABCF-2E18-450C-B0F7-F5E90B014122}.Release|x86.Build.0 = Release|Win32
		{441BC4E5-CD0E-4FF4-88DA-FC835DF463C9}.Debug|Any CPU.ActiveCfg = Debug|Win32
		{441BC4E5-CD0E-4FF4-88DA-FC835DF463C9}.Debug|ARM.ActiveCfg = Debug|ARM
		{441BC4E5-CD0E-4FF4-88DA-FC835DF463C9}.Debug|ARM.Build.0 = Debug|ARM
		{441BC4E5-CD0E-4FF4-88DA-FC835DF463C9}.Debug|Mixed Platforms.ActiveCfg = Debug|Win32
		{441BC4E5-CD0E-4FF4-88DA-FC835DF463C9}.Debug|Mixed Platforms.Build.0 = Debug|Win32
		{441BC4E5-CD0E-4FF4-88DA-FC835DF463C9}.Debug|Win32.ActiveCfg = Debug|Win32
		{441BC4E5-CD0E-4FF4-88DA-FC835DF463C9}.Debug|Win32.Build.0 = Debug|Win32
		{441BC4E5-CD0E-4FF4-88DA-FC835DF463C9}.Debug|x64.ActiveCfg = Debug|x64
		{441BC4E5-CD0E-4FF4-88DA-FC835DF463C9}.Debug|x64.Build.0 = Debug|x64
		{441BC4E5-CD0E-4FF4-88DA-FC835DF463C9}.Debug|x86.ActiveCfg = Debug|Win32
		{441BC4E5-CD0E-4FF4-88DA-FC835DF463C9}.Debug|x86.Build.0 = Debug|Win32
		{441BC4E5-CD0E-4FF4-88DA-FC835DF463C9}.Release|Any CPU.ActiveCfg = Release|Win32
		{441BC4E5-CD0E-4FF4-88DA-FC835DF463C9}.Release|ARM.ActiveCfg = Release|ARM
		{441BC4E5-CD0E-4FF4-88DA-FC835DF463C9}.Release|ARM.Build.0 = Release|ARM
		{441BC4E5-CD0E-4FF4-88DA-FC835DF463C9}.Release|Mixed Platforms.ActiveCfg = Release|Win32
		{441BC4E5-CD0E-4FF4-88DA-FC835DF463C9}.Release|Mixed Platforms.Build.0 = Release|Win32
		{441BC4E5-CD0E-4FF4-88DA-FC835DF463C9}.Release|Win32.ActiveCfg = Release|Win32
		{441BC4E5-CD0E-4FF4-88DA-FC835DF463C9}.Release|Win32.Build.0 = Release|Win32
		{441BC4E5-CD0E-4FF4-88DA-FC835DF463C9}.Release|x64.ActiveCfg = Release|x64
		{441BC4E5-CD0E-4FF4-88DA-FC835DF463C9}.Release|x64.Build.0 = Release|x64
		{441BC4E5-CD0E-4FF4-88DA-FC835DF463C9}.Release|x86.ActiveCfg = Release|Win32
		{441BC4E5-CD0E-4FF4-88DA-FC835DF463C9}.Release|x86.Build.0 = Release|Win32
		{21226A9B-95A3-EC00-9466-FA81CAD6883B}.Debug|Any CPU.ActiveCfg = Debug|Win32
		{21226A9B-95A3-EC00-9466-FA81CAD6883B}.Debug|ARM.ActiveCfg = Debug|ARM
		{21226A9B-95A3-EC00-9466-FA81CAD6883B}.Debug|ARM.Build.0 = Debug|ARM
		{21226A9B-95A3-EC00-9466-FA81CAD6883B}.Debug|Mixed Platforms.ActiveCfg = Debug|Win32
		{21226A9B-95A3-EC00-9466-FA81CAD6883B}.Debug|Mixed Platforms.Build.0 = Debug|Win32
		{21226A9B-95A3-EC00-9466-FA81CAD6883B}.Debug|Win32.ActiveCfg = Debug|Win32
		{21226A9B-95A3-EC00-9466-FA81CAD6883B}.Debug|Win32.Build.0 = Debug|Win32
		{21226A9B-95A3-EC00-9466-FA81CAD6883B}.Debug|x64.ActiveCfg = Debug|Win32
		{21226A9B-95A3-EC00-9466-FA81CAD6883B}.Debug|x86.ActiveCfg = Debug|Win32
		{21226A9B-95A3-EC00-9466-FA81CAD6883B}.Debug|x86.Build.0 = Debug|Win32
		{21226A9B-95A3-EC00-9466-FA81CAD6883B}.Release|Any CPU.ActiveCfg = Release|Win32
		{21226A9B-95A3-EC00-9466-FA81CAD6883B}.Release|ARM.ActiveCfg = Release|ARM
		{21226A9B-95A3-EC00-9466-FA81CAD6883B}.Release|ARM.Build.0 = Release|ARM
		{21226A9B-95A3-EC00-9466-FA81CAD6883B}.Release|Mixed Platforms.ActiveCfg = Release|Win32
		{21226A9B-95A3-EC00-9466-FA81CAD6883B}.Release|Mixed Platforms.Build.0 = Release|Win32
		{21226A9B-95A3-EC00-9466-FA81CAD6883B}.Release|Win32.ActiveCfg = Release|Win32
		{21226A9B-95A3-EC00-9466-FA81CAD6883B}.Release|Win32.Build.0 = Release|Win32
		{21226A9B-95A3-EC00-9466-FA81CAD6883B}.Release|x64.ActiveCfg = Release|Win32
		{21226A9B-95A3-EC00-9466-FA81CAD6883B}.Release|x86.ActiveCfg = Release|Win32
		{21226A9B-95A3-EC00-9466-FA81CAD6883B}.Release|x86.Build.0 = Release|Win32
		{44862CF9-D991-FE29-40A4-E0CF9A3BAB87}.Debug|Any CPU.ActiveCfg = Debug|Win32
		{44862CF9-D991-FE29-40A4-E0CF9A3BAB87}.Debug|ARM.ActiveCfg = Debug|ARM
		{44862CF9-D991-FE29-40A4-E0CF9A3BAB87}.Debug|ARM.Build.0 = Debug|ARM
		{44862CF9-D991-FE29-40A4-E0CF9A3BAB87}.Debug|Mixed Platforms.ActiveCfg = Debug|Win32
		{44862CF9-D991-FE29-40A4-E0CF9A3BAB87}.Debug|Mixed Platforms.Build.0 = Debug|Win32
		{44862CF9-D991-FE29-40A4-E0CF9A3BAB87}.Debug|Win32.ActiveCfg = Debug|Win32
		{44862CF9-D991-FE29-40A4-E0CF9A3BAB87}.Debug|Win32.Build.0 = Debug|Win32
		{44862CF9-D991-FE29-40A4-E0CF9A3BAB87}.Debug|x64.ActiveCfg = Debug|Win32
		{44862CF9-D991-FE29-40A4-E0CF9A3BAB87}.Debug|x86.ActiveCfg = Debug|Win32
		{44862CF9-D991-FE29-40A4-E0CF9A3BAB87}.Debug|x86.Build.0 = Debug|Win32
		{44862CF9-D991-FE29-40A4-E0CF9A3BAB87}.Release|Any CPU.ActiveCfg = Release|Win32
		{44862CF9-D991-FE29-40A4-E0CF9A3BAB87}.Release|ARM.ActiveCfg = Release|ARM
		{44862CF9-D991-FE29-40A4-E0CF9A3BAB87}.Release|ARM.Build.0 = Release|ARM
		{44862CF9-D991-FE29-40A4-E0CF9A3BAB87}.Release|Mixed Platforms.ActiveCfg = Release|Win32
		{44862CF9-D991-FE29-40A4-E0CF9A3BAB87}.Release|Mixed Platforms.Build.0 = Release|Win32
		{44862CF9-D991-FE29-40A4-E0CF9A3BAB87}.Release|Win32.ActiveCfg = Release|Win32
		{44862CF9-D991-FE29-40A4-E0CF9A3BAB87}.Release|Win32.Build.0 = Release|Win32
		{44862CF9-D991-FE29-40A4-E0CF9A3BAB87}.Release|x64.ActiveCfg = Release|Win32
		{44862CF9-D991-FE29-40A4-E0CF9A3BAB87}.Release|x86.ActiveCfg = Release|Win32
		{44862CF9-D991-FE29-40A4-E0CF9A3BAB87}.Release|x86.Build.0 = Release|Win32
		{F4C1A94F-DF54-348F-E5E2-834DA6297B06}.Debug|Any CPU.ActiveCfg = Debug|Win32
		{F4C1A94F-DF54-348F-E5E2-834DA6297B06}.Debug|ARM.ActiveCfg = Debug|ARM
		{F4C1A94F-DF54-348F-E5E2-834DA6297B06}.Debug|ARM.Build.0 = Debug|ARM
		{F4C1A94F-DF54-348F-E5E2-834DA6297B06}.Debug|Mixed Platforms.ActiveCfg = Debug|Win32
		{F4C1A94F-DF54-348F-E5E2-834DA6297B06}.Debug|Mixed Platforms.Build.0 = Debug|Win32
		{F4C1A94F-DF54-348F-E5E2-834DA6297B06}.Debug|Win32.ActiveCfg = Debug|Win32
		{F4C1A94F-DF54-348F-E5E2-834DA6297B06}.Debug|Win32.Build.0 = Debug|Win32
		{F4C1A94F-DF54-348F-E5E2-834DA6297B06}.Debug|x64.ActiveCfg = Debug|Win32
		{F4C1A94F-DF54-348F-E5E2-834DA6297B06}.Debug|x86.ActiveCfg = Debug|Win32
		{F4C1A94F-DF54-348F-E5E2-834DA6297B06}.Debug|x86.Build.0 = Debug|Win32
		{F4C1A94F-DF54-348F-E5E2-834DA6297B06}.Release|Any CPU.ActiveCfg = Release|Win32
		{F4C1A94F-DF54-348F-E5E2-834DA6297B06}.Release|ARM.ActiveCfg = Release|ARM
		{F4C1A94F-DF54-348F-E5E2-834DA6297B06}.Release|ARM.Build.0 = Release|ARM
		{F4C1A94F-DF54-348F-E5E2-834DA6297B06}.Release|Mixed Platforms.ActiveCfg = Release|Win32
		{F4C1A94F-DF54-348F-E5E2-834DA6297B06}.Release|Mixed Platforms.Build.0 = Release|Win32
		{F4C1A94F-DF54-348F-E5E2-834DA6297B06}.Release|Win32.ActiveCfg = Release|Win32
		{F4C1A94F-DF54-348F-E5E2-834DA6297B06}.Release|Win32.Build.0 = Release|Win32
		{F4C1A94F-DF54-348F-E5E2-834DA6297B06}.Release|x64.ActiveCfg = Release|Win32
		{F4C1A94F-DF54-348F-E5E2-834DA6297B06}.Release|x86.ActiveCfg = Release|Win32
		{F4C1A94F-DF54-348F-E5E2-834DA6297B06}.Release|x86.Build.0 = Release|Win32
		{5F69AF87-7F1F-4522-0F90-62C8FB3FB843}.Debug|Any CPU.ActiveCfg = Debug|Win32
		{5F69AF87-7F1F-4522-0F90-62C8FB3FB843}.Debug|ARM.ActiveCfg = Debug|ARM
		{5F69AF87-7F1F-4522-0F90-62C8FB3FB843}.Debug|ARM.Build.0 = Debug|ARM
		{5F69AF87-7F1F-4522-0F90-62C8FB3FB843}.Debug|Mixed Platforms.ActiveCfg = Debug|Win32
		{5F69AF87-7F1F-4522-0F90-62C8FB3FB843}.Debug|Mixed Platforms.Build.0 = Debug|Win32
		{5F69AF87-7F1F-4522-0F90-62C8FB3FB843}.Debug|Win32.ActiveCfg = Debug|Win32
		{5F69AF87-7F1F-4522-0F90-62C8FB3FB843}.Debug|Win32.Build.0 = Debug|Win32
		{5F69AF87-7F1F-4522-0F90-62C8FB3FB843}.Debug|x64.ActiveCfg = Debug|Win32
		{5F69AF87-7F1F-4522-0F90-62C8FB3FB843}.Debug|x86.ActiveCfg = Debug|Win32
		{5F69AF87-7F1F-4522-0F90-62C8FB3FB843}.Debug|x86.Build.0 = Debug|Win32
		{5F69AF87-7F1F-4522-0F90-62C8FB3FB843}.Release|Any CPU.ActiveCfg = Release|Win32
		{5F69AF87-7F1F-4522-0F90-62C8FB3FB843}.Release|ARM.ActiveCfg = Release|ARM
		{5F69AF87-7F1F-4522-0F90-62C8FB3FB843}.Release|ARM.Build.0 = Release|ARM
		{5F69AF87-7F1F-4522-0F90-62C8FB3FB843}.Release|Mixed Platforms.ActiveCfg = Release|Win32
		{5F69AF87-7F1F-4522-0F90-62C8FB3FB843}.Release|Mixed Platforms.Build.0 = Release|Win32
		{5F69AF87-7F1F-4522-0F90-62C8FB3FB843}.Release|Win32.ActiveCfg = Release|Win32
		{5F69AF87-7F1F-4522-0F90-62C8FB3FB843}.Release|Win32.Build.0 = Release|Win32
		{5F69AF87-7F1F-4522-0F90-62C8FB3FB843}.Release|x64.ActiveCfg = Release|Win32
		{5F69AF87-7F1F-4522-0F90-62C8FB3FB843}.Release|x86.ActiveCfg = Release|Win32
		{5F69AF87-7F1F-4522-0F90-62C8FB3FB843}.Release|x86.Build.0 = Release|Win32
		{9F0AF615-9152-D50B-2F31-1458D82F932D}.Debug|Any CPU.ActiveCfg = Debug|Win32
		{9F0AF615-9152-D50B-2F31-1458D82F932D}.Debug|ARM.ActiveCfg = Debug|ARM
		{9F0AF615-9152-D50B-2F31-1458D82F932D}.Debug|ARM.Build.0 = Debug|ARM
		{9F0AF615-9152-D50B-2F31-1458D82F932D}.Debug|Mixed Platforms.ActiveCfg = Debug|Win32
		{9F0AF615-9152-D50B-2F31-1458D82F932D}.Debug|Mixed Platforms.Build.0 = Debug|Win32
		{9F0AF615-9152-D50B-2F31-1458D82F932D}.Debug|Win32.ActiveCfg = Debug|Win32
		{9F0AF615-9152-D50B-2F31-1458D82F932D}.Debug|Win32.Build.0 = Debug|Win32
		{9F0AF615-9152-D50B-2F31-1458D82F932D}.Debug|x64.ActiveCfg = Debug|Win32
		{9F0AF615-9152-D50B-2F31-1458D82F932D}.Debug|x86.ActiveCfg = Debug|Win32
		{9F0AF615-9152-D50B-2F31-1458D82F932D}.Debug|x86.Build.0 = Debug|Win32
		{9F0AF615-9152-D50B-2F31-1458D82F932D}.Release|Any CPU.ActiveCfg = Release|Win32
		{9F0AF615-9152-D50B-2F31-1458D82F932D}.Release|ARM.ActiveCfg = Release|ARM
		{9F0AF615-9152-D50B-2F31-1458D82F932D}.Release|ARM.Build.0 = Release|ARM
		{9F0AF615-9152-D50B-2F31-1458D82F932D}.Release|Mixed Platforms.ActiveCfg = Release|Win32
		{9F0AF615-9152-D50B-2F31-1458D82F932D}.Release|Mixed Platforms.Build.0 = Release|Win32
		{9F0AF615-9152-D50B-2F31-1458D82F932D}.Release|Win32.ActiveCfg = Release|Win32
		{9F0AF615-9152-D50B-2F31-1458D82F932D}.Release|Win32.Build.0 = Release|Win32
		{9F0AF615-9152-D50B-2F31-1458D82F932D}.Release|x64.ActiveCfg = Release|Win32
		{9F0AF615-9152-D50B-2F31-1458D82F932D}.Release|x86.ActiveCfg = Release|Win32
		{9F0AF615-9152-D50B-2F31-1458D82F932D}.Release|x86.Build.0 = Release|Win32
		{1907AB42-8548-4755-BAAC-48484090F50B}.Debug|Any CPU.ActiveCfg = Debug|Win32
		{1907AB42-8548-4755-BAAC-48484090F50B}.Debug|ARM.ActiveCfg = Debug|ARM
		{1907AB42-8548-4755-BAAC-48484090F50B}.Debug|ARM.Build.0 = Debug|ARM
		{1907AB42-8548-4755-BAAC-48484090F50B}.Debug|Mixed Platforms.ActiveCfg = Debug|Win32
		{1907AB42-8548-4755-BAAC-48484090F50B}.Debug|Mixed Platforms.Build.0 = Debug|Win32
		{1907AB42-8548-4755-BAAC-48484090F50B}.Debug|Win32.ActiveCfg = Debug|Win32
		{1907AB42-8548-4755-BAAC-48484090F50B}.Debug|Win32.Build.0 = Debug|Win32
		{1907AB42-8548-4755-BAAC-48484090F50B}.Debug|x64.ActiveCfg = Debug|Win32
		{1907AB42-8548-4755-BAAC-48484090F50B}.Debug|x86.ActiveCfg = Debug|Win32
		{1907AB42-8548-4755-BAAC-48484090F50B}.Debug|x86.Build.0 = Debug|Win32
		{1907AB42-8548-4755-BAAC-48484090F50B}.Release|Any CPU.ActiveCfg = Release|Win32
		{1907AB42-8548-4755-BAAC-48484090F50B}.Release|ARM.ActiveCfg = Release|ARM
		{1907AB42-8548-4755-BAAC-48484090F50B}.Release|ARM.Build.0 = Release|ARM
		{1907AB42-8548-4755-BAAC-48484090F50B}.Release|Mixed Platforms.ActiveCfg = Release|Win32
		{1907AB42-8548-4755-BAAC-48484090F50B}.Release|Mixed Platforms.Build.0 = Release|Win32
		{1907AB42-8548-4755-BAAC-48484090F50B}.Release|Win32.ActiveCfg = Release|Win32
		{1907AB42-8548-4755-BAAC-48484090F50B}.Release|Win32.Build.0 = Release|Win32
		{1907AB42-8548-4755-BAAC-48484090F50B}.Release|x64.ActiveCfg = Release|Win32
		{1907AB42-8548-4755-BAAC-48484090F50B}.Release|x86.ActiveCfg = Release|Win32
		{1907AB42-8548-4755-BAAC-48484090F50B}.Release|x86.Build.0 = Release|Win32
		{F00F2846-75A6-4B8C-B3F0-237007BD2253}.Debug|Any CPU.ActiveCfg = Debug|Win32
		{F00F2846-75A6-4B8C-B3F0-237007BD2253}.Debug|ARM.ActiveCfg = Debug|ARM
		{F00F2846-75A6-4B8C-B3F0-237007BD2253}.Debug|ARM.Build.0 = Debug|ARM
		{F00F2846-75A6-4B8C-B3F0-237007BD2253}.Debug|Mixed Platforms.ActiveCfg = Debug|Win32
		{F00F2846-75A6-4B8C-B3F0-237007BD2253}.Debug|Mixed Platforms.Build.0 = Debug|Win32
		{F00F2846-75A6-4B8C-B3F0-237007BD2253}.Debug|Win32.ActiveCfg = Debug|Win32
		{F00F2846-75A6-4B8C-B3F0-237007BD2253}.Debug|Win32.Build.0 = Debug|Win32
		{F00F2846-75A6-4B8C-B3F0-237007BD2253}.Debug|x64.ActiveCfg = Debug|Win32
		{F00F2846-75A6-4B8C-B3F0-237007BD2253}.Debug|x86.ActiveCfg = Debug|Win32
		{F00F2846-75A6-4B8C-B3F0-237007BD2253}.Debug|x86.Build.0 = Debug|Win32
		{F00F2846-75A6-4B8C-B3F0-237007BD2253}.Release|Any CPU.ActiveCfg = Release|Win32
		{F00F2846-75A6-4B8C-B3F0-237007BD2253}.Release|ARM.ActiveCfg = Release|ARM
		{F00F2846-75A6-4B8C-B3F0-237007BD2253}.Release|ARM.Build.0 = Release|ARM
		{F00F2846-75A6-4B8C-B3F0-237007BD2253}.Release|Mixed Platforms.ActiveCfg = Release|Win32
		{F00F2846-75A6-4B8C-B3F0-237007BD2253}.Release|Mixed Platforms.Build.0 = Release|Win32
		{F00F2846-75A6-4B8C-B3F0-237007BD2253}.Release|Win32.ActiveCfg = Release|Win32
		{F00F2846-75A6-4B8C-B3F0-237007BD2253}.Release|Win32.Build.0 = Release|Win32
		{F00F2846-75A6-4B8C-B3F0-237007BD2253}.Release|x64.ActiveCfg = Release|Win32
		{F00F2846-75A6-4B8C-B3F0-237007BD2253}.Release|x86.ActiveCfg = Release|Win32
		{F00F2846-75A6-4B8C-B3F0-237007BD2253}.Release|x86.Build.0 = Release|Win32
		{C8AAC24F-E692-42CA-8CED-81CCA5B9B17E}.Debug|Any CPU.ActiveCfg = Debug|Win32
		{C8AAC24F-E692-42CA-8CED-81CCA5B9B17E}.Debug|ARM.ActiveCfg = Debug|ARM
		{C8AAC24F-E692-42CA-8CED-81CCA5B9B17E}.Debug|ARM.Build.0 = Debug|ARM
		{C8AAC24F-E692-42CA-8CED-81CCA5B9B17E}.Debug|Mixed Platforms.ActiveCfg = Debug|Win32
		{C8AAC24F-E692-42CA-8CED-81CCA5B9B17E}.Debug|Mixed Platforms.Build.0 = Debug|Win32
		{C8AAC24F-E692-42CA-8CED-81CCA5B9B17E}.Debug|Win32.ActiveCfg = Debug|Win32
		{C8AAC24F-E692-42CA-8CED-81CCA5B9B17E}.Debug|Win32.Build.0 = Debug|Win32
		{C8AAC24F-E692-42CA-8CED-81CCA5B9B17E}.Debug|x64.ActiveCfg = Debug|x64
		{C8AAC24F-E692-42CA-8CED-81CCA5B9B17E}.Debug|x64.Build.0 = Debug|x64
		{C8AAC24F-E692-42CA-8CED-81CCA5B9B17E}.Debug|x86.ActiveCfg = Debug|Win32
		{C8AAC24F-E692-42CA-8CED-81CCA5B9B17E}.Debug|x86.Build.0 = Debug|Win32
		{C8AAC24F-E692-42CA-8CED-81CCA5B9B17E}.Release|Any CPU.ActiveCfg = Release|Win32
		{C8AAC24F-E692-42CA-8CED-81CCA5B9B17E}.Release|ARM.ActiveCfg = Release|ARM
		{C8AAC24F-E692-42CA-8CED-81CCA5B9B17E}.Release|ARM.Build.0 = Release|ARM
		{C8AAC24F-E692-42CA-8CED-81CCA5B9B17E}.Release|Mixed Platforms.ActiveCfg = Release|Win32
		{C8AAC24F-E692-42CA-8CED-81CCA5B9B17E}.Release|Mixed Platforms.Build.0 = Release|Win32
		{C8AAC24F-E692-42CA-8CED-81CCA5B9B17E}.Release|Win32.ActiveCfg = Release|Win32
		{C8AAC24F-E692-42CA-8CED-81CCA5B9B17E}.Release|Win32.Build.0 = Release|Win32
		{C8AAC24F-E692-42CA-8CED-81CCA5B9B17E}.Release|x64.ActiveCfg = Release|x64
		{C8AAC24F-E692-42CA-8CED-81CCA5B9B17E}.Release|x64.Build.0 = Release|x64
		{C8AAC24F-E692-42CA-8CED-81CCA5B9B17E}.Release|x86.ActiveCfg = Release|Win32
		{C8AAC24F-E692-42CA-8CED-81CCA5B9B17E}.Release|x86.Build.0 = Release|Win32
		{4E5371A1-F81E-4009-AD06-6CCDF7A910A6}.Debug|Any CPU.ActiveCfg = Debug|Win32
		{4E5371A1-F81E-4009-AD06-6CCDF7A910A6}.Debug|ARM.ActiveCfg = Debug|ARM
		{4E5371A1-F81E-4009-AD06-6CCDF7A910A6}.Debug|ARM.Build.0 = Debug|ARM
		{4E5371A1-F81E-4009-AD06-6CCDF7A910A6}.Debug|Mixed Platforms.ActiveCfg = Debug|Win32
		{4E5371A1-F81E-4009-AD06-6CCDF7A910A6}.Debug|Mixed Platforms.Build.0 = Debug|Win32
		{4E5371A1-F81E-4009-AD06-6CCDF7A910A6}.Debug|Win32.ActiveCfg = Debug|Win32
		{4E5371A1-F81E-4009-AD06-6CCDF7A910A6}.Debug|Win32.Build.0 = Debug|Win32
		{4E5371A1-F81E-4009-AD06-6CCDF7A910A6}.Debug|x64.ActiveCfg = Debug|x64
		{4E5371A1-F81E-4009-AD06-6CCDF7A910A6}.Debug|x64.Build.0 = Debug|x64
		{4E5371A1-F81E-4009-AD06-6CCDF7A910A6}.Debug|x86.ActiveCfg = Debug|Win32
		{4E5371A1-F81E-4009-AD06-6CCDF7A910A6}.Debug|x86.Build.0 = Debug|Win32
		{4E5371A1-F81E-4009-AD06-6CCDF7A910A6}.Release|Any CPU.ActiveCfg = Release|Win32
		{4E5371A1-F81E-4009-AD06-6CCDF7A910A6}.Release|ARM.ActiveCfg = Release|ARM
		{4E5371A1-F81E-4009-AD06-6CCDF7A910A6}.Release|ARM.Build.0 = Release|ARM
		{4E5371A1-F81E-4009-AD06-6CCDF7A910A6}.Release|Mixed Platforms.ActiveCfg = Release|Win32
		{4E5371A1-F81E-4009-AD06-6CCDF7A910A6}.Release|Mixed Platforms.Build.0 = Release|Win32
		{4E5371A1-F81E-4009-AD06-6CCDF7A910A6}.Release|Win32.ActiveCfg = Release|Win32
		{4E5371A1-F81E-4009-AD06-6CCDF7A910A6}.Release|Win32.Build.0 = Release|Win32
		{4E5371A1-F81E-4009-AD06-6CCDF7A910A6}.Release|x64.ActiveCfg = Release|x64
		{4E5371A1-F81E-4009-AD06-6CCDF7A910A6}.Release|x64.Build.0 = Release|x64
		{4E5371A1-F81E-4009-AD06-6CCDF7A910A6}.Release|x86.ActiveCfg = Release|Win32
		{4E5371A1-F81E-4009-AD06-6CCDF7A910A6}.Release|x86.Build.0 = Release|Win32
		{1C1FB9A1-0B7D-4115-8BFD-8E02E62C20C6}.Debug|Any CPU.ActiveCfg = Debug|Win32
		{1C1FB9A1-0B7D-4115-8BFD-8E02E62C20C6}.Debug|ARM.ActiveCfg = Debug|ARM
		{1C1FB9A1-0B7D-4115-8BFD-8E02E62C20C6}.Debug|ARM.Build.0 = Debug|ARM
		{1C1FB9A1-0B7D-4115-8BFD-8E02E62C20C6}.Debug|Mixed Platforms.ActiveCfg = Debug|Win32
		{1C1FB9A1-0B7D-4115-8BFD-8E02E62C20C6}.Debug|Mixed Platforms.Build.0 = Debug|Win32
		{1C1FB9A1-0B7D-4115-8BFD-8E02E62C20C6}.Debug|Win32.ActiveCfg = Debug|Win32
		{1C1FB9A1-0B7D-4115-8BFD-8E02E62C20C6}.Debug|Win32.Build.0 = Debug|Win32
		{1C1FB9A1-0B7D-4115-8BFD-8E02E62C20C6}.Debug|x64.ActiveCfg = Debug|x64
		{1C1FB9A1-0B7D-4115-8BFD-8E02E62C20C6}.Debug|x64.Build.0 = Debug|x64
		{1C1FB9A1-0B7D-4115-8BFD-8E02E62C20C6}.Debug|x86.ActiveCfg = Debug|Win32
		{1C1FB9A1-0B7D-4115-8BFD-8E02E62C20C6}.Debug|x86.Build.0 = Debug|Win32
		{1C1FB9A1-0B7D-4115-8BFD-8E02E62C20C6}.Release|Any CPU.ActiveCfg = Release|Win32
		{1C1FB9A1-0B7D-4115-8BFD-8E02E62C20C6}.Release|ARM.ActiveCfg = Release|ARM
		{1C1FB9A1-0B7D-4115-8BFD-8E02E62C20C6}.Release|ARM.Build.0 = Release|ARM
		{1C1FB9A1-0B7D-4115-8BFD-8E02E62C20C6}.Release|Mixed Platforms.ActiveCfg = Release|Win32
		{1C1FB9A1-0B7D-4115-8BFD-8E02E62C20C6}.Release|Mixed Platforms.Build.0 = Release|Win32
		{1C1FB9A1-0B7D-4115-8BFD-8E02E62C20C6}.Release|Win32.ActiveCfg = Release|Win32
		{1C1FB9A1-0B7D-4115-8BFD-8E02E62C20C6}.Release|Win32.Build.0 = Release|Win32
		{1C1FB9A1-0B7D-4115-8BFD-8E02E62C20C6}.Release|x64.ActiveCfg = Release|x64
		{1C1FB9A1-0B7D-4115-8BFD-8E02E62C20C6}.Release|x64.Build.0 = Release|x64
		{1C1FB9A1-0B7D-4115-8BFD-8E02E62C20C6}.Release|x86.ActiveCfg = Release|Win32
		{1C1FB9A1-0B7D-4115-8BFD-8E02E62C20C6}.Release|x86.Build.0 = Release|Win32
		{C22DABF8-A7AA-4E2A-8D0E-3748A9C76BA5}.Debug|Any CPU.ActiveCfg = Debug|Win32
		{C22DABF8-A7AA-4E2A-8D0E-3748A9C76BA5}.Debug|ARM.ActiveCfg = Debug|ARM
		{C22DABF8-A7AA-4E2A-8D0E-3748A9C76BA5}.Debug|ARM.Build.0 = Debug|ARM
		{C22DABF8-A7AA-4E2A-8D0E-3748A9C76BA5}.Debug|Mixed Platforms.ActiveCfg = Debug|Win32
		{C22DABF8-A7AA-4E2A-8D0E-3748A9C76BA5}.Debug|Mixed Platforms.Build.0 = Debug|Win32
		{C22DABF8-A7AA-4E2A-8D0E-3748A9C76BA5}.Debug|Win32.ActiveCfg = Debug|Win32
		{C22DABF8-A7AA-4E2A-8D0E-3748A9C76BA5}.Debug|Win32.Build.0 = Debug|Win32
		{C22DABF8-A7AA-4E2A-8D0E-3748A9C76BA5}.Debug|x64.ActiveCfg = Debug|x64
		{C22DABF8-A7AA-4E2A-8D0E-3748A9C76BA5}.Debug|x64.Build.0 = Debug|x64
		{C22DABF8-A7AA-4E2A-8D0E-3748A9C76BA5}.Debug|x86.ActiveCfg = Debug|Win32
		{C22DABF8-A7AA-4E2A-8D0E-3748A9C76BA5}.Debug|x86.Build.0 = Debug|Win32
		{C22DABF8-A7AA-4E2A-8D0E-3748A9C76BA5}.Release|Any CPU.ActiveCfg = Release|Win32
		{C22DABF8-A7AA-4E2A-8D0E-3748A9C76BA5}.Release|ARM.ActiveCfg = Release|ARM
		{C22DABF8-A7AA-4E2A-8D0E-3748A9C76BA5}.Release|ARM.Build.0 = Release|ARM
		{C22DABF8-A7AA-4E2A-8D0E-3748A9C76BA5}.Release|Mixed Platforms.ActiveCfg = Release|Win32
		{C22DABF8-A7AA-4E2A-8D0E-3748A9C76BA5}.Release|Mixed Platforms.Build.0 = Release|Win32
		{C22DABF8-A7AA-4E2A-8D0E-3748A9C76BA5}.Release|Win32.ActiveCfg = Release|Win32
		{C22DABF8-A7AA-4E2A-8D0E-3748A9C76BA5}.Release|Win32.Build.0 = Release|Win32
		{C22DABF8-A7AA-4E2A-8D0E-3748A9C76BA5}.Release|x64.ActiveCfg = Release|x64
		{C22DABF8-A7AA-4E2A-8D0E-3748A9C76BA5}.Release|x64.Build.0 = Release|x64
		{C22DABF8-A7AA-4E2A-8D0E-3748A9C76BA5}.Release|x86.ActiveCfg = Release|Win32
		{C22DABF8-A7AA-4E2A-8D0E-3748A9C76BA5}.Release|x86.Build.0 = Release|Win32
		{75020AC1-38E6-4D32-98F3-F3D2CCBE88B8}.Debug|Any CPU.ActiveCfg = Debug|Win32
		{75020AC1-38E6-4D32-98F3-F3D2CCBE88B8}.Debug|ARM.ActiveCfg = Debug|ARM
		{75020AC1-38E6-4D32-98F3-F3D2CCBE88B8}.Debug|ARM.Build.0 = Debug|ARM
		{75020AC1-38E6-4D32-98F3-F3D2CCBE88B8}.Debug|Mixed Platforms.ActiveCfg = Debug|Win32
		{75020AC1-38E6-4D32-98F3-F3D2CCBE88B8}.Debug|Mixed Platforms.Build.0 = Debug|Win32
		{75020AC1-38E6-4D32-98F3-F3D2CCBE88B8}.Debug|Win32.ActiveCfg = Debug|Win32
		{75020AC1-38E6-4D32-98F3-F3D2CCBE88B8}.Debug|Win32.Build.0 = Debug|Win32
		{75020AC1-38E6-4D32-98F3-F3D2CCBE88B8}.Debug|x64.ActiveCfg = Debug|x64
		{75020AC1-38E6-4D32-98F3-F3D2CCBE88B8}.Debug|x64.Build.0 = Debug|x64
		{75020AC1-38E6-4D32-98F3-F3D2CCBE88B8}.Debug|x86.ActiveCfg = Debug|Win32
		{75020AC1-38E6-4D32-98F3-F3D2CCBE88B8}.Debug|x86.Build.0 = Debug|Win32
		{75020AC1-38E6-4D32-98F3-F3D2CCBE88B8}.Release|Any CPU.ActiveCfg = Release|Win32
		{75020AC1-38E6-4D32-98F3-F3D2CCBE88B8}.Release|ARM.ActiveCfg = Release|ARM
		{75020AC1-38E6-4D32-98F3-F3D2CCBE88B8}.Release|ARM.Build.0 = Release|ARM
		{75020AC1-38E6-4D32-98F3-F3D2CCBE88B8}.Release|Mixed Platforms.ActiveCfg = Release|Win32
		{75020AC1-38E6-4D32-98F3-F3D2CCBE88B8}.Release|Mixed Platforms.Build.0 = Release|Win32
		{75020AC1-38E6-4D32-98F3-F3D2CCBE88B8}.Release|Win32.ActiveCfg = Release|Win32
		{75020AC1-38E6-4D32-98F3-F3D2CCBE88B8}.Release|Win32.Build.0 = Release|Win32
		{75020AC1-38E6-4D32-98F3-F3D2CCBE88B8}.Release|x64.ActiveCfg = Release|x64
		{75020AC1-38E6-4D32-98F3-F3D2CCBE88B8}.Release|x64.Build.0 = Release|x64
		{75020AC1-38E6-4D32-98F3-F3D2CCBE88B8}.Release|x86.ActiveCfg = Release|Win32
		{75020AC1-38E6-4D32-98F3-F3D2CCBE88B8}.Release|x86.Build.0 = Release|Win32
		{FF1B8784-FAFE-4EFB-A4EA-EFCD2F3D53DA}.Debug|Any CPU.ActiveCfg = Debug|Win32
		{FF1B8784-FAFE-4EFB-A4EA-EFCD2F3D53DA}.Debug|ARM.ActiveCfg = Debug|ARM
		{FF1B8784-FAFE-4EFB-A4EA-EFCD2F3D53DA}.Debug|ARM.Build.0 = Debug|ARM
		{FF1B8784-FAFE-4EFB-A4EA-EFCD2F3D53DA}.Debug|Mixed Platforms.ActiveCfg = Debug|Win32
		{FF1B8784-FAFE-4EFB-A4EA-EFCD2F3D53DA}.Debug|Mixed Platforms.Build.0 = Debug|Win32
		{FF1B8784-FAFE-4EFB-A4EA-EFCD2F3D53DA}.Debug|Win32.ActiveCfg = Debug|Win32
		{FF1B8784-FAFE-4EFB-A4EA-EFCD2F3D53DA}.Debug|Win32.Build.0 = Debug|Win32
		{FF1B8784-FAFE-4EFB-A4EA-EFCD2F3D53DA}.Debug|x64.ActiveCfg = Debug|x64
		{FF1B8784-FAFE-4EFB-A4EA-EFCD2F3D53DA}.Debug|x64.Build.0 = Debug|x64
		{FF1B8784-FAFE-4EFB-A4EA-EFCD2F3D53DA}.Debug|x86.ActiveCfg = Debug|Win32
		{FF1B8784-FAFE-4EFB-A4EA-EFCD2F3D53DA}.Debug|x86.Build.0 = Debug|Win32
		{FF1B8784-FAFE-4EFB-A4EA-EFCD2F3D53DA}.Release|Any CPU.ActiveCfg = Release|Win32
		{FF1B8784-FAFE-4EFB-A4EA-EFCD2F3D53DA}.Release|ARM.ActiveCfg = Release|ARM
		{FF1B8784-FAFE-4EFB-A4EA-EFCD2F3D53DA}.Release|ARM.Build.0 = Release|ARM
		{FF1B8784-FAFE-4EFB-A4EA-EFCD2F3D53DA}.Release|Mixed Platforms.ActiveCfg = Release|Win32
		{FF1B8784-FAFE-4EFB-A4EA-EFCD2F3D53DA}.Release|Mixed Platforms.Build.0 = Release|Win32
		{FF1B8784-FAFE-4EFB-A4EA-EFCD2F3D53DA}.Release|Win32.ActiveCfg = Release|Win32
		{FF1B8784-FAFE-4EFB-A4EA-EFCD2F3D53DA}.Release|Win32.Build.0 = Release|Win32
		{FF1B8784-FAFE-4EFB-A4EA-EFCD2F3D53DA}.Release|x64.ActiveCfg = Release|x64
		{FF1B8784-FAFE-4EFB-A4EA-EFCD2F3D53DA}.Release|x64.Build.0 = Release|x64
		{FF1B8784-FAFE-4EFB-A4EA-EFCD2F3D53DA}.Release|x86.ActiveCfg = Release|Win32
		{FF1B8784-FAFE-4EFB-A4EA-EFCD2F3D53DA}.Release|x86.Build.0 = Release|Win32
		{D65CBA67-B2DC-4A1B-AC56-8DE9C35BD693}.Debug|Any CPU.ActiveCfg = Debug|Win32
		{D65CBA67-B2DC-4A1B-AC56-8DE9C35BD693}.Debug|ARM.ActiveCfg = Debug|ARM
		{D65CBA67-B2DC-4A1B-AC56-8DE9C35BD693}.Debug|ARM.Build.0 = Debug|ARM
		{D65CBA67-B2DC-4A1B-AC56-8DE9C35BD693}.Debug|Mixed Platforms.ActiveCfg = Debug|Win32
		{D65CBA67-B2DC-4A1B-AC56-8DE9C35BD693}.Debug|Mixed Platforms.Build.0 = Debug|Win32
		{D65CBA67-B2DC-4A1B-AC56-8DE9C35BD693}.Debug|Win32.ActiveCfg = Debug|Win32
		{D65CBA67-B2DC-4A1B-AC56-8DE9C35BD693}.Debug|Win32.Build.0 = Debug|Win32
		{D65CBA67-B2DC-4A1B-AC56-8DE9C35BD693}.Debug|x64.ActiveCfg = Debug|x64
		{D65CBA67-B2DC-4A1B-AC56-8DE9C35BD693}.Debug|x64.Build.0 = Debug|x64
		{D65CBA67-B2DC-4A1B-AC56-8DE9C35BD693}.Debug|x86.ActiveCfg = Debug|Win32
		{D65CBA67-B2DC-4A1B-AC56-8DE9C35BD693}.Debug|x86.Build.0 = Debug|Win32
		{D65CBA67-B2DC-4A1B-AC56-8DE9C35BD693}.Release|Any CPU.ActiveCfg = Release|Win32
		{D65CBA67-B2DC-4A1B-AC56-8DE9C35BD693}.Release|ARM.ActiveCfg = Release|ARM
		{D65CBA67-B2DC-4A1B-AC56-8DE9C35BD693}.Release|ARM.Build.0 = Release|ARM
		{D65CBA67-B2DC-4A1B-AC56-8DE9C35BD693}.Release|Mixed Platforms.ActiveCfg = Release|Win32
		{D65CBA67-B2DC-4A1B-AC56-8DE9C35BD693}.Release|Mixed Platforms.Build.0 = Release|Win32
		{D65CBA67-B2DC-4A1B-AC56-8DE9C35BD693}.Release|Win32.ActiveCfg = Release|Win32
		{D65CBA67-B2DC-4A1B-AC56-8DE9C35BD693}.Release|Win32.Build.0 = Release|Win32
		{D65CBA67-B2DC-4A1B-AC56-8DE9C35BD693}.Release|x64.ActiveCfg = Release|x64
		{D65CBA67-B2DC-4A1B-AC56-8DE9C35BD693}.Release|x64.Build.0 = Release|x64
		{D65CBA67-B2DC-4A1B-AC56-8DE9C35BD693}.Release|x86.ActiveCfg = Release|Win32
		{D65CBA67-B2DC-4A1B-AC56-8DE9C35BD693}.Release|x86.Build.0 = Release|Win32
	EndGlobalSection
	GlobalSection(SolutionProperties) = preSolution
		HideSolutionNode = FALSE
	EndGlobalSection
	GlobalSection(NestedProjects) = preSolution
		{E2CBE341-525B-4679-9969-AB747181C531} = {69ECED92-3BBC-4026-A125-DEF3AEBE2706}
		{06F4D5B6-9F5F-B8D2-85DE-494642BB5124} = {07F4FD80-5B80-4CDA-9DB5-AA63030E0894}
		{C7E08391-F549-789D-FECA-C8A0AAB0EFA3} = {A046E226-2BD4-41AA-A924-B905CF28ADAA}
		{8DFC87E8-97C7-4188-902A-491F42820C14} = {736BC35D-33B4-4CD8-AE77-F55A16448721}
		{F3DC5197-0CFC-86AF-CD84-E4548B8A3DF4} = {736BC35D-33B4-4CD8-AE77-F55A16448721}
		{73688377-513F-49E0-B443-AEB3719526E7} = {736BC35D-33B4-4CD8-AE77-F55A16448721}
		{C8E7F742-0E98-41DB-8584-F064B634AB78} = {07F4FD80-5B80-4CDA-9DB5-AA63030E0894}
		{60038A1B-EC77-42D2-A7ED-A5EA311653B2} = {07F4FD80-5B80-4CDA-9DB5-AA63030E0894}
		{44A5C8BB-62EC-4CB5-9DAB-D51C068E54CE} = {69ECED92-3BBC-4026-A125-DEF3AEBE2706}
		{1DC4ABCF-2E18-450C-B0F7-F5E90B014122} = {69ECED92-3BBC-4026-A125-DEF3AEBE2706}
		{C97FDD5F-FE09-42AC-BEBD-593B0C2737A4} = {A046E226-2BD4-41AA-A924-B905CF28ADAA}
		{441BC4E5-CD0E-4FF4-88DA-FC835DF463C9} = {A046E226-2BD4-41AA-A924-B905CF28ADAA}
		{21226A9B-95A3-EC00-9466-FA81CAD6883B} = {0BD22A82-52ED-441B-BE06-B85B821FC9A1}
		{44862CF9-D991-FE29-40A4-E0CF9A3BAB87} = {3BF20B70-C2BF-42D3-8089-CD8F05EC790E}
		{F4C1A94F-DF54-348F-E5E2-834DA6297B06} = {EA755B23-18F8-4DF3-9A39-2395D6C4E01F}
		{5F69AF87-7F1F-4522-0F90-62C8FB3FB843} = {CD7FE245-410C-4B71-BB50-5AFA8331390C}
		{9F0AF615-9152-D50B-2F31-1458D82F932D} = {21A36CF5-227B-48AA-873C-35AD30971327}
		{1907AB42-8548-4755-BAAC-48484090F50B} = {F58664D2-EF46-468C-B399-5CA9317A2CD9}
		{F00F2846-75A6-4B8C-B3F0-237007BD2253} = {B525379B-A84C-477E-8BE8-2B912887CF5D}
		{C641C727-2445-4306-B142-103DEAC4803D} = {0BD22A82-52ED-441B-BE06-B85B821FC9A1}
		{C8AAC24F-E692-42CA-8CED-81CCA5B9B17E} = {0BD22A82-52ED-441B-BE06-B85B821FC9A1}
		{22ABD1B8-B811-4323-9A0C-0D9AAB49680A} = {21A36CF5-227B-48AA-873C-35AD30971327}
		{4E5371A1-F81E-4009-AD06-6CCDF7A910A6} = {21A36CF5-227B-48AA-873C-35AD30971327}
		{400D753B-3525-479C-81A5-A0C562035E60} = {3BF20B70-C2BF-42D3-8089-CD8F05EC790E}
		{1C1FB9A1-0B7D-4115-8BFD-8E02E62C20C6} = {3BF20B70-C2BF-42D3-8089-CD8F05EC790E}
		{C40EDEEE-4F3A-4E00-A7A2-A15ECFB4A466} = {F58664D2-EF46-468C-B399-5CA9317A2CD9}
		{C22DABF8-A7AA-4E2A-8D0E-3748A9C76BA5} = {F58664D2-EF46-468C-B399-5CA9317A2CD9}
		{680BE40F-9494-4241-8366-A935710C35C8} = {EA755B23-18F8-4DF3-9A39-2395D6C4E01F}
		{75020AC1-38E6-4D32-98F3-F3D2CCBE88B8} = {EA755B23-18F8-4DF3-9A39-2395D6C4E01F}
		{4B38F882-C994-4EF4-84BE-D8005AE65915} = {B525379B-A84C-477E-8BE8-2B912887CF5D}
		{FF1B8784-FAFE-4EFB-A4EA-EFCD2F3D53DA} = {B525379B-A84C-477E-8BE8-2B912887CF5D}
		{3D75CD63-651D-4062-910C-B0730C7B5F69} = {CD7FE245-410C-4B71-BB50-5AFA8331390C}
		{D65CBA67-B2DC-4A1B-AC56-8DE9C35BD693} = {CD7FE245-410C-4B71-BB50-5AFA8331390C}
	EndGlobalSection
EndGlobal
