
Microsoft Visual Studio Solution File, Format Version 12.00
# Visual Studio 2013
VisualStudioVersion = 12.0.40629.0
MinimumVisualStudioVersion = 10.0.40219.1
Project("{8BC9CEB8-8B4A-11D0-8D11-00A0C91BC942}") = "Configure", "Configure.vcxproj", "{6024D8A6-99D1-432F-86A4-C46F88B46092}"
EndProject
Project("{8BC9CEB8-8B4A-11D0-8D11-00A0C91BC942}") = "ARICP", "ARICP.WindowsPhone\ARICP.WindowsPhone.vcxproj", "{E2CBE341-525B-4679-9969-AB747181C531}"
	ProjectSection(ProjectDependencies) = postProject
		{6024D8A6-99D1-432F-86A4-C46F88B46092} = {6024D8A6-99D1-432F-86A4-C46F88B46092}
	EndProjectSection
EndProject
Project("{8BC9CEB8-8B4A-11D0-8D11-00A0C91BC942}") = "AR2", "AR2.WindowsPhone\AR2.WindowsPhone.vcxproj", "{06F4D5B6-9F5F-B8D2-85DE-494642BB5124}"
	ProjectSection(ProjectDependencies) = postProject
		{6024D8A6-99D1-432F-86A4-C46F88B46092} = {6024D8A6-99D1-432F-86A4-C46F88B46092}
	EndProjectSection
EndProject
Project("{8BC9CEB8-8B4A-11D0-8D11-00A0C91BC942}") = "ARUtil", "ARUtil.WindowsPhone\ARUtil.WindowsPhone.vcxproj", "{C7E08391-F549-789D-FECA-C8A0AAB0EFA3}"
	ProjectSection(ProjectDependencies) = postProject
		{6024D8A6-99D1-432F-86A4-C46F88B46092} = {6024D8A6-99D1-432F-86A4-C46F88B46092}
	EndProjectSection
EndProject
Project("{2150E333-8FDC-42A3-9474-1A3956D46DE8}") = "KPM", "KPM", "{736BC35D-33B4-4CD8-AE77-F55A16448721}"
EndProject
Project("{8BC9CEB8-8B4A-11D0-8D11-00A0C91BC942}") = "KPM.Shared", "KPM.Shared\KPM.Shared.vcxitems", "{8DFC87E8-97C7-4188-902A-491F42820C14}"
EndProject
Project("{8BC9CEB8-8B4A-11D0-8D11-00A0C91BC942}") = "KPM", "KPM.WindowsPhone\KPM.WindowsPhone.vcxproj", "{F3DC5197-0CFC-86AF-CD84-E4548B8A3DF4}"
	ProjectSection(ProjectDependencies) = postProject
		{6024D8A6-99D1-432F-86A4-C46F88B46092} = {6024D8A6-99D1-432F-86A4-C46F88B46092}
	EndProjectSection
EndProject
Project("{8BC9CEB8-8B4A-11D0-8D11-00A0C91BC942}") = "KPM", "KPM.Windows\KPM.Windows.vcxproj", "{73688377-513F-49E0-B443-AEB3719526E7}"
	ProjectSection(ProjectDependencies) = postProject
		{6024D8A6-99D1-432F-86A4-C46F88B46092} = {6024D8A6-99D1-432F-86A4-C46F88B46092}
	EndProjectSection
EndProject
Project("{2150E333-8FDC-42A3-9474-1A3956D46DE8}") = "AR2", "AR2", "{07F4FD80-5B80-4CDA-9DB5-AA63030E0894}"
EndProject
Project("{8BC9CEB8-8B4A-11D0-8D11-00A0C91BC942}") = "AR2.Shared", "AR2.Shared\AR2.Shared.vcxitems", "{C8E7F742-0E98-41DB-8584-F064B634AB78}"
EndProject
Project("{8BC9CEB8-8B4A-11D0-8D11-00A0C91BC942}") = "AR2", "AR2.Windows\AR2.Windows.vcxproj", "{60038A1B-EC77-42D2-A7ED-A5EA311653B2}"
	ProjectSection(ProjectDependencies) = postProject
		{6024D8A6-99D1-432F-86A4-C46F88B46092} = {6024D8A6-99D1-432F-86A4-C46F88B46092}
	EndProjectSection
EndProject
Project("{2150E333-8FDC-42A3-9474-1A3956D46DE8}") = "ARICP", "ARICP", "{69ECED92-3BBC-4026-A125-DEF3AEBE2706}"
EndProject
Project("{8BC9CEB8-8B4A-11D0-8D11-00A0C91BC942}") = "ARICP.Shared", "ARICP.Shared\ARICP.Shared.vcxitems", "{44A5C8BB-62EC-4CB5-9DAB-D51C068E54CE}"
EndProject
Project("{8BC9CEB8-8B4A-11D0-8D11-00A0C91BC942}") = "ARICP", "ARICP.Windows\ARICP.Windows.vcxproj", "{1DC4ABCF-2E18-450C-B0F7-F5E90B014122}"
	ProjectSection(ProjectDependencies) = postProject
		{6024D8A6-99D1-432F-86A4-C46F88B46092} = {6024D8A6-99D1-432F-86A4-C46F88B46092}
	EndProjectSection
EndProject
Project("{2150E333-8FDC-42A3-9474-1A3956D46DE8}") = "ARUtil", "ARUtil", "{A046E226-2BD4-41AA-A924-B905CF28ADAA}"
EndProject
Project("{8BC9CEB8-8B4A-11D0-8D11-00A0C91BC942}") = "ARUtil.Shared", "ARUtil.Shared\ARUtil.Shared.vcxitems", "{C97FDD5F-FE09-42AC-BEBD-593B0C2737A4}"
EndProject
Project("{8BC9CEB8-8B4A-11D0-8D11-00A0C91BC942}") = "ARUtil", "ARUtil.Windows\ARUtil.Windows.vcxproj", "{441BC4E5-CD0E-4FF4-88DA-FC835DF463C9}"
	ProjectSection(ProjectDependencies) = postProject
		{6024D8A6-99D1-432F-86A4-C46F88B46092} = {6024D8A6-99D1-432F-86A4-C46F88B46092}
	EndProjectSection
EndProject
Project("{8BC9CEB8-8B4A-11D0-8D11-00A0C91BC942}") = "AR", "AR.WindowsPhone\AR.WindowsPhone.vcxproj", "{21226A9B-95A3-EC00-9466-FA81CAD6883B}"
	ProjectSection(ProjectDependencies) = postProject
		{6024D8A6-99D1-432F-86A4-C46F88B46092} = {6024D8A6-99D1-432F-86A4-C46F88B46092}
	EndProjectSection
EndProject
Project("{8BC9CEB8-8B4A-11D0-8D11-00A0C91BC942}") = "ARMulti", "ARMulti.WindowsPhone\ARMulti.WindowsPhone.vcxproj", "{44862CF9-D991-FE29-40A4-E0CF9A3BAB87}"
	ProjectSection(ProjectDependencies) = postProject
		{21226A9B-95A3-EC00-9466-FA81CAD6883B} = {21226A9B-95A3-EC00-9466-FA81CAD6883B}
		{6024D8A6-99D1-432F-86A4-C46F88B46092} = {6024D8A6-99D1-432F-86A4-C46F88B46092}
	EndProjectSection
EndProject
Project("{8BC9CEB8-8B4A-11D0-8D11-00A0C91BC942}") = "ARvideo", "ARvideo.WindowsPhone\ARvideo.WindowsPhone.vcxproj", "{F4C1A94F-DF54-348F-E5E2-834DA6297B06}"
	ProjectSection(ProjectDependencies) = postProject
		{21226A9B-95A3-EC00-9466-FA81CAD6883B} = {21226A9B-95A3-EC00-9466-FA81CAD6883B}
		{6024D8A6-99D1-432F-86A4-C46F88B46092} = {6024D8A6-99D1-432F-86A4-C46F88B46092}
	EndProjectSection
EndProject
Project("{8BC9CEB8-8B4A-11D0-8D11-00A0C91BC942}") = "ARWrapper-static", "ARWrapper-static.WindowsPhone\ARWrapper-static.WindowsPhone.vcxproj", "{5F69AF87-7F1F-4522-0F90-62C8FB3FB843}"
	ProjectSection(ProjectDependencies) = postProject
		{9F0AF615-9152-D50B-2F31-1458D82F932D} = {9F0AF615-9152-D50B-2F31-1458D82F932D}
		{E2CBE341-525B-4679-9969-AB747181C531} = {E2CBE341-525B-4679-9969-AB747181C531}
		{F4C1A94F-DF54-348F-E5E2-834DA6297B06} = {F4C1A94F-DF54-348F-E5E2-834DA6297B06}
		{C7E08391-F549-789D-FECA-C8A0AAB0EFA3} = {C7E08391-F549-789D-FECA-C8A0AAB0EFA3}
		{F3DC5197-0CFC-86AF-CD84-E4548B8A3DF4} = {F3DC5197-0CFC-86AF-CD84-E4548B8A3DF4}
		{21226A9B-95A3-EC00-9466-FA81CAD6883B} = {21226A9B-95A3-EC00-9466-FA81CAD6883B}
		{06F4D5B6-9F5F-B8D2-85DE-494642BB5124} = {06F4D5B6-9F5F-B8D2-85DE-494642BB5124}
		{44862CF9-D991-FE29-40A4-E0CF9A3BAB87} = {44862CF9-D991-FE29-40A4-E0CF9A3BAB87}
	EndProjectSection
EndProject
Project("{8BC9CEB8-8B4A-11D0-8D11-00A0C91BC942}") = "ARgsub_es2", "ARgsub_es2.WindowsPhone\ARgsub_es2.WindowsPhone.vcxproj", "{9F0AF615-9152-D50B-2F31-1458D82F932D}"
	ProjectSection(ProjectDependencies) = postProject
		{6024D8A6-99D1-432F-86A4-C46F88B46092} = {6024D8A6-99D1-432F-86A4-C46F88B46092}
	EndProjectSection
EndProject
Project("{8BC9CEB8-8B4A-11D0-8D11-00A0C91BC942}") = "ARToolKitComponent", "ARToolKitComponent.WindowsPhone\ARToolKitComponent.WindowsPhone.vcxproj", "{1907AB42-8548-4755-BAAC-48484090F50B}"
	ProjectSection(ProjectDependencies) = postProject
		{9F0AF615-9152-D50B-2F31-1458D82F932D} = {9F0AF615-9152-D50B-2F31-1458D82F932D}
		{E2CBE341-525B-4679-9969-AB747181C531} = {E2CBE341-525B-4679-9969-AB747181C531}
		{F4C1A94F-DF54-348F-E5E2-834DA6297B06} = {F4C1A94F-DF54-348F-E5E2-834DA6297B06}
		{5F69AF87-7F1F-4522-0F90-62C8FB3FB843} = {5F69AF87-7F1F-4522-0F90-62C8FB3FB843}
		{C7E08391-F549-789D-FECA-C8A0AAB0EFA3} = {C7E08391-F549-789D-FECA-C8A0AAB0EFA3}
		{F3DC5197-0CFC-86AF-CD84-E4548B8A3DF4} = {F3DC5197-0CFC-86AF-CD84-E4548B8A3DF4}
		{21226A9B-95A3-EC00-9466-FA81CAD6883B} = {21226A9B-95A3-EC00-9466-FA81CAD6883B}
		{06F4D5B6-9F5F-B8D2-85DE-494642BB5124} = {06F4D5B6-9F5F-B8D2-85DE-494642BB5124}
		{44862CF9-D991-FE29-40A4-E0CF9A3BAB87} = {44862CF9-D991-FE29-40A4-E0CF9A3BAB87}
	EndProjectSection
EndProject
Project("{8BC9CEB8-8B4A-11D0-8D11-00A0C91BC942}") = "ARWrapper", "ARWrapper.WindowsPhone\ARWrapper.WindowsPhone.vcxproj", "{F00F2846-75A6-4B8C-B3F0-237007BD2253}"
	ProjectSection(ProjectDependencies) = postProject
		{9F0AF615-9152-D50B-2F31-1458D82F932D} = {9F0AF615-9152-D50B-2F31-1458D82F932D}
		{E2CBE341-525B-4679-9969-AB747181C531} = {E2CBE341-525B-4679-9969-AB747181C531}
		{F4C1A94F-DF54-348F-E5E2-834DA6297B06} = {F4C1A94F-DF54-348F-E5E2-834DA6297B06}
		{C7E08391-F549-789D-FECA-C8A0AAB0EFA3} = {C7E08391-F549-789D-FECA-C8A0AAB0EFA3}
		{F3DC5197-0CFC-86AF-CD84-E4548B8A3DF4} = {F3DC5197-0CFC-86AF-CD84-E4548B8A3DF4}
		{21226A9B-95A3-EC00-9466-FA81CAD6883B} = {21226A9B-95A3-EC00-9466-FA81CAD6883B}
		{06F4D5B6-9F5F-B8D2-85DE-494642BB5124} = {06F4D5B6-9F5F-B8D2-85DE-494642BB5124}
		{44862CF9-D991-FE29-40A4-E0CF9A3BAB87} = {44862CF9-D991-FE29-40A4-E0CF9A3BAB87}
	EndProjectSection
EndProject
Project("{2150E333-8FDC-42A3-9474-1A3956D46DE8}") = "AR", "AR", "{0BD22A82-52ED-441B-BE06-B85B821FC9A1}"
EndProject
Project("{8BC9CEB8-8B4A-11D0-8D11-00A0C91BC942}") = "AR.Shared", "AR.Shared\AR.Shared.vcxitems", "{C641C727-2445-4306-B142-103DEAC4803D}"
EndProject
Project("{8BC9CEB8-8B4A-11D0-8D11-00A0C91BC942}") = "AR", "AR.Windows\AR.Windows.vcxproj", "{C8AAC24F-E692-42CA-8CED-81CCA5B9B17E}"
	ProjectSection(ProjectDependencies) = postProject
		{6024D8A6-99D1-432F-86A4-C46F88B46092} = {6024D8A6-99D1-432F-86A4-C46F88B46092}
	EndProjectSection
EndProject
Project("{2150E333-8FDC-42A3-9474-1A3956D46DE8}") = "ARgsub_es2", "ARgsub_es2", "{21A36CF5-227B-48AA-873C-35AD30971327}"
EndProject
Project("{8BC9CEB8-8B4A-11D0-8D11-00A0C91BC942}") = "ARgsub_es2.Shared", "ARgsub_es2.Shared\ARgsub_es2.Shared.vcxitems", "{22ABD1B8-B811-4323-9A0C-0D9AAB49680A}"
EndProject
Project("{8BC9CEB8-8B4A-11D0-8D11-00A0C91BC942}") = "ARgsub_es2", "ARgsub_es2.Windows\ARgsub_es2.Windows.vcxproj", "{4E5371A1-F81E-4009-AD06-6CCDF7A910A6}"
	ProjectSection(ProjectDependencies) = postProject
		{6024D8A6-99D1-432F-86A4-C46F88B46092} = {6024D8A6-99D1-432F-86A4-C46F88B46092}
	EndProjectSection
EndProject
Project("{2150E333-8FDC-42A3-9474-1A3956D46DE8}") = "ARMulti", "ARMulti", "{3BF20B70-C2BF-42D3-8089-CD8F05EC790E}"
EndProject
Project("{8BC9CEB8-8B4A-11D0-8D11-00A0C91BC942}") = "ARMulti.Shared", "ARMulti.Shared\ARMulti.Shared.vcxitems", "{400D753B-3525-479C-81A5-A0C562035E60}"
EndProject
Project("{8BC9CEB8-8B4A-11D0-8D11-00A0C91BC942}") = "ARMulti", "ARMulti.Windows\ARMulti.Windows.vcxproj", "{1C1FB9A1-0B7D-4115-8BFD-8E02E62C20C6}"
	ProjectSection(ProjectDependencies) = postProject
		{C8AAC24F-E692-42CA-8CED-81CCA5B9B17E} = {C8AAC24F-E692-42CA-8CED-81CCA5B9B17E}
		{6024D8A6-99D1-432F-86A4-C46F88B46092} = {6024D8A6-99D1-432F-86A4-C46F88B46092}
	EndProjectSection
EndProject
Project("{2150E333-8FDC-42A3-9474-1A3956D46DE8}") = "ARToolKitComponent", "ARToolKitComponent", "{F58664D2-EF46-468C-B399-5CA9317A2CD9}"
EndProject
Project("{8BC9CEB8-8B4A-11D0-8D11-00A0C91BC942}") = "ARToolKitComponent.Shared", "ARToolKitComponent.Shared\ARToolKitComponent.Shared.vcxitems", "{C40EDEEE-4F3A-4E00-A7A2-A15ECFB4A466}"
EndProject
Project("{8BC9CEB8-8B4A-11D0-8D11-00A0C91BC942}") = "ARToolKitComponent", "ARToolKitComponent.Windows\ARToolKitComponent.Windows.vcxproj", "{C22DABF8-A7AA-4E2A-8D0E-3748A9C76BA5}"
	ProjectSection(ProjectDependencies) = postProject
		{60038A1B-EC77-42D2-A7ED-A5EA311653B2} = {60038A1B-EC77-42D2-A7ED-A5EA311653B2}
		{C8AAC24F-E692-42CA-8CED-81CCA5B9B17E} = {C8AAC24F-E692-42CA-8CED-81CCA5B9B17E}
		{D65CBA67-B2DC-4A1B-AC56-8DE9C35BD693} = {D65CBA67-B2DC-4A1B-AC56-8DE9C35BD693}
		{73688377-513F-49E0-B443-AEB3719526E7} = {73688377-513F-49E0-B443-AEB3719526E7}
		{4E5371A1-F81E-4009-AD06-6CCDF7A910A6} = {4E5371A1-F81E-4009-AD06-6CCDF7A910A6}
		{1C1FB9A1-0B7D-4115-8BFD-8E02E62C20C6} = {1C1FB9A1-0B7D-4115-8BFD-8E02E62C20C6}
		{75020AC1-38E6-4D32-98F3-F3D2CCBE88B8} = {75020AC1-38E6-4D32-98F3-F3D2CCBE88B8}
		{1DC4ABCF-2E18-450C-B0F7-F5E90B014122} = {1DC4ABCF-2E18-450C-B0F7-F5E90B014122}
		{441BC4E5-CD0E-4FF4-88DA-FC835DF463C9} = {441BC4E5-CD0E-4FF4-88DA-FC835DF463C9}
	EndProjectSection
EndProject
Project("{2150E333-8FDC-42A3-9474-1A3956D46DE8}") = "ARvideo", "ARvideo", "{EA755B23-18F8-4DF3-9A39-2395D6C4E01F}"
EndProject
Project("{8BC9CEB8-8B4A-11D0-8D11-00A0C91BC942}") = "ARvideo.Shared", "ARvideo.Shared\ARvideo.Shared.vcxitems", "{680BE40F-9494-4241-8366-A935710C35C8}"
EndProject
Project("{8BC9CEB8-8B4A-11D0-8D11-00A0C91BC942}") = "ARvideo", "ARvideo.Windows\ARvideo.Windows.vcxproj", "{75020AC1-38E6-4D32-98F3-F3D2CCBE88B8}"
	ProjectSection(ProjectDependencies) = postProject
		{C8AAC24F-E692-42CA-8CED-81CCA5B9B17E} = {C8AAC24F-E692-42CA-8CED-81CCA5B9B17E}
		{6024D8A6-99D1-432F-86A4-C46F88B46092} = {6024D8A6-99D1-432F-86A4-C46F88B46092}
	EndProjectSection
EndProject
Project("{2150E333-8FDC-42A3-9474-1A3956D46DE8}") = "ARWrapper", "ARWrapper", "{B525379B-A84C-477E-8BE8-2B912887CF5D}"
EndProject
Project("{8BC9CEB8-8B4A-11D0-8D11-00A0C91BC942}") = "ARWrapper.Shared", "ARWrapper.Shared\ARWrapper.Shared.vcxitems", "{4B38F882-C994-4EF4-84BE-D8005AE65915}"
EndProject
Project("{8BC9CEB8-8B4A-11D0-8D11-00A0C91BC942}") = "ARWrapper", "ARWrapper.Windows\ARWrapper.Windows.vcxproj", "{FF1B8784-FAFE-4EFB-A4EA-EFCD2F3D53DA}"
	ProjectSection(ProjectDependencies) = postProject
		{60038A1B-EC77-42D2-A7ED-A5EA311653B2} = {60038A1B-EC77-42D2-A7ED-A5EA311653B2}
		{C8AAC24F-E692-42CA-8CED-81CCA5B9B17E} = {C8AAC24F-E692-42CA-8CED-81CCA5B9B17E}
		{73688377-513F-49E0-B443-AEB3719526E7} = {73688377-513F-49E0-B443-AEB3719526E7}
		{4E5371A1-F81E-4009-AD06-6CCDF7A910A6} = {4E5371A1-F81E-4009-AD06-6CCDF7A910A6}
		{1C1FB9A1-0B7D-4115-8BFD-8E02E62C20C6} = {1C1FB9A1-0B7D-4115-8BFD-8E02E62C20C6}
		{75020AC1-38E6-4D32-98F3-F3D2CCBE88B8} = {75020AC1-38E6-4D32-98F3-F3D2CCBE88B8}
		{1DC4ABCF-2E18-450C-B0F7-F5E90B014122} = {1DC4ABCF-2E18-450C-B0F7-F5E90B014122}
		{441BC4E5-CD0E-4FF4-88DA-FC835DF463C9} = {441BC4E5-CD0E-4FF4-88DA-FC835DF463C9}
	EndProjectSection
EndProject
Project("{2150E333-8FDC-42A3-9474-1A3956D46DE8}") = "ARWrapper-static", "ARWrapper-static", "{CD7FE245-410C-4B71-BB50-5AFA8331390C}"
EndProject
Project("{8BC9CEB8-8B4A-11D0-8D11-00A0C91BC942}") = "ARWrapper-static.Shared", "ARWrapper-static.Shared\ARWrapper-static.Shared.vcxitems", "{3D75CD63-651D-4062-910C-B0730C7B5F69}"
EndProject
Project("{8BC9CEB8-8B4A-11D0-8D11-00A0C91BC942}") = "ARWrapper-static", "ARWrapper-static.Windows\ARWrapper-static.Windows.vcxproj", "{D65CBA67-B2DC-4A1B-AC56-8DE9C35BD693}"
	ProjectSection(ProjectDependencies) = postProject
		{60038A1B-EC77-42D2-A7ED-A5EA311653B2} = {60038A1B-EC77-42D2-A7ED-A5EA311653B2}
		{C8AAC24F-E692-42CA-8CED-81CCA5B9B17E} = {C8AAC24F-E692-42CA-8CED-81CCA5B9B17E}
		{73688377-513F-49E0-B443-AEB3719526E7} = {73688377-513F-49E0-B443-AEB3719526E7}
		{4E5371A1-F81E-4009-AD06-6CCDF7A910A6} = {4E5371A1-F81E-4009-AD06-6CCDF7A910A6}
		{1C1FB9A1-0B7D-4115-8BFD-8E02E62C20C6} = {1C1FB9A1-0B7D-4115-8BFD-8E02E62C20C6}
		{75020AC1-38E6-4D32-98F3-F3D2CCBE88B8} = {75020AC1-38E6-4D32-98F3-F3D2CCBE88B8}
		{1DC4ABCF-2E18-450C-B0F7-F5E90B014122} = {1DC4ABCF-2E18-450C-B0F7-F5E90B014122}
		{441BC4E5-CD0E-4FF4-88DA-FC835DF463C9} = {441BC4E5-CD0E-4FF4-88DA-FC835DF463C9}
	EndProjectSection
EndProject
Project("{2150E333-8FDC-42A3-9474-1A3956D46DE8}") = "Examples", "Examples", "{09F516FD-384E-4A88-BCA2-7399C40A0593}"
EndProject
Project("{2150E333-8FDC-42A3-9474-1A3956D46DE8}") = "simpleLiteWinRT", "simpleLiteWinRT", "{2753940E-7687-4D25-9EE6-8E2CCF777662}"
EndProject
Project("{D954291E-2A0B-460D-934E-DC6B0785DB48}") = "simpleLiteWinRT.Shared", "..\..\examples\simpleLiteWinRT\simpleLiteWinRT.Shared\simpleLiteWinRT.Shared.shproj", "{8E795430-C3AA-4972-B3D8-81BACE9AC78A}"
EndProject
Project("{FAE04EC0-301F-11D3-BF4B-00C04F79EFBC}") = "simpleLiteWinRT.Windows", "..\..\examples\simpleLiteWinRT\simpleLiteWinRT.Windows\simpleLiteWinRT.Windows.csproj", "{393D302C-1348-4676-8F2D-1008D46A9A94}"
	ProjectSection(ProjectDependencies) = postProject
		{C5F79206-03D2-4E0F-A7FA-6495585B4ABF} = {C5F79206-03D2-4E0F-A7FA-6495585B4ABF}
	EndProjectSection
EndProject
Project("{FAE04EC0-301F-11D3-BF4B-00C04F79EFBC}") = "simpleLiteWinRT.WindowsPhone", "..\..\examples\simpleLiteWinRT\simpleLiteWinRT.WindowsPhone\simpleLiteWinRT.WindowsPhone.csproj", "{5E650A9B-846C-4DB7-9881-4C78ED6309F0}"
	ProjectSection(ProjectDependencies) = postProject
		{4255E8DE-50C2-4D0C-BB6A-C3C30D2CA8E1} = {4255E8DE-50C2-4D0C-BB6A-C3C30D2CA8E1}
	EndProjectSection
EndProject
Project("{2150E333-8FDC-42A3-9474-1A3956D46DE8}") = "ARgsubD3D", "ARgsubD3D", "{E607A1AB-9309-44E7-8D3A-095ACBA1E8DD}"
EndProject
Project("{8BC9CEB8-8B4A-11D0-8D11-00A0C91BC942}") = "ARgsubD3D.Shared", "..\..\lib\SRC\ARgsubD3D\ARgsubD3D.Shared\ARgsubD3D.Shared.vcxitems", "{C1690D32-1A27-4A36-B893-9E305492704F}"
EndProject
Project("{8BC9CEB8-8B4A-11D0-8D11-00A0C91BC942}") = "ARgsubD3D", "..\..\lib\SRC\ARgsubD3D\ARgsubD3D.Windows\ARgsubD3D.Windows.vcxproj", "{4255E8DE-50C2-4D0C-BB6A-C3C30D2CA8E1}"
EndProject
Project("{8BC9CEB8-8B4A-11D0-8D11-00A0C91BC942}") = "ARgsubD3D", "..\..\lib\SRC\ARgsubD3D\ARgsubD3D.WindowsPhone\ARgsubD3D.WindowsPhone.vcxproj", "{C5F79206-03D2-4E0F-A7FA-6495585B4ABF}"
EndProject
Project("{2150E333-8FDC-42A3-9474-1A3956D46DE8}") = "multiCubeWinRT", "multiCubeWinRT", "{074DF1AE-A56D-49B1-9CC5-7F49804B6AC0}"
EndProject
Project("{D954291E-2A0B-460D-934E-DC6B0785DB48}") = "multiCubeWinRT.Shared", "..\..\examples\multiCubeWinRT\multiCubeWinRT.Shared\multiCubeWinRT.Shared.shproj", "{E4A6C779-D93E-44FA-9EAF-BE91532C6A8D}"
EndProject
Project("{FAE04EC0-301F-11D3-BF4B-00C04F79EFBC}") = "multiCubeWinRT.Windows", "..\..\examples\multiCubeWinRT\multiCubeWinRT.Windows\multiCubeWinRT.Windows.csproj", "{A5C79AB7-5BF8-40C6-BF98-CFA551E92241}"
EndProject
Project("{FAE04EC0-301F-11D3-BF4B-00C04F79EFBC}") = "multiCubeWinRT.WindowsPhone", "..\..\examples\multiCubeWinRT\multiCubeWinRT.WindowsPhone\multiCubeWinRT.WindowsPhone.csproj", "{5BAC1021-28C1-4F9F-8CA3-CEC682300C2F}"
EndProject
Project("{2150E333-8FDC-42A3-9474-1A3956D46DE8}") = "nftSimpleWinRT", "nftSimpleWinRT", "{C64192B2-7DF0-48DF-93D6-9F034A6C1A45}"
EndProject
Project("{D954291E-2A0B-460D-934E-DC6B0785DB48}") = "nftSimpleWinRT.Shared", "..\..\examples\nftSimpleWinRT\nftSimpleWinRT.Shared\nftSimpleWinRT.Shared.shproj", "{66EF3F29-B3AD-4DAA-971B-CB5D96B79053}"
EndProject
Project("{FAE04EC0-301F-11D3-BF4B-00C04F79EFBC}") = "nftSimpleWinRT.Windows", "..\..\examples\nftSimpleWinRT\nftSimpleWinRT.Windows\nftSimpleWinRT.Windows.csproj", "{1F8E9857-EEC5-439B-90A4-8CD29E50C91F}"
EndProject
Project("{FAE04EC0-301F-11D3-BF4B-00C04F79EFBC}") = "nftSimpleWinRT.WindowsPhone", "..\..\examples\nftSimpleWinRT\nftSimpleWinRT.WindowsPhone\nftSimpleWinRT.WindowsPhone.csproj", "{7FCDC331-F5E1-44D9-B631-665A4D8FD826}"
EndProject
Project("{2150E333-8FDC-42A3-9474-1A3956D46DE8}") = "uiControlsWinRT", "uiControlsWinRT", "{026A0BF5-96AE-4ECF-BDD8-9C6E00704CD2}"
EndProject
Project("{D954291E-2A0B-460D-934E-DC6B0785DB48}") = "uiControlsWinRT.Shared", "..\..\examples\uiControlsWinRT\uiControlsWinRT.Shared\uiControlsWinRT.Shared.shproj", "{C7B8CF30-D984-4C6D-9685-FA26711E1DFC}"
EndProject
Project("{FAE04EC0-301F-11D3-BF4B-00C04F79EFBC}") = "uiControlsWinRT.Windows", "..\..\examples\uiControlsWinRT\uiControlsWinRT.Windows\uiControlsWinRT.Windows.csproj", "{E28B2905-F4A5-45E4-8773-0DCA379959E9}"
EndProject
Project("{FAE04EC0-301F-11D3-BF4B-00C04F79EFBC}") = "uiControlsWinRT.WindowsPhone", "..\..\examples\uiControlsWinRT\uiControlsWinRT.WindowsPhone\uiControlsWinRT.WindowsPhone.csproj", "{5141C803-692C-4399-ABCD-F8BFC3D99AA2}"
EndProject
Global
	GlobalSection(SharedMSBuildProjectFiles) = preSolution
		..\..\examples\multiCubeWinRT\multiCubeWinRT.Shared\multiCubeWinRT.Shared.projitems*{e4a6c779-d93e-44fa-9eaf-be91532c6a8d}*SharedItemsImports = 13
		KPM.Shared\KPM.Shared.vcxitems*{73688377-513f-49e0-b443-aeb3719526e7}*SharedItemsImports = 4
		..\..\examples\simpleLiteWinRT\simpleLiteWinRT.Shared\simpleLiteWinRT.Shared.projitems*{5e650a9b-846c-4db7-9881-4c78ed6309f0}*SharedItemsImports = 4
		ARgsub_es2.Shared\ARgsub_es2.Shared.vcxitems*{22abd1b8-b811-4323-9a0c-0d9aab49680a}*SharedItemsImports = 9
		ARMulti.Shared\ARMulti.Shared.vcxitems*{1c1fb9a1-0b7d-4115-8bfd-8e02e62c20c6}*SharedItemsImports = 4
		..\..\lib\SRC\ARgsubD3D\ARgsubD3D.Shared\ARgsubD3D.Shared.vcxitems*{c5f79206-03d2-4e0f-a7fa-6495585b4abf}*SharedItemsImports = 4
		ARWrapper.Shared\ARWrapper.Shared.vcxitems*{f00f2846-75a6-4b8c-b3f0-237007bd2253}*SharedItemsImports = 4
		ARvideo.Shared\ARvideo.Shared.vcxitems*{f4c1a94f-df54-348f-e5e2-834da6297b06}*SharedItemsImports = 4
		AR.Shared\AR.Shared.vcxitems*{c8aac24f-e692-42ca-8ced-81cca5b9b17e}*SharedItemsImports = 4
		..\..\examples\multiCubeWinRT\multiCubeWinRT.Shared\multiCubeWinRT.Shared.projitems*{5bac1021-28c1-4f9f-8ca3-cec682300c2f}*SharedItemsImports = 4
		ARvideo.Shared\ARvideo.Shared.vcxitems*{75020ac1-38e6-4d32-98f3-f3d2ccbe88b8}*SharedItemsImports = 4
		..\..\examples\uiControlsWinRT\uiControlsWinRT.Shared\uiControlsWinRT.Shared.projitems*{5141c803-692c-4399-abcd-f8bfc3d99aa2}*SharedItemsImports = 4
		ARICP.Shared\ARICP.Shared.vcxitems*{1dc4abcf-2e18-450c-b0f7-f5e90b014122}*SharedItemsImports = 4
		..\..\examples\simpleLiteWinRT\simpleLiteWinRT.Shared\simpleLiteWinRT.Shared.projitems*{8e795430-c3aa-4972-b3d8-81bace9ac78a}*SharedItemsImports = 13
		AR2.Shared\AR2.Shared.vcxitems*{06f4d5b6-9f5f-b8d2-85de-494642bb5124}*SharedItemsImports = 4
		..\..\lib\SRC\ARgsubD3D\ARgsubD3D.Shared\ARgsubD3D.Shared.vcxitems*{4255e8de-50c2-4d0c-bb6a-c3c30d2ca8e1}*SharedItemsImports = 4
		ARToolKitComponent.Shared\ARToolKitComponent.Shared.vcxitems*{1907ab42-8548-4755-baac-48484090f50b}*SharedItemsImports = 4
		ARMulti.Shared\ARMulti.Shared.vcxitems*{400d753b-3525-479c-81a5-a0c562035e60}*SharedItemsImports = 9
		ARgsub_es2.Shared\ARgsub_es2.Shared.vcxitems*{4e5371a1-f81e-4009-ad06-6ccdf7a910a6}*SharedItemsImports = 4
		..\..\examples\uiControlsWinRT\uiControlsWinRT.Shared\uiControlsWinRT.Shared.projitems*{c7b8cf30-d984-4c6d-9685-fa26711e1dfc}*SharedItemsImports = 13
		ARWrapper-static.Shared\ARWrapper-static.Shared.vcxitems*{3d75cd63-651d-4062-910c-b0730c7b5f69}*SharedItemsImports = 9
		ARWrapper-static.Shared\ARWrapper-static.Shared.vcxitems*{d65cba67-b2dc-4a1b-ac56-8de9c35bd693}*SharedItemsImports = 4
		ARWrapper.Shared\ARWrapper.Shared.vcxitems*{ff1b8784-fafe-4efb-a4ea-efcd2f3d53da}*SharedItemsImports = 4
		..\..\examples\nftSimpleWinRT\nftSimpleWinRT.Shared\nftSimpleWinRT.Shared.projitems*{7fcdc331-f5e1-44d9-b631-665a4d8fd826}*SharedItemsImports = 4
		AR.Shared\AR.Shared.vcxitems*{c641c727-2445-4306-b142-103deac4803d}*SharedItemsImports = 9
		ARICP.Shared\ARICP.Shared.vcxitems*{44a5c8bb-62ec-4cb5-9dab-d51c068e54ce}*SharedItemsImports = 9
		ARUtil.Shared\ARUtil.Shared.vcxitems*{c7e08391-f549-789d-feca-c8a0aab0efa3}*SharedItemsImports = 4
		ARgsub_es2.Shared\ARgsub_es2.Shared.vcxitems*{9f0af615-9152-d50b-2f31-1458d82f932d}*SharedItemsImports = 4
		KPM.Shared\KPM.Shared.vcxitems*{f3dc5197-0cfc-86af-cd84-e4548b8a3df4}*SharedItemsImports = 4
		..\..\examples\uiControlsWinRT\uiControlsWinRT.Shared\uiControlsWinRT.Shared.projitems*{e28b2905-f4a5-45e4-8773-0dca379959e9}*SharedItemsImports = 4
		ARICP.Shared\ARICP.Shared.vcxitems*{e2cbe341-525b-4679-9969-ab747181c531}*SharedItemsImports = 4
		..\..\examples\nftSimpleWinRT\nftSimpleWinRT.Shared\nftSimpleWinRT.Shared.projitems*{66ef3f29-b3ad-4daa-971b-cb5d96b79053}*SharedItemsImports = 13
		AR2.Shared\AR2.Shared.vcxitems*{60038a1b-ec77-42d2-a7ed-a5ea311653b2}*SharedItemsImports = 4
		ARToolKitComponent.Shared\ARToolKitComponent.Shared.vcxitems*{c40edeee-4f3a-4e00-a7a2-a15ecfb4a466}*SharedItemsImports = 9
		..\..\examples\multiCubeWinRT\multiCubeWinRT.Shared\multiCubeWinRT.Shared.projitems*{a5c79ab7-5bf8-40c6-bf98-cfa551e92241}*SharedItemsImports = 4
		AR2.Shared\AR2.Shared.vcxitems*{c8e7f742-0e98-41db-8584-f064b634ab78}*SharedItemsImports = 9
		..\..\examples\simpleLiteWinRT\simpleLiteWinRT.Shared\simpleLiteWinRT.Shared.projitems*{393d302c-1348-4676-8f2d-1008d46a9a94}*SharedItemsImports = 4
		ARWrapper-static.Shared\ARWrapper-static.Shared.vcxitems*{5f69af87-7f1f-4522-0f90-62c8fb3fb843}*SharedItemsImports = 4
		..\..\lib\SRC\ARgsubD3D\ARgsubD3D.Shared\ARgsubD3D.Shared.vcxitems*{c1690d32-1a27-4a36-b893-9e305492704f}*SharedItemsImports = 9
		AR.Shared\AR.Shared.vcxitems*{21226a9b-95a3-ec00-9466-fa81cad6883b}*SharedItemsImports = 4
		ARToolKitComponent.Shared\ARToolKitComponent.Shared.vcxitems*{c22dabf8-a7aa-4e2a-8d0e-3748a9c76ba5}*SharedItemsImports = 4
		KPM.Shared\KPM.Shared.vcxitems*{8dfc87e8-97c7-4188-902a-491f42820c14}*SharedItemsImports = 9
		ARvideo.Shared\ARvideo.Shared.vcxitems*{680be40f-9494-4241-8366-a935710c35c8}*SharedItemsImports = 9
		ARWrapper.Shared\ARWrapper.Shared.vcxitems*{4b38f882-c994-4ef4-84be-d8005ae65915}*SharedItemsImports = 9
		ARUtil.Shared\ARUtil.Shared.vcxitems*{c97fdd5f-fe09-42ac-bebd-593b0c2737a4}*SharedItemsImports = 9
		ARUtil.Shared\ARUtil.Shared.vcxitems*{441bc4e5-cd0e-4ff4-88da-fc835df463c9}*SharedItemsImports = 4
		ARMulti.Shared\ARMulti.Shared.vcxitems*{44862cf9-d991-fe29-40a4-e0cf9a3bab87}*SharedItemsImports = 4
		..\..\examples\nftSimpleWinRT\nftSimpleWinRT.Shared\nftSimpleWinRT.Shared.projitems*{1f8e9857-eec5-439b-90a4-8cd29e50c91f}*SharedItemsImports = 4
	EndGlobalSection
	GlobalSection(SolutionConfigurationPlatforms) = preSolution
		Debug|ARM = Debug|ARM
		Debug|Mixed Platforms = Debug|Mixed Platforms
		Debug|Win32 = Debug|Win32
		Debug|x64 = Debug|x64
		Debug|x86 = Debug|x86
		Release|ARM = Release|ARM
		Release|Mixed Platforms = Release|Mixed Platforms
		Release|Win32 = Release|Win32
		Release|x64 = Release|x64
		Release|x86 = Release|x86
	EndGlobalSection
	GlobalSection(ProjectConfigurationPlatforms) = postSolution
		{6024D8A6-99D1-432F-86A4-C46F88B46092}.Debug|ARM.ActiveCfg = Debug|Win32
		{6024D8A6-99D1-432F-86A4-C46F88B46092}.Debug|ARM.Build.0 = Debug|Win32
		{6024D8A6-99D1-432F-86A4-C46F88B46092}.Debug|Mixed Platforms.ActiveCfg = Debug|Win32
		{6024D8A6-99D1-432F-86A4-C46F88B46092}.Debug|Mixed Platforms.Build.0 = Debug|Win32
		{6024D8A6-99D1-432F-86A4-C46F88B46092}.Debug|Win32.ActiveCfg = Debug|Win32
		{6024D8A6-99D1-432F-86A4-C46F88B46092}.Debug|Win32.Build.0 = Debug|Win32
		{6024D8A6-99D1-432F-86A4-C46F88B46092}.Debug|x64.ActiveCfg = Debug|Win32
		{6024D8A6-99D1-432F-86A4-C46F88B46092}.Debug|x64.Build.0 = Debug|Win32
		{6024D8A6-99D1-432F-86A4-C46F88B46092}.Debug|x86.ActiveCfg = Debug|Win32
		{6024D8A6-99D1-432F-86A4-C46F88B46092}.Debug|x86.Build.0 = Debug|Win32
		{6024D8A6-99D1-432F-86A4-C46F88B46092}.Release|ARM.ActiveCfg = Release|Win32
		{6024D8A6-99D1-432F-86A4-C46F88B46092}.Release|ARM.Build.0 = Release|Win32
		{6024D8A6-99D1-432F-86A4-C46F88B46092}.Release|Mixed Platforms.ActiveCfg = Release|Win32
		{6024D8A6-99D1-432F-86A4-C46F88B46092}.Release|Mixed Platforms.Build.0 = Release|Win32
		{6024D8A6-99D1-432F-86A4-C46F88B46092}.Release|Win32.ActiveCfg = Release|Win32
		{6024D8A6-99D1-432F-86A4-C46F88B46092}.Release|Win32.Build.0 = Release|Win32
		{6024D8A6-99D1-432F-86A4-C46F88B46092}.Release|x64.ActiveCfg = Release|Win32
		{6024D8A6-99D1-432F-86A4-C46F88B46092}.Release|x64.Build.0 = Release|Win32
		{6024D8A6-99D1-432F-86A4-C46F88B46092}.Release|x86.ActiveCfg = Release|Win32
		{6024D8A6-99D1-432F-86A4-C46F88B46092}.Release|x86.Build.0 = Release|Win32
		{E2CBE341-525B-4679-9969-AB747181C531}.Debug|ARM.ActiveCfg = Debug|ARM
		{E2CBE341-525B-4679-9969-AB747181C531}.Debug|ARM.Build.0 = Debug|ARM
		{E2CBE341-525B-4679-9969-AB747181C531}.Debug|Mixed Platforms.ActiveCfg = Debug|Win32
		{E2CBE341-525B-4679-9969-AB747181C531}.Debug|Mixed Platforms.Build.0 = Debug|Win32
		{E2CBE341-525B-4679-9969-AB747181C531}.Debug|Win32.ActiveCfg = Debug|Win32
		{E2CBE341-525B-4679-9969-AB747181C531}.Debug|Win32.Build.0 = Debug|Win32
		{E2CBE341-525B-4679-9969-AB747181C531}.Debug|x64.ActiveCfg = Debug|Win32
		{E2CBE341-525B-4679-9969-AB747181C531}.Debug|x86.ActiveCfg = Debug|Win32
		{E2CBE341-525B-4679-9969-AB747181C531}.Debug|x86.Build.0 = Debug|Win32
		{E2CBE341-525B-4679-9969-AB747181C531}.Release|ARM.ActiveCfg = Release|ARM
		{E2CBE341-525B-4679-9969-AB747181C531}.Release|ARM.Build.0 = Release|ARM
		{E2CBE341-525B-4679-9969-AB747181C531}.Release|Mixed Platforms.ActiveCfg = Release|Win32
		{E2CBE341-525B-4679-9969-AB747181C531}.Release|Mixed Platforms.Build.0 = Release|Win32
		{E2CBE341-525B-4679-9969-AB747181C531}.Release|Win32.ActiveCfg = Release|Win32
		{E2CBE341-525B-4679-9969-AB747181C531}.Release|Win32.Build.0 = Release|Win32
		{E2CBE341-525B-4679-9969-AB747181C531}.Release|x64.ActiveCfg = Release|Win32
		{E2CBE341-525B-4679-9969-AB747181C531}.Release|x86.ActiveCfg = Release|Win32
		{E2CBE341-525B-4679-9969-AB747181C531}.Release|x86.Build.0 = Release|Win32
		{06F4D5B6-9F5F-B8D2-85DE-494642BB5124}.Debug|ARM.ActiveCfg = Debug|ARM
		{06F4D5B6-9F5F-B8D2-85DE-494642BB5124}.Debug|ARM.Build.0 = Debug|ARM
		{06F4D5B6-9F5F-B8D2-85DE-494642BB5124}.Debug|Mixed Platforms.ActiveCfg = Debug|Win32
		{06F4D5B6-9F5F-B8D2-85DE-494642BB5124}.Debug|Mixed Platforms.Build.0 = Debug|Win32
		{06F4D5B6-9F5F-B8D2-85DE-494642BB5124}.Debug|Win32.ActiveCfg = Debug|Win32
		{06F4D5B6-9F5F-B8D2-85DE-494642BB5124}.Debug|Win32.Build.0 = Debug|Win32
		{06F4D5B6-9F5F-B8D2-85DE-494642BB5124}.Debug|x64.ActiveCfg = Debug|Win32
		{06F4D5B6-9F5F-B8D2-85DE-494642BB5124}.Debug|x86.ActiveCfg = Debug|Win32
		{06F4D5B6-9F5F-B8D2-85DE-494642BB5124}.Debug|x86.Build.0 = Debug|Win32
		{06F4D5B6-9F5F-B8D2-85DE-494642BB5124}.Release|ARM.ActiveCfg = Release|ARM
		{06F4D5B6-9F5F-B8D2-85DE-494642BB5124}.Release|ARM.Build.0 = Release|ARM
		{06F4D5B6-9F5F-B8D2-85DE-494642BB5124}.Release|Mixed Platforms.ActiveCfg = Release|Win32
		{06F4D5B6-9F5F-B8D2-85DE-494642BB5124}.Release|Mixed Platforms.Build.0 = Release|Win32
		{06F4D5B6-9F5F-B8D2-85DE-494642BB5124}.Release|Win32.ActiveCfg = Release|Win32
		{06F4D5B6-9F5F-B8D2-85DE-494642BB5124}.Release|Win32.Build.0 = Release|Win32
		{06F4D5B6-9F5F-B8D2-85DE-494642BB5124}.Release|x64.ActiveCfg = Release|Win32
		{06F4D5B6-9F5F-B8D2-85DE-494642BB5124}.Release|x86.ActiveCfg = Release|Win32
		{06F4D5B6-9F5F-B8D2-85DE-494642BB5124}.Release|x86.Build.0 = Release|Win32
		{C7E08391-F549-789D-FECA-C8A0AAB0EFA3}.Debug|ARM.ActiveCfg = Debug|ARM
		{C7E08391-F549-789D-FECA-C8A0AAB0EFA3}.Debug|ARM.Build.0 = Debug|ARM
		{C7E08391-F549-789D-FECA-C8A0AAB0EFA3}.Debug|Mixed Platforms.ActiveCfg = Debug|Win32
		{C7E08391-F549-789D-FECA-C8A0AAB0EFA3}.Debug|Mixed Platforms.Build.0 = Debug|Win32
		{C7E08391-F549-789D-FECA-C8A0AAB0EFA3}.Debug|Win32.ActiveCfg = Debug|Win32
		{C7E08391-F549-789D-FECA-C8A0AAB0EFA3}.Debug|Win32.Build.0 = Debug|Win32
		{C7E08391-F549-789D-FECA-C8A0AAB0EFA3}.Debug|x64.ActiveCfg = Debug|Win32
		{C7E08391-F549-789D-FECA-C8A0AAB0EFA3}.Debug|x86.ActiveCfg = Debug|Win32
		{C7E08391-F549-789D-FECA-C8A0AAB0EFA3}.Debug|x86.Build.0 = Debug|Win32
		{C7E08391-F549-789D-FECA-C8A0AAB0EFA3}.Release|ARM.ActiveCfg = Release|ARM
		{C7E08391-F549-789D-FECA-C8A0AAB0EFA3}.Release|ARM.Build.0 = Release|ARM
		{C7E08391-F549-789D-FECA-C8A0AAB0EFA3}.Release|Mixed Platforms.ActiveCfg = Release|Win32
		{C7E08391-F549-789D-FECA-C8A0AAB0EFA3}.Release|Mixed Platforms.Build.0 = Release|Win32
		{C7E08391-F549-789D-FECA-C8A0AAB0EFA3}.Release|Win32.ActiveCfg = Release|Win32
		{C7E08391-F549-789D-FECA-C8A0AAB0EFA3}.Release|Win32.Build.0 = Release|Win32
		{C7E08391-F549-789D-FECA-C8A0AAB0EFA3}.Release|x64.ActiveCfg = Release|Win32
		{C7E08391-F549-789D-FECA-C8A0AAB0EFA3}.Release|x86.ActiveCfg = Release|Win32
		{C7E08391-F549-789D-FECA-C8A0AAB0EFA3}.Release|x86.Build.0 = Release|Win32
		{F3DC5197-0CFC-86AF-CD84-E4548B8A3DF4}.Debug|ARM.ActiveCfg = Debug|ARM
		{F3DC5197-0CFC-86AF-CD84-E4548B8A3DF4}.Debug|ARM.Build.0 = Debug|ARM
		{F3DC5197-0CFC-86AF-CD84-E4548B8A3DF4}.Debug|Mixed Platforms.ActiveCfg = Debug|Win32
		{F3DC5197-0CFC-86AF-CD84-E4548B8A3DF4}.Debug|Mixed Platforms.Build.0 = Debug|Win32
		{F3DC5197-0CFC-86AF-CD84-E4548B8A3DF4}.Debug|Win32.ActiveCfg = Debug|Win32
		{F3DC5197-0CFC-86AF-CD84-E4548B8A3DF4}.Debug|Win32.Build.0 = Debug|Win32
		{F3DC5197-0CFC-86AF-CD84-E4548B8A3DF4}.Debug|x64.ActiveCfg = Debug|Win32
		{F3DC5197-0CFC-86AF-CD84-E4548B8A3DF4}.Debug|x86.ActiveCfg = Debug|Win32
		{F3DC5197-0CFC-86AF-CD84-E4548B8A3DF4}.Debug|x86.Build.0 = Debug|Win32
		{F3DC5197-0CFC-86AF-CD84-E4548B8A3DF4}.Release|ARM.ActiveCfg = Release|ARM
		{F3DC5197-0CFC-86AF-CD84-E4548B8A3DF4}.Release|ARM.Build.0 = Release|ARM
		{F3DC5197-0CFC-86AF-CD84-E4548B8A3DF4}.Release|Mixed Platforms.ActiveCfg = Release|Win32
		{F3DC5197-0CFC-86AF-CD84-E4548B8A3DF4}.Release|Mixed Platforms.Build.0 = Release|Win32
		{F3DC5197-0CFC-86AF-CD84-E4548B8A3DF4}.Release|Win32.ActiveCfg = Release|Win32
		{F3DC5197-0CFC-86AF-CD84-E4548B8A3DF4}.Release|Win32.Build.0 = Release|Win32
		{F3DC5197-0CFC-86AF-CD84-E4548B8A3DF4}.Release|x64.ActiveCfg = Release|Win32
		{F3DC5197-0CFC-86AF-CD84-E4548B8A3DF4}.Release|x86.ActiveCfg = Release|Win32
		{F3DC5197-0CFC-86AF-CD84-E4548B8A3DF4}.Release|x86.Build.0 = Release|Win32
		{73688377-513F-49E0-B443-AEB3719526E7}.Debug|ARM.ActiveCfg = Debug|ARM
		{73688377-513F-49E0-B443-AEB3719526E7}.Debug|ARM.Build.0 = Debug|ARM
		{73688377-513F-49E0-B443-AEB3719526E7}.Debug|Mixed Platforms.ActiveCfg = Debug|Win32
		{73688377-513F-49E0-B443-AEB3719526E7}.Debug|Mixed Platforms.Build.0 = Debug|Win32
		{73688377-513F-49E0-B443-AEB3719526E7}.Debug|Win32.ActiveCfg = Debug|Win32
		{73688377-513F-49E0-B443-AEB3719526E7}.Debug|Win32.Build.0 = Debug|Win32
		{73688377-513F-49E0-B443-AEB3719526E7}.Debug|x64.ActiveCfg = Debug|x64
		{73688377-513F-49E0-B443-AEB3719526E7}.Debug|x64.Build.0 = Debug|x64
		{73688377-513F-49E0-B443-AEB3719526E7}.Debug|x86.ActiveCfg = Debug|Win32
		{73688377-513F-49E0-B443-AEB3719526E7}.Debug|x86.Build.0 = Debug|Win32
		{73688377-513F-49E0-B443-AEB3719526E7}.Release|ARM.ActiveCfg = Release|ARM
		{73688377-513F-49E0-B443-AEB3719526E7}.Release|ARM.Build.0 = Release|ARM
		{73688377-513F-49E0-B443-AEB3719526E7}.Release|Mixed Platforms.ActiveCfg = Release|Win32
		{73688377-513F-49E0-B443-AEB3719526E7}.Release|Mixed Platforms.Build.0 = Release|Win32
		{73688377-513F-49E0-B443-AEB3719526E7}.Release|Win32.ActiveCfg = Release|Win32
		{73688377-513F-49E0-B443-AEB3719526E7}.Release|Win32.Build.0 = Release|Win32
		{73688377-513F-49E0-B443-AEB3719526E7}.Release|x64.ActiveCfg = Release|x64
		{73688377-513F-49E0-B443-AEB3719526E7}.Release|x64.Build.0 = Release|x64
		{73688377-513F-49E0-B443-AEB3719526E7}.Release|x86.ActiveCfg = Release|Win32
		{73688377-513F-49E0-B443-AEB3719526E7}.Release|x86.Build.0 = Release|Win32
		{60038A1B-EC77-42D2-A7ED-A5EA311653B2}.Debug|ARM.ActiveCfg = Debug|ARM
		{60038A1B-EC77-42D2-A7ED-A5EA311653B2}.Debug|ARM.Build.0 = Debug|ARM
		{60038A1B-EC77-42D2-A7ED-A5EA311653B2}.Debug|Mixed Platforms.ActiveCfg = Debug|Win32
		{60038A1B-EC77-42D2-A7ED-A5EA311653B2}.Debug|Mixed Platforms.Build.0 = Debug|Win32
		{60038A1B-EC77-42D2-A7ED-A5EA311653B2}.Debug|Win32.ActiveCfg = Debug|Win32
		{60038A1B-EC77-42D2-A7ED-A5EA311653B2}.Debug|Win32.Build.0 = Debug|Win32
		{60038A1B-EC77-42D2-A7ED-A5EA311653B2}.Debug|x64.ActiveCfg = Debug|x64
		{60038A1B-EC77-42D2-A7ED-A5EA311653B2}.Debug|x64.Build.0 = Debug|x64
		{60038A1B-EC77-42D2-A7ED-A5EA311653B2}.Debug|x86.ActiveCfg = Debug|Win32
		{60038A1B-EC77-42D2-A7ED-A5EA311653B2}.Debug|x86.Build.0 = Debug|Win32
		{60038A1B-EC77-42D2-A7ED-A5EA311653B2}.Release|ARM.ActiveCfg = Release|ARM
		{60038A1B-EC77-42D2-A7ED-A5EA311653B2}.Release|ARM.Build.0 = Release|ARM
		{60038A1B-EC77-42D2-A7ED-A5EA311653B2}.Release|Mixed Platforms.ActiveCfg = Release|Win32
		{60038A1B-EC77-42D2-A7ED-A5EA311653B2}.Release|Mixed Platforms.Build.0 = Release|Win32
		{60038A1B-EC77-42D2-A7ED-A5EA311653B2}.Release|Win32.ActiveCfg = Release|Win32
		{60038A1B-EC77-42D2-A7ED-A5EA311653B2}.Release|Win32.Build.0 = Release|Win32
		{60038A1B-EC77-42D2-A7ED-A5EA311653B2}.Release|x64.ActiveCfg = Release|x64
		{60038A1B-EC77-42D2-A7ED-A5EA311653B2}.Release|x64.Build.0 = Release|x64
		{60038A1B-EC77-42D2-A7ED-A5EA311653B2}.Release|x86.ActiveCfg = Release|Win32
		{60038A1B-EC77-42D2-A7ED-A5EA311653B2}.Release|x86.Build.0 = Release|Win32
		{1DC4ABCF-2E18-450C-B0F7-F5E90B014122}.Debug|ARM.ActiveCfg = Debug|ARM
		{1DC4ABCF-2E18-450C-B0F7-F5E90B014122}.Debug|ARM.Build.0 = Debug|ARM
		{1DC4ABCF-2E18-450C-B0F7-F5E90B014122}.Debug|Mixed Platforms.ActiveCfg = Debug|Win32
		{1DC4ABCF-2E18-450C-B0F7-F5E90B014122}.Debug|Mixed Platforms.Build.0 = Debug|Win32
		{1DC4ABCF-2E18-450C-B0F7-F5E90B014122}.Debug|Win32.ActiveCfg = Debug|Win32
		{1DC4ABCF-2E18-450C-B0F7-F5E90B014122}.Debug|Win32.Build.0 = Debug|Win32
		{1DC4ABCF-2E18-450C-B0F7-F5E90B014122}.Debug|x64.ActiveCfg = Debug|x64
		{1DC4ABCF-2E18-450C-B0F7-F5E90B014122}.Debug|x64.Build.0 = Debug|x64
		{1DC4ABCF-2E18-450C-B0F7-F5E90B014122}.Debug|x86.ActiveCfg = Debug|Win32
		{1DC4ABCF-2E18-450C-B0F7-F5E90B014122}.Debug|x86.Build.0 = Debug|Win32
		{1DC4ABCF-2E18-450C-B0F7-F5E90B014122}.Release|ARM.ActiveCfg = Release|ARM
		{1DC4ABCF-2E18-450C-B0F7-F5E90B014122}.Release|ARM.Build.0 = Release|ARM
		{1DC4ABCF-2E18-450C-B0F7-F5E90B014122}.Release|Mixed Platforms.ActiveCfg = Release|Win32
		{1DC4ABCF-2E18-450C-B0F7-F5E90B014122}.Release|Mixed Platforms.Build.0 = Release|Win32
		{1DC4ABCF-2E18-450C-B0F7-F5E90B014122}.Release|Win32.ActiveCfg = Release|Win32
		{1DC4ABCF-2E18-450C-B0F7-F5E90B014122}.Release|Win32.Build.0 = Release|Win32
		{1DC4ABCF-2E18-450C-B0F7-F5E90B014122}.Release|x64.ActiveCfg = Release|x64
		{1DC4ABCF-2E18-450C-B0F7-F5E90B014122}.Release|x64.Build.0 = Release|x64
		{1DC4ABCF-2E18-450C-B0F7-F5E90B014122}.Release|x86.ActiveCfg = Release|Win32
		{1DC4ABCF-2E18-450C-B0F7-F5E90B014122}.Release|x86.Build.0 = Release|Win32
		{441BC4E5-CD0E-4FF4-88DA-FC835DF463C9}.Debug|ARM.ActiveCfg = Debug|ARM
		{441BC4E5-CD0E-4FF4-88DA-FC835DF463C9}.Debug|ARM.Build.0 = Debug|ARM
		{441BC4E5-CD0E-4FF4-88DA-FC835DF463C9}.Debug|Mixed Platforms.ActiveCfg = Debug|Win32
		{441BC4E5-CD0E-4FF4-88DA-FC835DF463C9}.Debug|Mixed Platforms.Build.0 = Debug|Win32
		{441BC4E5-CD0E-4FF4-88DA-FC835DF463C9}.Debug|Win32.ActiveCfg = Debug|Win32
		{441BC4E5-CD0E-4FF4-88DA-FC835DF463C9}.Debug|Win32.Build.0 = Debug|Win32
		{441BC4E5-CD0E-4FF4-88DA-FC835DF463C9}.Debug|x64.ActiveCfg = Debug|x64
		{441BC4E5-CD0E-4FF4-88DA-FC835DF463C9}.Debug|x64.Build.0 = Debug|x64
		{441BC4E5-CD0E-4FF4-88DA-FC835DF463C9}.Debug|x86.ActiveCfg = Debug|Win32
		{441BC4E5-CD0E-4FF4-88DA-FC835DF463C9}.Debug|x86.Build.0 = Debug|Win32
		{441BC4E5-CD0E-4FF4-88DA-FC835DF463C9}.Release|ARM.ActiveCfg = Release|ARM
		{441BC4E5-CD0E-4FF4-88DA-FC835DF463C9}.Release|ARM.Build.0 = Release|ARM
		{441BC4E5-CD0E-4FF4-88DA-FC835DF463C9}.Release|Mixed Platforms.ActiveCfg = Release|Win32
		{441BC4E5-CD0E-4FF4-88DA-FC835DF463C9}.Release|Mixed Platforms.Build.0 = Release|Win32
		{441BC4E5-CD0E-4FF4-88DA-FC835DF463C9}.Release|Win32.ActiveCfg = Release|Win32
		{441BC4E5-CD0E-4FF4-88DA-FC835DF463C9}.Release|Win32.Build.0 = Release|Win32
		{441BC4E5-CD0E-4FF4-88DA-FC835DF463C9}.Release|x64.ActiveCfg = Release|x64
		{441BC4E5-CD0E-4FF4-88DA-FC835DF463C9}.Release|x64.Build.0 = Release|x64
		{441BC4E5-CD0E-4FF4-88DA-FC835DF463C9}.Release|x86.ActiveCfg = Release|Win32
		{441BC4E5-CD0E-4FF4-88DA-FC835DF463C9}.Release|x86.Build.0 = Release|Win32
		{21226A9B-95A3-EC00-9466-FA81CAD6883B}.Debug|ARM.ActiveCfg = Debug|ARM
		{21226A9B-95A3-EC00-9466-FA81CAD6883B}.Debug|ARM.Build.0 = Debug|ARM
		{21226A9B-95A3-EC00-9466-FA81CAD6883B}.Debug|Mixed Platforms.ActiveCfg = Debug|Win32
		{21226A9B-95A3-EC00-9466-FA81CAD6883B}.Debug|Mixed Platforms.Build.0 = Debug|Win32
		{21226A9B-95A3-EC00-9466-FA81CAD6883B}.Debug|Win32.ActiveCfg = Debug|Win32
		{21226A9B-95A3-EC00-9466-FA81CAD6883B}.Debug|Win32.Build.0 = Debug|Win32
		{21226A9B-95A3-EC00-9466-FA81CAD6883B}.Debug|x64.ActiveCfg = Debug|Win32
		{21226A9B-95A3-EC00-9466-FA81CAD6883B}.Debug|x86.ActiveCfg = Debug|Win32
		{21226A9B-95A3-EC00-9466-FA81CAD6883B}.Debug|x86.Build.0 = Debug|Win32
		{21226A9B-95A3-EC00-9466-FA81CAD6883B}.Release|ARM.ActiveCfg = Release|ARM
		{21226A9B-95A3-EC00-9466-FA81CAD6883B}.Release|ARM.Build.0 = Release|ARM
		{21226A9B-95A3-EC00-9466-FA81CAD6883B}.Release|Mixed Platforms.ActiveCfg = Release|Win32
		{21226A9B-95A3-EC00-9466-FA81CAD6883B}.Release|Mixed Platforms.Build.0 = Release|Win32
		{21226A9B-95A3-EC00-9466-FA81CAD6883B}.Release|Win32.ActiveCfg = Release|Win32
		{21226A9B-95A3-EC00-9466-FA81CAD6883B}.Release|Win32.Build.0 = Release|Win32
		{21226A9B-95A3-EC00-9466-FA81CAD6883B}.Release|x64.ActiveCfg = Release|Win32
		{21226A9B-95A3-EC00-9466-FA81CAD6883B}.Release|x86.ActiveCfg = Release|Win32
		{21226A9B-95A3-EC00-9466-FA81CAD6883B}.Release|x86.Build.0 = Release|Win32
		{44862CF9-D991-FE29-40A4-E0CF9A3BAB87}.Debug|ARM.ActiveCfg = Debug|ARM
		{44862CF9-D991-FE29-40A4-E0CF9A3BAB87}.Debug|ARM.Build.0 = Debug|ARM
		{44862CF9-D991-FE29-40A4-E0CF9A3BAB87}.Debug|Mixed Platforms.ActiveCfg = Debug|Win32
		{44862CF9-D991-FE29-40A4-E0CF9A3BAB87}.Debug|Mixed Platforms.Build.0 = Debug|Win32
		{44862CF9-D991-FE29-40A4-E0CF9A3BAB87}.Debug|Win32.ActiveCfg = Debug|Win32
		{44862CF9-D991-FE29-40A4-E0CF9A3BAB87}.Debug|Win32.Build.0 = Debug|Win32
		{44862CF9-D991-FE29-40A4-E0CF9A3BAB87}.Debug|x64.ActiveCfg = Debug|Win32
		{44862CF9-D991-FE29-40A4-E0CF9A3BAB87}.Debug|x86.ActiveCfg = Debug|Win32
		{44862CF9-D991-FE29-40A4-E0CF9A3BAB87}.Debug|x86.Build.0 = Debug|Win32
		{44862CF9-D991-FE29-40A4-E0CF9A3BAB87}.Release|ARM.ActiveCfg = Release|ARM
		{44862CF9-D991-FE29-40A4-E0CF9A3BAB87}.Release|ARM.Build.0 = Release|ARM
		{44862CF9-D991-FE29-40A4-E0CF9A3BAB87}.Release|Mixed Platforms.ActiveCfg = Release|Win32
		{44862CF9-D991-FE29-40A4-E0CF9A3BAB87}.Release|Mixed Platforms.Build.0 = Release|Win32
		{44862CF9-D991-FE29-40A4-E0CF9A3BAB87}.Release|Win32.ActiveCfg = Release|Win32
		{44862CF9-D991-FE29-40A4-E0CF9A3BAB87}.Release|Win32.Build.0 = Release|Win32
		{44862CF9-D991-FE29-40A4-E0CF9A3BAB87}.Release|x64.ActiveCfg = Release|Win32
		{44862CF9-D991-FE29-40A4-E0CF9A3BAB87}.Release|x86.ActiveCfg = Release|Win32
		{44862CF9-D991-FE29-40A4-E0CF9A3BAB87}.Release|x86.Build.0 = Release|Win32
		{F4C1A94F-DF54-348F-E5E2-834DA6297B06}.Debug|ARM.ActiveCfg = Debug|ARM
		{F4C1A94F-DF54-348F-E5E2-834DA6297B06}.Debug|ARM.Build.0 = Debug|ARM
		{F4C1A94F-DF54-348F-E5E2-834DA6297B06}.Debug|Mixed Platforms.ActiveCfg = Debug|Win32
		{F4C1A94F-DF54-348F-E5E2-834DA6297B06}.Debug|Mixed Platforms.Build.0 = Debug|Win32
		{F4C1A94F-DF54-348F-E5E2-834DA6297B06}.Debug|Win32.ActiveCfg = Debug|Win32
		{F4C1A94F-DF54-348F-E5E2-834DA6297B06}.Debug|Win32.Build.0 = Debug|Win32
		{F4C1A94F-DF54-348F-E5E2-834DA6297B06}.Debug|x64.ActiveCfg = Debug|Win32
		{F4C1A94F-DF54-348F-E5E2-834DA6297B06}.Debug|x86.ActiveCfg = Debug|Win32
		{F4C1A94F-DF54-348F-E5E2-834DA6297B06}.Debug|x86.Build.0 = Debug|Win32
		{F4C1A94F-DF54-348F-E5E2-834DA6297B06}.Release|ARM.ActiveCfg = Release|ARM
		{F4C1A94F-DF54-348F-E5E2-834DA6297B06}.Release|ARM.Build.0 = Release|ARM
		{F4C1A94F-DF54-348F-E5E2-834DA6297B06}.Release|Mixed Platforms.ActiveCfg = Release|Win32
		{F4C1A94F-DF54-348F-E5E2-834DA6297B06}.Release|Mixed Platforms.Build.0 = Release|Win32
		{F4C1A94F-DF54-348F-E5E2-834DA6297B06}.Release|Win32.ActiveCfg = Release|Win32
		{F4C1A94F-DF54-348F-E5E2-834DA6297B06}.Release|Win32.Build.0 = Release|Win32
		{F4C1A94F-DF54-348F-E5E2-834DA6297B06}.Release|x64.ActiveCfg = Release|Win32
		{F4C1A94F-DF54-348F-E5E2-834DA6297B06}.Release|x86.ActiveCfg = Release|Win32
		{F4C1A94F-DF54-348F-E5E2-834DA6297B06}.Release|x86.Build.0 = Release|Win32
		{5F69AF87-7F1F-4522-0F90-62C8FB3FB843}.Debug|ARM.ActiveCfg = Debug|ARM
		{5F69AF87-7F1F-4522-0F90-62C8FB3FB843}.Debug|ARM.Build.0 = Debug|ARM
		{5F69AF87-7F1F-4522-0F90-62C8FB3FB843}.Debug|Mixed Platforms.ActiveCfg = Debug|Win32
		{5F69AF87-7F1F-4522-0F90-62C8FB3FB843}.Debug|Mixed Platforms.Build.0 = Debug|Win32
		{5F69AF87-7F1F-4522-0F90-62C8FB3FB843}.Debug|Win32.ActiveCfg = Debug|Win32
		{5F69AF87-7F1F-4522-0F90-62C8FB3FB843}.Debug|Win32.Build.0 = Debug|Win32
		{5F69AF87-7F1F-4522-0F90-62C8FB3FB843}.Debug|x64.ActiveCfg = Debug|Win32
		{5F69AF87-7F1F-4522-0F90-62C8FB3FB843}.Debug|x86.ActiveCfg = Debug|Win32
		{5F69AF87-7F1F-4522-0F90-62C8FB3FB843}.Debug|x86.Build.0 = Debug|Win32
		{5F69AF87-7F1F-4522-0F90-62C8FB3FB843}.Release|ARM.ActiveCfg = Release|ARM
		{5F69AF87-7F1F-4522-0F90-62C8FB3FB843}.Release|ARM.Build.0 = Release|ARM
		{5F69AF87-7F1F-4522-0F90-62C8FB3FB843}.Release|Mixed Platforms.ActiveCfg = Release|Win32
		{5F69AF87-7F1F-4522-0F90-62C8FB3FB843}.Release|Mixed Platforms.Build.0 = Release|Win32
		{5F69AF87-7F1F-4522-0F90-62C8FB3FB843}.Release|Win32.ActiveCfg = Release|Win32
		{5F69AF87-7F1F-4522-0F90-62C8FB3FB843}.Release|Win32.Build.0 = Release|Win32
		{5F69AF87-7F1F-4522-0F90-62C8FB3FB843}.Release|x64.ActiveCfg = Release|Win32
		{5F69AF87-7F1F-4522-0F90-62C8FB3FB843}.Release|x86.ActiveCfg = Release|Win32
		{5F69AF87-7F1F-4522-0F90-62C8FB3FB843}.Release|x86.Build.0 = Release|Win32
		{9F0AF615-9152-D50B-2F31-1458D82F932D}.Debug|ARM.ActiveCfg = Debug|ARM
		{9F0AF615-9152-D50B-2F31-1458D82F932D}.Debug|ARM.Build.0 = Debug|ARM
		{9F0AF615-9152-D50B-2F31-1458D82F932D}.Debug|Mixed Platforms.ActiveCfg = Debug|Win32
		{9F0AF615-9152-D50B-2F31-1458D82F932D}.Debug|Mixed Platforms.Build.0 = Debug|Win32
		{9F0AF615-9152-D50B-2F31-1458D82F932D}.Debug|Win32.ActiveCfg = Debug|Win32
		{9F0AF615-9152-D50B-2F31-1458D82F932D}.Debug|Win32.Build.0 = Debug|Win32
		{9F0AF615-9152-D50B-2F31-1458D82F932D}.Debug|x64.ActiveCfg = Debug|Win32
		{9F0AF615-9152-D50B-2F31-1458D82F932D}.Debug|x86.ActiveCfg = Debug|Win32
		{9F0AF615-9152-D50B-2F31-1458D82F932D}.Debug|x86.Build.0 = Debug|Win32
		{9F0AF615-9152-D50B-2F31-1458D82F932D}.Release|ARM.ActiveCfg = Release|ARM
		{9F0AF615-9152-D50B-2F31-1458D82F932D}.Release|ARM.Build.0 = Release|ARM
		{9F0AF615-9152-D50B-2F31-1458D82F932D}.Release|Mixed Platforms.ActiveCfg = Release|Win32
		{9F0AF615-9152-D50B-2F31-1458D82F932D}.Release|Mixed Platforms.Build.0 = Release|Win32
		{9F0AF615-9152-D50B-2F31-1458D82F932D}.Release|Win32.ActiveCfg = Release|Win32
		{9F0AF615-9152-D50B-2F31-1458D82F932D}.Release|Win32.Build.0 = Release|Win32
		{9F0AF615-9152-D50B-2F31-1458D82F932D}.Release|x64.ActiveCfg = Release|Win32
		{9F0AF615-9152-D50B-2F31-1458D82F932D}.Release|x86.ActiveCfg = Release|Win32
		{9F0AF615-9152-D50B-2F31-1458D82F932D}.Release|x86.Build.0 = Release|Win32
		{1907AB42-8548-4755-BAAC-48484090F50B}.Debug|ARM.ActiveCfg = Debug|ARM
		{1907AB42-8548-4755-BAAC-48484090F50B}.Debug|ARM.Build.0 = Debug|ARM
		{1907AB42-8548-4755-BAAC-48484090F50B}.Debug|Mixed Platforms.ActiveCfg = Debug|Win32
		{1907AB42-8548-4755-BAAC-48484090F50B}.Debug|Mixed Platforms.Build.0 = Debug|Win32
		{1907AB42-8548-4755-BAAC-48484090F50B}.Debug|Win32.ActiveCfg = Debug|Win32
		{1907AB42-8548-4755-BAAC-48484090F50B}.Debug|Win32.Build.0 = Debug|Win32
		{1907AB42-8548-4755-BAAC-48484090F50B}.Debug|x64.ActiveCfg = Debug|Win32
		{1907AB42-8548-4755-BAAC-48484090F50B}.Debug|x86.ActiveCfg = Debug|Win32
		{1907AB42-8548-4755-BAAC-48484090F50B}.Debug|x86.Build.0 = Debug|Win32
		{1907AB42-8548-4755-BAAC-48484090F50B}.Release|ARM.ActiveCfg = Release|ARM
		{1907AB42-8548-4755-BAAC-48484090F50B}.Release|ARM.Build.0 = Release|ARM
		{1907AB42-8548-4755-BAAC-48484090F50B}.Release|Mixed Platforms.ActiveCfg = Release|Win32
		{1907AB42-8548-4755-BAAC-48484090F50B}.Release|Mixed Platforms.Build.0 = Release|Win32
		{1907AB42-8548-4755-BAAC-48484090F50B}.Release|Win32.ActiveCfg = Release|Win32
		{1907AB42-8548-4755-BAAC-48484090F50B}.Release|Win32.Build.0 = Release|Win32
		{1907AB42-8548-4755-BAAC-48484090F50B}.Release|x64.ActiveCfg = Release|Win32
		{1907AB42-8548-4755-BAAC-48484090F50B}.Release|x86.ActiveCfg = Release|Win32
		{1907AB42-8548-4755-BAAC-48484090F50B}.Release|x86.Build.0 = Release|Win32
		{F00F2846-75A6-4B8C-B3F0-237007BD2253}.Debug|ARM.ActiveCfg = Debug|ARM
		{F00F2846-75A6-4B8C-B3F0-237007BD2253}.Debug|ARM.Build.0 = Debug|ARM
		{F00F2846-75A6-4B8C-B3F0-237007BD2253}.Debug|Mixed Platforms.ActiveCfg = Debug|Win32
		{F00F2846-75A6-4B8C-B3F0-237007BD2253}.Debug|Mixed Platforms.Build.0 = Debug|Win32
		{F00F2846-75A6-4B8C-B3F0-237007BD2253}.Debug|Win32.ActiveCfg = Debug|Win32
		{F00F2846-75A6-4B8C-B3F0-237007BD2253}.Debug|Win32.Build.0 = Debug|Win32
		{F00F2846-75A6-4B8C-B3F0-237007BD2253}.Debug|x64.ActiveCfg = Debug|Win32
		{F00F2846-75A6-4B8C-B3F0-237007BD2253}.Debug|x86.ActiveCfg = Debug|Win32
		{F00F2846-75A6-4B8C-B3F0-237007BD2253}.Debug|x86.Build.0 = Debug|Win32
		{F00F2846-75A6-4B8C-B3F0-237007BD2253}.Release|ARM.ActiveCfg = Release|ARM
		{F00F2846-75A6-4B8C-B3F0-237007BD2253}.Release|ARM.Build.0 = Release|ARM
		{F00F2846-75A6-4B8C-B3F0-237007BD2253}.Release|Mixed Platforms.ActiveCfg = Release|Win32
		{F00F2846-75A6-4B8C-B3F0-237007BD2253}.Release|Mixed Platforms.Build.0 = Release|Win32
		{F00F2846-75A6-4B8C-B3F0-237007BD2253}.Release|Win32.ActiveCfg = Release|Win32
		{F00F2846-75A6-4B8C-B3F0-237007BD2253}.Release|Win32.Build.0 = Release|Win32
		{F00F2846-75A6-4B8C-B3F0-237007BD2253}.Release|x64.ActiveCfg = Release|Win32
		{F00F2846-75A6-4B8C-B3F0-237007BD2253}.Release|x86.ActiveCfg = Release|Win32
		{F00F2846-75A6-4B8C-B3F0-237007BD2253}.Release|x86.Build.0 = Release|Win32
		{C8AAC24F-E692-42CA-8CED-81CCA5B9B17E}.Debug|ARM.ActiveCfg = Debug|ARM
		{C8AAC24F-E692-42CA-8CED-81CCA5B9B17E}.Debug|ARM.Build.0 = Debug|ARM
		{C8AAC24F-E692-42CA-8CED-81CCA5B9B17E}.Debug|Mixed Platforms.ActiveCfg = Debug|Win32
		{C8AAC24F-E692-42CA-8CED-81CCA5B9B17E}.Debug|Mixed Platforms.Build.0 = Debug|Win32
		{C8AAC24F-E692-42CA-8CED-81CCA5B9B17E}.Debug|Win32.ActiveCfg = Debug|Win32
		{C8AAC24F-E692-42CA-8CED-81CCA5B9B17E}.Debug|Win32.Build.0 = Debug|Win32
		{C8AAC24F-E692-42CA-8CED-81CCA5B9B17E}.Debug|x64.ActiveCfg = Debug|x64
		{C8AAC24F-E692-42CA-8CED-81CCA5B9B17E}.Debug|x64.Build.0 = Debug|x64
		{C8AAC24F-E692-42CA-8CED-81CCA5B9B17E}.Debug|x86.ActiveCfg = Debug|Win32
		{C8AAC24F-E692-42CA-8CED-81CCA5B9B17E}.Debug|x86.Build.0 = Debug|Win32
		{C8AAC24F-E692-42CA-8CED-81CCA5B9B17E}.Release|ARM.ActiveCfg = Release|ARM
		{C8AAC24F-E692-42CA-8CED-81CCA5B9B17E}.Release|ARM.Build.0 = Release|ARM
		{C8AAC24F-E692-42CA-8CED-81CCA5B9B17E}.Release|Mixed Platforms.ActiveCfg = Release|Win32
		{C8AAC24F-E692-42CA-8CED-81CCA5B9B17E}.Release|Mixed Platforms.Build.0 = Release|Win32
		{C8AAC24F-E692-42CA-8CED-81CCA5B9B17E}.Release|Win32.ActiveCfg = Release|Win32
		{C8AAC24F-E692-42CA-8CED-81CCA5B9B17E}.Release|Win32.Build.0 = Release|Win32
		{C8AAC24F-E692-42CA-8CED-81CCA5B9B17E}.Release|x64.ActiveCfg = Release|x64
		{C8AAC24F-E692-42CA-8CED-81CCA5B9B17E}.Release|x64.Build.0 = Release|x64
		{C8AAC24F-E692-42CA-8CED-81CCA5B9B17E}.Release|x86.ActiveCfg = Release|Win32
		{C8AAC24F-E692-42CA-8CED-81CCA5B9B17E}.Release|x86.Build.0 = Release|Win32
		{4E5371A1-F81E-4009-AD06-6CCDF7A910A6}.Debug|ARM.ActiveCfg = Debug|ARM
		{4E5371A1-F81E-4009-AD06-6CCDF7A910A6}.Debug|ARM.Build.0 = Debug|ARM
		{4E5371A1-F81E-4009-AD06-6CCDF7A910A6}.Debug|Mixed Platforms.ActiveCfg = Debug|Win32
		{4E5371A1-F81E-4009-AD06-6CCDF7A910A6}.Debug|Mixed Platforms.Build.0 = Debug|Win32
		{4E5371A1-F81E-4009-AD06-6CCDF7A910A6}.Debug|Win32.ActiveCfg = Debug|Win32
		{4E5371A1-F81E-4009-AD06-6CCDF7A910A6}.Debug|Win32.Build.0 = Debug|Win32
		{4E5371A1-F81E-4009-AD06-6CCDF7A910A6}.Debug|x64.ActiveCfg = Debug|x64
		{4E5371A1-F81E-4009-AD06-6CCDF7A910A6}.Debug|x64.Build.0 = Debug|x64
		{4E5371A1-F81E-4009-AD06-6CCDF7A910A6}.Debug|x86.ActiveCfg = Debug|Win32
		{4E5371A1-F81E-4009-AD06-6CCDF7A910A6}.Debug|x86.Build.0 = Debug|Win32
		{4E5371A1-F81E-4009-AD06-6CCDF7A910A6}.Release|ARM.ActiveCfg = Release|ARM
		{4E5371A1-F81E-4009-AD06-6CCDF7A910A6}.Release|ARM.Build.0 = Release|ARM
		{4E5371A1-F81E-4009-AD06-6CCDF7A910A6}.Release|Mixed Platforms.ActiveCfg = Release|Win32
		{4E5371A1-F81E-4009-AD06-6CCDF7A910A6}.Release|Mixed Platforms.Build.0 = Release|Win32
		{4E5371A1-F81E-4009-AD06-6CCDF7A910A6}.Release|Win32.ActiveCfg = Release|Win32
		{4E5371A1-F81E-4009-AD06-6CCDF7A910A6}.Release|Win32.Build.0 = Release|Win32
		{4E5371A1-F81E-4009-AD06-6CCDF7A910A6}.Release|x64.ActiveCfg = Release|x64
		{4E5371A1-F81E-4009-AD06-6CCDF7A910A6}.Release|x64.Build.0 = Release|x64
		{4E5371A1-F81E-4009-AD06-6CCDF7A910A6}.Release|x86.ActiveCfg = Release|Win32
		{4E5371A1-F81E-4009-AD06-6CCDF7A910A6}.Release|x86.Build.0 = Release|Win32
		{1C1FB9A1-0B7D-4115-8BFD-8E02E62C20C6}.Debug|ARM.ActiveCfg = Debug|ARM
		{1C1FB9A1-0B7D-4115-8BFD-8E02E62C20C6}.Debug|ARM.Build.0 = Debug|ARM
		{1C1FB9A1-0B7D-4115-8BFD-8E02E62C20C6}.Debug|Mixed Platforms.ActiveCfg = Debug|Win32
		{1C1FB9A1-0B7D-4115-8BFD-8E02E62C20C6}.Debug|Mixed Platforms.Build.0 = Debug|Win32
		{1C1FB9A1-0B7D-4115-8BFD-8E02E62C20C6}.Debug|Win32.ActiveCfg = Debug|Win32
		{1C1FB9A1-0B7D-4115-8BFD-8E02E62C20C6}.Debug|Win32.Build.0 = Debug|Win32
		{1C1FB9A1-0B7D-4115-8BFD-8E02E62C20C6}.Debug|x64.ActiveCfg = Debug|x64
		{1C1FB9A1-0B7D-4115-8BFD-8E02E62C20C6}.Debug|x64.Build.0 = Debug|x64
		{1C1FB9A1-0B7D-4115-8BFD-8E02E62C20C6}.Debug|x86.ActiveCfg = Debug|Win32
		{1C1FB9A1-0B7D-4115-8BFD-8E02E62C20C6}.Debug|x86.Build.0 = Debug|Win32
		{1C1FB9A1-0B7D-4115-8BFD-8E02E62C20C6}.Release|ARM.ActiveCfg = Release|ARM
		{1C1FB9A1-0B7D-4115-8BFD-8E02E62C20C6}.Release|ARM.Build.0 = Release|ARM
		{1C1FB9A1-0B7D-4115-8BFD-8E02E62C20C6}.Release|Mixed Platforms.ActiveCfg = Release|Win32
		{1C1FB9A1-0B7D-4115-8BFD-8E02E62C20C6}.Release|Mixed Platforms.Build.0 = Release|Win32
		{1C1FB9A1-0B7D-4115-8BFD-8E02E62C20C6}.Release|Win32.ActiveCfg = Release|Win32
		{1C1FB9A1-0B7D-4115-8BFD-8E02E62C20C6}.Release|Win32.Build.0 = Release|Win32
		{1C1FB9A1-0B7D-4115-8BFD-8E02E62C20C6}.Release|x64.ActiveCfg = Release|x64
		{1C1FB9A1-0B7D-4115-8BFD-8E02E62C20C6}.Release|x64.Build.0 = Release|x64
		{1C1FB9A1-0B7D-4115-8BFD-8E02E62C20C6}.Release|x86.ActiveCfg = Release|Win32
		{1C1FB9A1-0B7D-4115-8BFD-8E02E62C20C6}.Release|x86.Build.0 = Release|Win32
		{C22DABF8-A7AA-4E2A-8D0E-3748A9C76BA5}.Debug|ARM.ActiveCfg = Debug|ARM
		{C22DABF8-A7AA-4E2A-8D0E-3748A9C76BA5}.Debug|ARM.Build.0 = Debug|ARM
		{C22DABF8-A7AA-4E2A-8D0E-3748A9C76BA5}.Debug|Mixed Platforms.ActiveCfg = Debug|Win32
		{C22DABF8-A7AA-4E2A-8D0E-3748A9C76BA5}.Debug|Mixed Platforms.Build.0 = Debug|Win32
		{C22DABF8-A7AA-4E2A-8D0E-3748A9C76BA5}.Debug|Win32.ActiveCfg = Debug|Win32
		{C22DABF8-A7AA-4E2A-8D0E-3748A9C76BA5}.Debug|Win32.Build.0 = Debug|Win32
		{C22DABF8-A7AA-4E2A-8D0E-3748A9C76BA5}.Debug|x64.ActiveCfg = Debug|x64
		{C22DABF8-A7AA-4E2A-8D0E-3748A9C76BA5}.Debug|x64.Build.0 = Debug|x64
		{C22DABF8-A7AA-4E2A-8D0E-3748A9C76BA5}.Debug|x86.ActiveCfg = Debug|Win32
		{C22DABF8-A7AA-4E2A-8D0E-3748A9C76BA5}.Debug|x86.Build.0 = Debug|Win32
		{C22DABF8-A7AA-4E2A-8D0E-3748A9C76BA5}.Release|ARM.ActiveCfg = Release|ARM
		{C22DABF8-A7AA-4E2A-8D0E-3748A9C76BA5}.Release|ARM.Build.0 = Release|ARM
		{C22DABF8-A7AA-4E2A-8D0E-3748A9C76BA5}.Release|Mixed Platforms.ActiveCfg = Release|Win32
		{C22DABF8-A7AA-4E2A-8D0E-3748A9C76BA5}.Release|Mixed Platforms.Build.0 = Release|Win32
		{C22DABF8-A7AA-4E2A-8D0E-3748A9C76BA5}.Release|Win32.ActiveCfg = Release|Win32
		{C22DABF8-A7AA-4E2A-8D0E-3748A9C76BA5}.Release|Win32.Build.0 = Release|Win32
		{C22DABF8-A7AA-4E2A-8D0E-3748A9C76BA5}.Release|x64.ActiveCfg = Release|x64
		{C22DABF8-A7AA-4E2A-8D0E-3748A9C76BA5}.Release|x64.Build.0 = Release|x64
		{C22DABF8-A7AA-4E2A-8D0E-3748A9C76BA5}.Release|x86.ActiveCfg = Release|Win32
		{C22DABF8-A7AA-4E2A-8D0E-3748A9C76BA5}.Release|x86.Build.0 = Release|Win32
		{75020AC1-38E6-4D32-98F3-F3D2CCBE88B8}.Debug|ARM.ActiveCfg = Debug|ARM
		{75020AC1-38E6-4D32-98F3-F3D2CCBE88B8}.Debug|ARM.Build.0 = Debug|ARM
		{75020AC1-38E6-4D32-98F3-F3D2CCBE88B8}.Debug|Mixed Platforms.ActiveCfg = Debug|Win32
		{75020AC1-38E6-4D32-98F3-F3D2CCBE88B8}.Debug|Mixed Platforms.Build.0 = Debug|Win32
		{75020AC1-38E6-4D32-98F3-F3D2CCBE88B8}.Debug|Win32.ActiveCfg = Debug|Win32
		{75020AC1-38E6-4D32-98F3-F3D2CCBE88B8}.Debug|Win32.Build.0 = Debug|Win32
		{75020AC1-38E6-4D32-98F3-F3D2CCBE88B8}.Debug|x64.ActiveCfg = Debug|x64
		{75020AC1-38E6-4D32-98F3-F3D2CCBE88B8}.Debug|x64.Build.0 = Debug|x64
		{75020AC1-38E6-4D32-98F3-F3D2CCBE88B8}.Debug|x86.ActiveCfg = Debug|Win32
		{75020AC1-38E6-4D32-98F3-F3D2CCBE88B8}.Debug|x86.Build.0 = Debug|Win32
		{75020AC1-38E6-4D32-98F3-F3D2CCBE88B8}.Release|ARM.ActiveCfg = Release|ARM
		{75020AC1-38E6-4D32-98F3-F3D2CCBE88B8}.Release|ARM.Build.0 = Release|ARM
		{75020AC1-38E6-4D32-98F3-F3D2CCBE88B8}.Release|Mixed Platforms.ActiveCfg = Release|Win32
		{75020AC1-38E6-4D32-98F3-F3D2CCBE88B8}.Release|Mixed Platforms.Build.0 = Release|Win32
		{75020AC1-38E6-4D32-98F3-F3D2CCBE88B8}.Release|Win32.ActiveCfg = Release|Win32
		{75020AC1-38E6-4D32-98F3-F3D2CCBE88B8}.Release|Win32.Build.0 = Release|Win32
		{75020AC1-38E6-4D32-98F3-F3D2CCBE88B8}.Release|x64.ActiveCfg = Release|x64
		{75020AC1-38E6-4D32-98F3-F3D2CCBE88B8}.Release|x64.Build.0 = Release|x64
		{75020AC1-38E6-4D32-98F3-F3D2CCBE88B8}.Release|x86.ActiveCfg = Release|Win32
		{75020AC1-38E6-4D32-98F3-F3D2CCBE88B8}.Release|x86.Build.0 = Release|Win32
		{FF1B8784-FAFE-4EFB-A4EA-EFCD2F3D53DA}.Debug|ARM.ActiveCfg = Debug|ARM
		{FF1B8784-FAFE-4EFB-A4EA-EFCD2F3D53DA}.Debug|ARM.Build.0 = Debug|ARM
		{FF1B8784-FAFE-4EFB-A4EA-EFCD2F3D53DA}.Debug|Mixed Platforms.ActiveCfg = Debug|Win32
		{FF1B8784-FAFE-4EFB-A4EA-EFCD2F3D53DA}.Debug|Mixed Platforms.Build.0 = Debug|Win32
		{FF1B8784-FAFE-4EFB-A4EA-EFCD2F3D53DA}.Debug|Win32.ActiveCfg = Debug|Win32
		{FF1B8784-FAFE-4EFB-A4EA-EFCD2F3D53DA}.Debug|Win32.Build.0 = Debug|Win32
		{FF1B8784-FAFE-4EFB-A4EA-EFCD2F3D53DA}.Debug|x64.ActiveCfg = Debug|x64
		{FF1B8784-FAFE-4EFB-A4EA-EFCD2F3D53DA}.Debug|x64.Build.0 = Debug|x64
		{FF1B8784-FAFE-4EFB-A4EA-EFCD2F3D53DA}.Debug|x86.ActiveCfg = Debug|Win32
		{FF1B8784-FAFE-4EFB-A4EA-EFCD2F3D53DA}.Debug|x86.Build.0 = Debug|Win32
		{FF1B8784-FAFE-4EFB-A4EA-EFCD2F3D53DA}.Release|ARM.ActiveCfg = Release|ARM
		{FF1B8784-FAFE-4EFB-A4EA-EFCD2F3D53DA}.Release|ARM.Build.0 = Release|ARM
		{FF1B8784-FAFE-4EFB-A4EA-EFCD2F3D53DA}.Release|Mixed Platforms.ActiveCfg = Release|Win32
		{FF1B8784-FAFE-4EFB-A4EA-EFCD2F3D53DA}.Release|Mixed Platforms.Build.0 = Release|Win32
		{FF1B8784-FAFE-4EFB-A4EA-EFCD2F3D53DA}.Release|Win32.ActiveCfg = Release|Win32
		{FF1B8784-FAFE-4EFB-A4EA-EFCD2F3D53DA}.Release|Win32.Build.0 = Release|Win32
		{FF1B8784-FAFE-4EFB-A4EA-EFCD2F3D53DA}.Release|x64.ActiveCfg = Release|x64
		{FF1B8784-FAFE-4EFB-A4EA-EFCD2F3D53DA}.Release|x64.Build.0 = Release|x64
		{FF1B8784-FAFE-4EFB-A4EA-EFCD2F3D53DA}.Release|x86.ActiveCfg = Release|Win32
		{FF1B8784-FAFE-4EFB-A4EA-EFCD2F3D53DA}.Release|x86.Build.0 = Release|Win32
		{D65CBA67-B2DC-4A1B-AC56-8DE9C35BD693}.Debug|ARM.ActiveCfg = Debug|ARM
		{D65CBA67-B2DC-4A1B-AC56-8DE9C35BD693}.Debug|ARM.Build.0 = Debug|ARM
		{D65CBA67-B2DC-4A1B-AC56-8DE9C35BD693}.Debug|Mixed Platforms.ActiveCfg = Debug|Win32
		{D65CBA67-B2DC-4A1B-AC56-8DE9C35BD693}.Debug|Mixed Platforms.Build.0 = Debug|Win32
		{D65CBA67-B2DC-4A1B-AC56-8DE9C35BD693}.Debug|Win32.ActiveCfg = Debug|Win32
		{D65CBA67-B2DC-4A1B-AC56-8DE9C35BD693}.Debug|Win32.Build.0 = Debug|Win32
		{D65CBA67-B2DC-4A1B-AC56-8DE9C35BD693}.Debug|x64.ActiveCfg = Debug|x64
		{D65CBA67-B2DC-4A1B-AC56-8DE9C35BD693}.Debug|x64.Build.0 = Debug|x64
		{D65CBA67-B2DC-4A1B-AC56-8DE9C35BD693}.Debug|x86.ActiveCfg = Debug|Win32
		{D65CBA67-B2DC-4A1B-AC56-8DE9C35BD693}.Debug|x86.Build.0 = Debug|Win32
		{D65CBA67-B2DC-4A1B-AC56-8DE9C35BD693}.Release|ARM.ActiveCfg = Release|ARM
		{D65CBA67-B2DC-4A1B-AC56-8DE9C35BD693}.Release|ARM.Build.0 = Release|ARM
		{D65CBA67-B2DC-4A1B-AC56-8DE9C35BD693}.Release|Mixed Platforms.ActiveCfg = Release|Win32
		{D65CBA67-B2DC-4A1B-AC56-8DE9C35BD693}.Release|Mixed Platforms.Build.0 = Release|Win32
		{D65CBA67-B2DC-4A1B-AC56-8DE9C35BD693}.Release|Win32.ActiveCfg = Release|Win32
		{D65CBA67-B2DC-4A1B-AC56-8DE9C35BD693}.Release|Win32.Build.0 = Release|Win32
		{D65CBA67-B2DC-4A1B-AC56-8DE9C35BD693}.Release|x64.ActiveCfg = Release|x64
		{D65CBA67-B2DC-4A1B-AC56-8DE9C35BD693}.Release|x64.Build.0 = Release|x64
		{D65CBA67-B2DC-4A1B-AC56-8DE9C35BD693}.Release|x86.ActiveCfg = Release|Win32
		{D65CBA67-B2DC-4A1B-AC56-8DE9C35BD693}.Release|x86.Build.0 = Release|Win32
		{393D302C-1348-4676-8F2D-1008D46A9A94}.Debug|ARM.ActiveCfg = Debug|ARM
		{393D302C-1348-4676-8F2D-1008D46A9A94}.Debug|ARM.Build.0 = Debug|ARM
		{393D302C-1348-4676-8F2D-1008D46A9A94}.Debug|ARM.Deploy.0 = Debug|ARM
		{393D302C-1348-4676-8F2D-1008D46A9A94}.Debug|Mixed Platforms.ActiveCfg = Debug|x86
		{393D302C-1348-4676-8F2D-1008D46A9A94}.Debug|Mixed Platforms.Build.0 = Debug|x86
		{393D302C-1348-4676-8F2D-1008D46A9A94}.Debug|Mixed Platforms.Deploy.0 = Debug|x86
		{393D302C-1348-4676-8F2D-1008D46A9A94}.Debug|Win32.ActiveCfg = Debug|x86
		{393D302C-1348-4676-8F2D-1008D46A9A94}.Debug|Win32.Build.0 = Debug|x86
		{393D302C-1348-4676-8F2D-1008D46A9A94}.Debug|Win32.Deploy.0 = Debug|x86
		{393D302C-1348-4676-8F2D-1008D46A9A94}.Debug|x64.ActiveCfg = Debug|x64
		{393D302C-1348-4676-8F2D-1008D46A9A94}.Debug|x64.Build.0 = Debug|x64
		{393D302C-1348-4676-8F2D-1008D46A9A94}.Debug|x64.Deploy.0 = Debug|x64
		{393D302C-1348-4676-8F2D-1008D46A9A94}.Debug|x86.ActiveCfg = Debug|x86
		{393D302C-1348-4676-8F2D-1008D46A9A94}.Debug|x86.Build.0 = Debug|x86
		{393D302C-1348-4676-8F2D-1008D46A9A94}.Debug|x86.Deploy.0 = Debug|x86
		{393D302C-1348-4676-8F2D-1008D46A9A94}.Release|ARM.ActiveCfg = Release|ARM
		{393D302C-1348-4676-8F2D-1008D46A9A94}.Release|ARM.Build.0 = Release|ARM
		{393D302C-1348-4676-8F2D-1008D46A9A94}.Release|ARM.Deploy.0 = Release|ARM
		{393D302C-1348-4676-8F2D-1008D46A9A94}.Release|Mixed Platforms.ActiveCfg = Release|x86
		{393D302C-1348-4676-8F2D-1008D46A9A94}.Release|Mixed Platforms.Build.0 = Release|x86
		{393D302C-1348-4676-8F2D-1008D46A9A94}.Release|Mixed Platforms.Deploy.0 = Release|x86
		{393D302C-1348-4676-8F2D-1008D46A9A94}.Release|Win32.ActiveCfg = Release|x86
		{393D302C-1348-4676-8F2D-1008D46A9A94}.Release|Win32.Build.0 = Release|x86
		{393D302C-1348-4676-8F2D-1008D46A9A94}.Release|Win32.Deploy.0 = Release|x86
		{393D302C-1348-4676-8F2D-1008D46A9A94}.Release|x64.ActiveCfg = Release|x64
		{393D302C-1348-4676-8F2D-1008D46A9A94}.Release|x64.Build.0 = Release|x64
		{393D302C-1348-4676-8F2D-1008D46A9A94}.Release|x64.Deploy.0 = Release|x64
		{393D302C-1348-4676-8F2D-1008D46A9A94}.Release|x86.ActiveCfg = Release|x86
		{393D302C-1348-4676-8F2D-1008D46A9A94}.Release|x86.Build.0 = Release|x86
		{393D302C-1348-4676-8F2D-1008D46A9A94}.Release|x86.Deploy.0 = Release|x86
		{5E650A9B-846C-4DB7-9881-4C78ED6309F0}.Debug|ARM.ActiveCfg = Debug|ARM
		{5E650A9B-846C-4DB7-9881-4C78ED6309F0}.Debug|ARM.Build.0 = Debug|ARM
		{5E650A9B-846C-4DB7-9881-4C78ED6309F0}.Debug|ARM.Deploy.0 = Debug|ARM
		{5E650A9B-846C-4DB7-9881-4C78ED6309F0}.Debug|Mixed Platforms.ActiveCfg = Debug|x86
		{5E650A9B-846C-4DB7-9881-4C78ED6309F0}.Debug|Mixed Platforms.Build.0 = Debug|x86
		{5E650A9B-846C-4DB7-9881-4C78ED6309F0}.Debug|Mixed Platforms.Deploy.0 = Debug|x86
		{5E650A9B-846C-4DB7-9881-4C78ED6309F0}.Debug|Win32.ActiveCfg = Debug|x86
		{5E650A9B-846C-4DB7-9881-4C78ED6309F0}.Debug|Win32.Build.0 = Debug|x86
		{5E650A9B-846C-4DB7-9881-4C78ED6309F0}.Debug|Win32.Deploy.0 = Debug|x86
		{5E650A9B-846C-4DB7-9881-4C78ED6309F0}.Debug|x64.ActiveCfg = Debug|Any CPU
		{5E650A9B-846C-4DB7-9881-4C78ED6309F0}.Debug|x86.ActiveCfg = Debug|x86
		{5E650A9B-846C-4DB7-9881-4C78ED6309F0}.Debug|x86.Build.0 = Debug|x86
		{5E650A9B-846C-4DB7-9881-4C78ED6309F0}.Debug|x86.Deploy.0 = Debug|x86
		{5E650A9B-846C-4DB7-9881-4C78ED6309F0}.Release|ARM.ActiveCfg = Release|ARM
		{5E650A9B-846C-4DB7-9881-4C78ED6309F0}.Release|ARM.Build.0 = Release|ARM
		{5E650A9B-846C-4DB7-9881-4C78ED6309F0}.Release|ARM.Deploy.0 = Release|ARM
		{5E650A9B-846C-4DB7-9881-4C78ED6309F0}.Release|Mixed Platforms.ActiveCfg = Release|x86
		{5E650A9B-846C-4DB7-9881-4C78ED6309F0}.Release|Mixed Platforms.Build.0 = Release|x86
		{5E650A9B-846C-4DB7-9881-4C78ED6309F0}.Release|Mixed Platforms.Deploy.0 = Release|x86
		{5E650A9B-846C-4DB7-9881-4C78ED6309F0}.Release|Win32.ActiveCfg = Release|x86
		{5E650A9B-846C-4DB7-9881-4C78ED6309F0}.Release|Win32.Build.0 = Release|x86
		{5E650A9B-846C-4DB7-9881-4C78ED6309F0}.Release|Win32.Deploy.0 = Release|x86
		{5E650A9B-846C-4DB7-9881-4C78ED6309F0}.Release|x64.ActiveCfg = Release|Any CPU
		{5E650A9B-846C-4DB7-9881-4C78ED6309F0}.Release|x86.ActiveCfg = Release|x86
		{5E650A9B-846C-4DB7-9881-4C78ED6309F0}.Release|x86.Build.0 = Release|x86
		{5E650A9B-846C-4DB7-9881-4C78ED6309F0}.Release|x86.Deploy.0 = Release|x86
		{4255E8DE-50C2-4D0C-BB6A-C3C30D2CA8E1}.Debug|ARM.ActiveCfg = Debug|ARM
		{4255E8DE-50C2-4D0C-BB6A-C3C30D2CA8E1}.Debug|ARM.Build.0 = Debug|ARM
		{4255E8DE-50C2-4D0C-BB6A-C3C30D2CA8E1}.Debug|Mixed Platforms.ActiveCfg = Debug|Win32
		{4255E8DE-50C2-4D0C-BB6A-C3C30D2CA8E1}.Debug|Mixed Platforms.Build.0 = Debug|Win32
		{4255E8DE-50C2-4D0C-BB6A-C3C30D2CA8E1}.Debug|Win32.ActiveCfg = Debug|Win32
		{4255E8DE-50C2-4D0C-BB6A-C3C30D2CA8E1}.Debug|Win32.Build.0 = Debug|Win32
		{4255E8DE-50C2-4D0C-BB6A-C3C30D2CA8E1}.Debug|x64.ActiveCfg = Debug|x64
		{4255E8DE-50C2-4D0C-BB6A-C3C30D2CA8E1}.Debug|x64.Build.0 = Debug|x64
		{4255E8DE-50C2-4D0C-BB6A-C3C30D2CA8E1}.Debug|x86.ActiveCfg = Debug|Win32
		{4255E8DE-50C2-4D0C-BB6A-C3C30D2CA8E1}.Debug|x86.Build.0 = Debug|Win32
		{4255E8DE-50C2-4D0C-BB6A-C3C30D2CA8E1}.Release|ARM.ActiveCfg = Release|ARM
		{4255E8DE-50C2-4D0C-BB6A-C3C30D2CA8E1}.Release|ARM.Build.0 = Release|ARM
		{4255E8DE-50C2-4D0C-BB6A-C3C30D2CA8E1}.Release|Mixed Platforms.ActiveCfg = Release|Win32
		{4255E8DE-50C2-4D0C-BB6A-C3C30D2CA8E1}.Release|Mixed Platforms.Build.0 = Release|Win32
		{4255E8DE-50C2-4D0C-BB6A-C3C30D2CA8E1}.Release|Win32.ActiveCfg = Release|Win32
		{4255E8DE-50C2-4D0C-BB6A-C3C30D2CA8E1}.Release|Win32.Build.0 = Release|Win32
		{4255E8DE-50C2-4D0C-BB6A-C3C30D2CA8E1}.Release|x64.ActiveCfg = Release|x64
		{4255E8DE-50C2-4D0C-BB6A-C3C30D2CA8E1}.Release|x64.Build.0 = Release|x64
		{4255E8DE-50C2-4D0C-BB6A-C3C30D2CA8E1}.Release|x86.ActiveCfg = Release|Win32
		{4255E8DE-50C2-4D0C-BB6A-C3C30D2CA8E1}.Release|x86.Build.0 = Release|Win32
		{C5F79206-03D2-4E0F-A7FA-6495585B4ABF}.Debug|ARM.ActiveCfg = Debug|ARM
		{C5F79206-03D2-4E0F-A7FA-6495585B4ABF}.Debug|ARM.Build.0 = Debug|ARM
		{C5F79206-03D2-4E0F-A7FA-6495585B4ABF}.Debug|Mixed Platforms.ActiveCfg = Debug|Win32
		{C5F79206-03D2-4E0F-A7FA-6495585B4ABF}.Debug|Mixed Platforms.Build.0 = Debug|Win32
		{C5F79206-03D2-4E0F-A7FA-6495585B4ABF}.Debug|Win32.ActiveCfg = Debug|Win32
		{C5F79206-03D2-4E0F-A7FA-6495585B4ABF}.Debug|Win32.Build.0 = Debug|Win32
		{C5F79206-03D2-4E0F-A7FA-6495585B4ABF}.Debug|x64.ActiveCfg = Debug|Win32
		{C5F79206-03D2-4E0F-A7FA-6495585B4ABF}.Debug|x86.ActiveCfg = Debug|Win32
		{C5F79206-03D2-4E0F-A7FA-6495585B4ABF}.Debug|x86.Build.0 = Debug|Win32
		{C5F79206-03D2-4E0F-A7FA-6495585B4ABF}.Release|ARM.ActiveCfg = Release|ARM
		{C5F79206-03D2-4E0F-A7FA-6495585B4ABF}.Release|ARM.Build.0 = Release|ARM
		{C5F79206-03D2-4E0F-A7FA-6495585B4ABF}.Release|Mixed Platforms.ActiveCfg = Release|Win32
		{C5F79206-03D2-4E0F-A7FA-6495585B4ABF}.Release|Mixed Platforms.Build.0 = Release|Win32
		{C5F79206-03D2-4E0F-A7FA-6495585B4ABF}.Release|Win32.ActiveCfg = Release|Win32
		{C5F79206-03D2-4E0F-A7FA-6495585B4ABF}.Release|Win32.Build.0 = Release|Win32
		{C5F79206-03D2-4E0F-A7FA-6495585B4ABF}.Release|x64.ActiveCfg = Release|Win32
		{C5F79206-03D2-4E0F-A7FA-6495585B4ABF}.Release|x86.ActiveCfg = Release|Win32
		{C5F79206-03D2-4E0F-A7FA-6495585B4ABF}.Release|x86.Build.0 = Release|Win32
		{A5C79AB7-5BF8-40C6-BF98-CFA551E92241}.Debug|ARM.ActiveCfg = Debug|ARM
		{A5C79AB7-5BF8-40C6-BF98-CFA551E92241}.Debug|ARM.Build.0 = Debug|ARM
		{A5C79AB7-5BF8-40C6-BF98-CFA551E92241}.Debug|ARM.Deploy.0 = Debug|ARM
		{A5C79AB7-5BF8-40C6-BF98-CFA551E92241}.Debug|Mixed Platforms.ActiveCfg = Debug|x86
		{A5C79AB7-5BF8-40C6-BF98-CFA551E92241}.Debug|Mixed Platforms.Build.0 = Debug|x86
		{A5C79AB7-5BF8-40C6-BF98-CFA551E92241}.Debug|Mixed Platforms.Deploy.0 = Debug|x86
		{A5C79AB7-5BF8-40C6-BF98-CFA551E92241}.Debug|Win32.ActiveCfg = Debug|x86
		{A5C79AB7-5BF8-40C6-BF98-CFA551E92241}.Debug|Win32.Build.0 = Debug|x86
		{A5C79AB7-5BF8-40C6-BF98-CFA551E92241}.Debug|Win32.Deploy.0 = Debug|x86
		{A5C79AB7-5BF8-40C6-BF98-CFA551E92241}.Debug|x64.ActiveCfg = Debug|x64
		{A5C79AB7-5BF8-40C6-BF98-CFA551E92241}.Debug|x64.Build.0 = Debug|x64
		{A5C79AB7-5BF8-40C6-BF98-CFA551E92241}.Debug|x64.Deploy.0 = Debug|x64
		{A5C79AB7-5BF8-40C6-BF98-CFA551E92241}.Debug|x86.ActiveCfg = Debug|x86
		{A5C79AB7-5BF8-40C6-BF98-CFA551E92241}.Debug|x86.Build.0 = Debug|x86
		{A5C79AB7-5BF8-40C6-BF98-CFA551E92241}.Debug|x86.Deploy.0 = Debug|x86
		{A5C79AB7-5BF8-40C6-BF98-CFA551E92241}.Release|ARM.ActiveCfg = Release|ARM
		{A5C79AB7-5BF8-40C6-BF98-CFA551E92241}.Release|ARM.Build.0 = Release|ARM
		{A5C79AB7-5BF8-40C6-BF98-CFA551E92241}.Release|ARM.Deploy.0 = Release|ARM
		{A5C79AB7-5BF8-40C6-BF98-CFA551E92241}.Release|Mixed Platforms.ActiveCfg = Release|x86
		{A5C79AB7-5BF8-40C6-BF98-CFA551E92241}.Release|Mixed Platforms.Build.0 = Release|x86
		{A5C79AB7-5BF8-40C6-BF98-CFA551E92241}.Release|Mixed Platforms.Deploy.0 = Release|x86
		{A5C79AB7-5BF8-40C6-BF98-CFA551E92241}.Release|Win32.ActiveCfg = Release|x86
		{A5C79AB7-5BF8-40C6-BF98-CFA551E92241}.Release|Win32.Build.0 = Release|x86
		{A5C79AB7-5BF8-40C6-BF98-CFA551E92241}.Release|Win32.Deploy.0 = Release|x86
		{A5C79AB7-5BF8-40C6-BF98-CFA551E92241}.Release|x64.ActiveCfg = Release|x64
		{A5C79AB7-5BF8-40C6-BF98-CFA551E92241}.Release|x64.Build.0 = Release|x64
		{A5C79AB7-5BF8-40C6-BF98-CFA551E92241}.Release|x64.Deploy.0 = Release|x64
		{A5C79AB7-5BF8-40C6-BF98-CFA551E92241}.Release|x86.ActiveCfg = Release|x86
		{A5C79AB7-5BF8-40C6-BF98-CFA551E92241}.Release|x86.Build.0 = Release|x86
		{A5C79AB7-5BF8-40C6-BF98-CFA551E92241}.Release|x86.Deploy.0 = Release|x86
		{5BAC1021-28C1-4F9F-8CA3-CEC682300C2F}.Debug|ARM.ActiveCfg = Debug|ARM
		{5BAC1021-28C1-4F9F-8CA3-CEC682300C2F}.Debug|ARM.Build.0 = Debug|ARM
		{5BAC1021-28C1-4F9F-8CA3-CEC682300C2F}.Debug|ARM.Deploy.0 = Debug|ARM
		{5BAC1021-28C1-4F9F-8CA3-CEC682300C2F}.Debug|Mixed Platforms.ActiveCfg = Debug|x86
		{5BAC1021-28C1-4F9F-8CA3-CEC682300C2F}.Debug|Mixed Platforms.Build.0 = Debug|x86
		{5BAC1021-28C1-4F9F-8CA3-CEC682300C2F}.Debug|Mixed Platforms.Deploy.0 = Debug|x86
		{5BAC1021-28C1-4F9F-8CA3-CEC682300C2F}.Debug|Win32.ActiveCfg = Debug|x86
		{5BAC1021-28C1-4F9F-8CA3-CEC682300C2F}.Debug|Win32.Build.0 = Debug|x86
		{5BAC1021-28C1-4F9F-8CA3-CEC682300C2F}.Debug|Win32.Deploy.0 = Debug|x86
		{5BAC1021-28C1-4F9F-8CA3-CEC682300C2F}.Debug|x64.ActiveCfg = Debug|Any CPU
		{5BAC1021-28C1-4F9F-8CA3-CEC682300C2F}.Debug|x86.ActiveCfg = Debug|x86
		{5BAC1021-28C1-4F9F-8CA3-CEC682300C2F}.Debug|x86.Build.0 = Debug|x86
		{5BAC1021-28C1-4F9F-8CA3-CEC682300C2F}.Debug|x86.Deploy.0 = Debug|x86
		{5BAC1021-28C1-4F9F-8CA3-CEC682300C2F}.Release|ARM.ActiveCfg = Release|ARM
		{5BAC1021-28C1-4F9F-8CA3-CEC682300C2F}.Release|ARM.Build.0 = Release|ARM
		{5BAC1021-28C1-4F9F-8CA3-CEC682300C2F}.Release|ARM.Deploy.0 = Release|ARM
		{5BAC1021-28C1-4F9F-8CA3-CEC682300C2F}.Release|Mixed Platforms.ActiveCfg = Release|x86
		{5BAC1021-28C1-4F9F-8CA3-CEC682300C2F}.Release|Mixed Platforms.Build.0 = Release|x86
		{5BAC1021-28C1-4F9F-8CA3-CEC682300C2F}.Release|Mixed Platforms.Deploy.0 = Release|x86
		{5BAC1021-28C1-4F9F-8CA3-CEC682300C2F}.Release|Win32.ActiveCfg = Release|x86
		{5BAC1021-28C1-4F9F-8CA3-CEC682300C2F}.Release|Win32.Build.0 = Release|x86
		{5BAC1021-28C1-4F9F-8CA3-CEC682300C2F}.Release|Win32.Deploy.0 = Release|x86
		{5BAC1021-28C1-4F9F-8CA3-CEC682300C2F}.Release|x64.ActiveCfg = Release|Any CPU
		{5BAC1021-28C1-4F9F-8CA3-CEC682300C2F}.Release|x86.ActiveCfg = Release|x86
		{5BAC1021-28C1-4F9F-8CA3-CEC682300C2F}.Release|x86.Build.0 = Release|x86
		{5BAC1021-28C1-4F9F-8CA3-CEC682300C2F}.Release|x86.Deploy.0 = Release|x86
		{1F8E9857-EEC5-439B-90A4-8CD29E50C91F}.Debug|ARM.ActiveCfg = Debug|ARM
		{1F8E9857-EEC5-439B-90A4-8CD29E50C91F}.Debug|ARM.Build.0 = Debug|ARM
		{1F8E9857-EEC5-439B-90A4-8CD29E50C91F}.Debug|ARM.Deploy.0 = Debug|ARM
		{1F8E9857-EEC5-439B-90A4-8CD29E50C91F}.Debug|Mixed Platforms.ActiveCfg = Debug|x86
		{1F8E9857-EEC5-439B-90A4-8CD29E50C91F}.Debug|Mixed Platforms.Build.0 = Debug|x86
		{1F8E9857-EEC5-439B-90A4-8CD29E50C91F}.Debug|Mixed Platforms.Deploy.0 = Debug|x86
		{1F8E9857-EEC5-439B-90A4-8CD29E50C91F}.Debug|Win32.ActiveCfg = Debug|x86
		{1F8E9857-EEC5-439B-90A4-8CD29E50C91F}.Debug|Win32.Build.0 = Debug|x86
		{1F8E9857-EEC5-439B-90A4-8CD29E50C91F}.Debug|Win32.Deploy.0 = Debug|x86
		{1F8E9857-EEC5-439B-90A4-8CD29E50C91F}.Debug|x64.ActiveCfg = Debug|x64
		{1F8E9857-EEC5-439B-90A4-8CD29E50C91F}.Debug|x64.Build.0 = Debug|x64
		{1F8E9857-EEC5-439B-90A4-8CD29E50C91F}.Debug|x64.Deploy.0 = Debug|x64
		{1F8E9857-EEC5-439B-90A4-8CD29E50C91F}.Debug|x86.ActiveCfg = Debug|x86
		{1F8E9857-EEC5-439B-90A4-8CD29E50C91F}.Debug|x86.Build.0 = Debug|x86
		{1F8E9857-EEC5-439B-90A4-8CD29E50C91F}.Debug|x86.Deploy.0 = Debug|x86
		{1F8E9857-EEC5-439B-90A4-8CD29E50C91F}.Release|ARM.ActiveCfg = Release|ARM
		{1F8E9857-EEC5-439B-90A4-8CD29E50C91F}.Release|ARM.Build.0 = Release|ARM
		{1F8E9857-EEC5-439B-90A4-8CD29E50C91F}.Release|ARM.Deploy.0 = Release|ARM
		{1F8E9857-EEC5-439B-90A4-8CD29E50C91F}.Release|Mixed Platforms.ActiveCfg = Release|x86
		{1F8E9857-EEC5-439B-90A4-8CD29E50C91F}.Release|Mixed Platforms.Build.0 = Release|x86
		{1F8E9857-EEC5-439B-90A4-8CD29E50C91F}.Release|Mixed Platforms.Deploy.0 = Release|x86
		{1F8E9857-EEC5-439B-90A4-8CD29E50C91F}.Release|Win32.ActiveCfg = Release|x86
		{1F8E9857-EEC5-439B-90A4-8CD29E50C91F}.Release|Win32.Build.0 = Release|x86
		{1F8E9857-EEC5-439B-90A4-8CD29E50C91F}.Release|Win32.Deploy.0 = Release|x86
		{1F8E9857-EEC5-439B-90A4-8CD29E50C91F}.Release|x64.ActiveCfg = Release|x64
		{1F8E9857-EEC5-439B-90A4-8CD29E50C91F}.Release|x64.Build.0 = Release|x64
		{1F8E9857-EEC5-439B-90A4-8CD29E50C91F}.Release|x64.Deploy.0 = Release|x64
		{1F8E9857-EEC5-439B-90A4-8CD29E50C91F}.Release|x86.ActiveCfg = Release|x86
		{1F8E9857-EEC5-439B-90A4-8CD29E50C91F}.Release|x86.Build.0 = Release|x86
		{1F8E9857-EEC5-439B-90A4-8CD29E50C91F}.Release|x86.Deploy.0 = Release|x86
		{7FCDC331-F5E1-44D9-B631-665A4D8FD826}.Debug|ARM.ActiveCfg = Debug|ARM
		{7FCDC331-F5E1-44D9-B631-665A4D8FD826}.Debug|ARM.Build.0 = Debug|ARM
		{7FCDC331-F5E1-44D9-B631-665A4D8FD826}.Debug|ARM.Deploy.0 = Debug|ARM
		{7FCDC331-F5E1-44D9-B631-665A4D8FD826}.Debug|Mixed Platforms.ActiveCfg = Debug|x86
		{7FCDC331-F5E1-44D9-B631-665A4D8FD826}.Debug|Mixed Platforms.Build.0 = Debug|x86
		{7FCDC331-F5E1-44D9-B631-665A4D8FD826}.Debug|Mixed Platforms.Deploy.0 = Debug|x86
		{7FCDC331-F5E1-44D9-B631-665A4D8FD826}.Debug|Win32.ActiveCfg = Debug|x86
		{7FCDC331-F5E1-44D9-B631-665A4D8FD826}.Debug|Win32.Build.0 = Debug|x86
		{7FCDC331-F5E1-44D9-B631-665A4D8FD826}.Debug|Win32.Deploy.0 = Debug|x86
		{7FCDC331-F5E1-44D9-B631-665A4D8FD826}.Debug|x64.ActiveCfg = Debug|Any CPU
		{7FCDC331-F5E1-44D9-B631-665A4D8FD826}.Debug|x86.ActiveCfg = Debug|x86
		{7FCDC331-F5E1-44D9-B631-665A4D8FD826}.Debug|x86.Build.0 = Debug|x86
		{7FCDC331-F5E1-44D9-B631-665A4D8FD826}.Debug|x86.Deploy.0 = Debug|x86
		{7FCDC331-F5E1-44D9-B631-665A4D8FD826}.Release|ARM.ActiveCfg = Release|ARM
		{7FCDC331-F5E1-44D9-B631-665A4D8FD826}.Release|ARM.Build.0 = Release|ARM
		{7FCDC331-F5E1-44D9-B631-665A4D8FD826}.Release|ARM.Deploy.0 = Release|ARM
		{7FCDC331-F5E1-44D9-B631-665A4D8FD826}.Release|Mixed Platforms.ActiveCfg = Release|x86
		{7FCDC331-F5E1-44D9-B631-665A4D8FD826}.Release|Mixed Platforms.Build.0 = Release|x86
		{7FCDC331-F5E1-44D9-B631-665A4D8FD826}.Release|Mixed Platforms.Deploy.0 = Release|x86
		{7FCDC331-F5E1-44D9-B631-665A4D8FD826}.Release|Win32.ActiveCfg = Release|x86
		{7FCDC331-F5E1-44D9-B631-665A4D8FD826}.Release|Win32.Build.0 = Release|x86
		{7FCDC331-F5E1-44D9-B631-665A4D8FD826}.Release|Win32.Deploy.0 = Release|x86
		{7FCDC331-F5E1-44D9-B631-665A4D8FD826}.Release|x64.ActiveCfg = Release|Any CPU
		{7FCDC331-F5E1-44D9-B631-665A4D8FD826}.Release|x86.ActiveCfg = Release|x86
		{7FCDC331-F5E1-44D9-B631-665A4D8FD826}.Release|x86.Build.0 = Release|x86
		{7FCDC331-F5E1-44D9-B631-665A4D8FD826}.Release|x86.Deploy.0 = Release|x86
		{E28B2905-F4A5-45E4-8773-0DCA379959E9}.Debug|ARM.ActiveCfg = Debug|ARM
		{E28B2905-F4A5-45E4-8773-0DCA379959E9}.Debug|ARM.Build.0 = Debug|ARM
		{E28B2905-F4A5-45E4-8773-0DCA379959E9}.Debug|ARM.Deploy.0 = Debug|ARM
		{E28B2905-F4A5-45E4-8773-0DCA379959E9}.Debug|Mixed Platforms.ActiveCfg = Debug|x86
		{E28B2905-F4A5-45E4-8773-0DCA379959E9}.Debug|Mixed Platforms.Build.0 = Debug|x86
		{E28B2905-F4A5-45E4-8773-0DCA379959E9}.Debug|Mixed Platforms.Deploy.0 = Debug|x86
		{E28B2905-F4A5-45E4-8773-0DCA379959E9}.Debug|Win32.ActiveCfg = Debug|x86
		{E28B2905-F4A5-45E4-8773-0DCA379959E9}.Debug|Win32.Build.0 = Debug|x86
		{E28B2905-F4A5-45E4-8773-0DCA379959E9}.Debug|Win32.Deploy.0 = Debug|x86
		{E28B2905-F4A5-45E4-8773-0DCA379959E9}.Debug|x64.ActiveCfg = Debug|x64
		{E28B2905-F4A5-45E4-8773-0DCA379959E9}.Debug|x64.Build.0 = Debug|x64
		{E28B2905-F4A5-45E4-8773-0DCA379959E9}.Debug|x64.Deploy.0 = Debug|x64
		{E28B2905-F4A5-45E4-8773-0DCA379959E9}.Debug|x86.ActiveCfg = Debug|x86
		{E28B2905-F4A5-45E4-8773-0DCA379959E9}.Debug|x86.Build.0 = Debug|x86
		{E28B2905-F4A5-45E4-8773-0DCA379959E9}.Debug|x86.Deploy.0 = Debug|x86
		{E28B2905-F4A5-45E4-8773-0DCA379959E9}.Release|ARM.ActiveCfg = Release|ARM
		{E28B2905-F4A5-45E4-8773-0DCA379959E9}.Release|ARM.Build.0 = Release|ARM
		{E28B2905-F4A5-45E4-8773-0DCA379959E9}.Release|ARM.Deploy.0 = Release|ARM
		{E28B2905-F4A5-45E4-8773-0DCA379959E9}.Release|Mixed Platforms.ActiveCfg = Release|x86
		{E28B2905-F4A5-45E4-8773-0DCA379959E9}.Release|Mixed Platforms.Build.0 = Release|x86
		{E28B2905-F4A5-45E4-8773-0DCA379959E9}.Release|Mixed Platforms.Deploy.0 = Release|x86
		{E28B2905-F4A5-45E4-8773-0DCA379959E9}.Release|Win32.ActiveCfg = Release|x86
		{E28B2905-F4A5-45E4-8773-0DCA379959E9}.Release|Win32.Build.0 = Release|x86
		{E28B2905-F4A5-45E4-8773-0DCA379959E9}.Release|Win32.Deploy.0 = Release|x86
		{E28B2905-F4A5-45E4-8773-0DCA379959E9}.Release|x64.ActiveCfg = Release|x64
		{E28B2905-F4A5-45E4-8773-0DCA379959E9}.Release|x64.Build.0 = Release|x64
		{E28B2905-F4A5-45E4-8773-0DCA379959E9}.Release|x64.Deploy.0 = Release|x64
		{E28B2905-F4A5-45E4-8773-0DCA379959E9}.Release|x86.ActiveCfg = Release|x86
		{E28B2905-F4A5-45E4-8773-0DCA379959E9}.Release|x86.Build.0 = Release|x86
		{E28B2905-F4A5-45E4-8773-0DCA379959E9}.Release|x86.Deploy.0 = Release|x86
		{5141C803-692C-4399-ABCD-F8BFC3D99AA2}.Debug|ARM.ActiveCfg = Debug|ARM
		{5141C803-692C-4399-ABCD-F8BFC3D99AA2}.Debug|ARM.Build.0 = Debug|ARM
		{5141C803-692C-4399-ABCD-F8BFC3D99AA2}.Debug|ARM.Deploy.0 = Debug|ARM
		{5141C803-692C-4399-ABCD-F8BFC3D99AA2}.Debug|Mixed Platforms.ActiveCfg = Debug|x86
		{5141C803-692C-4399-ABCD-F8BFC3D99AA2}.Debug|Mixed Platforms.Build.0 = Debug|x86
		{5141C803-692C-4399-ABCD-F8BFC3D99AA2}.Debug|Mixed Platforms.Deploy.0 = Debug|x86
		{5141C803-692C-4399-ABCD-F8BFC3D99AA2}.Debug|Win32.ActiveCfg = Debug|x86
		{5141C803-692C-4399-ABCD-F8BFC3D99AA2}.Debug|Win32.Build.0 = Debug|x86
		{5141C803-692C-4399-ABCD-F8BFC3D99AA2}.Debug|Win32.Deploy.0 = Debug|x86
		{5141C803-692C-4399-ABCD-F8BFC3D99AA2}.Debug|x64.ActiveCfg = Debug|Any CPU
		{5141C803-692C-4399-ABCD-F8BFC3D99AA2}.Debug|x86.ActiveCfg = Debug|x86
		{5141C803-692C-4399-ABCD-F8BFC3D99AA2}.Debug|x86.Build.0 = Debug|x86
		{5141C803-692C-4399-ABCD-F8BFC3D99AA2}.Debug|x86.Deploy.0 = Debug|x86
		{5141C803-692C-4399-ABCD-F8BFC3D99AA2}.Release|ARM.ActiveCfg = Release|ARM
		{5141C803-692C-4399-ABCD-F8BFC3D99AA2}.Release|ARM.Build.0 = Release|ARM
		{5141C803-692C-4399-ABCD-F8BFC3D99AA2}.Release|ARM.Deploy.0 = Release|ARM
		{5141C803-692C-4399-ABCD-F8BFC3D99AA2}.Release|Mixed Platforms.ActiveCfg = Release|x86
		{5141C803-692C-4399-ABCD-F8BFC3D99AA2}.Release|Mixed Platforms.Build.0 = Release|x86
		{5141C803-692C-4399-ABCD-F8BFC3D99AA2}.Release|Mixed Platforms.Deploy.0 = Release|x86
		{5141C803-692C-4399-ABCD-F8BFC3D99AA2}.Release|Win32.ActiveCfg = Release|x86
		{5141C803-692C-4399-ABCD-F8BFC3D99AA2}.Release|Win32.Build.0 = Release|x86
		{5141C803-692C-4399-ABCD-F8BFC3D99AA2}.Release|Win32.Deploy.0 = Release|x86
		{5141C803-692C-4399-ABCD-F8BFC3D99AA2}.Release|x64.ActiveCfg = Release|Any CPU
		{5141C803-692C-4399-ABCD-F8BFC3D99AA2}.Release|x86.ActiveCfg = Release|x86
		{5141C803-692C-4399-ABCD-F8BFC3D99AA2}.Release|x86.Build.0 = Release|x86
		{5141C803-692C-4399-ABCD-F8BFC3D99AA2}.Release|x86.Deploy.0 = Release|x86
	EndGlobalSection
	GlobalSection(SolutionProperties) = preSolution
		HideSolutionNode = FALSE
	EndGlobalSection
	GlobalSection(NestedProjects) = preSolution
		{E2CBE341-525B-4679-9969-AB747181C531} = {69ECED92-3BBC-4026-A125-DEF3AEBE2706}
		{06F4D5B6-9F5F-B8D2-85DE-494642BB5124} = {07F4FD80-5B80-4CDA-9DB5-AA63030E0894}
		{C7E08391-F549-789D-FECA-C8A0AAB0EFA3} = {A046E226-2BD4-41AA-A924-B905CF28ADAA}
		{8DFC87E8-97C7-4188-902A-491F42820C14} = {736BC35D-33B4-4CD8-AE77-F55A16448721}
		{F3DC5197-0CFC-86AF-CD84-E4548B8A3DF4} = {736BC35D-33B4-4CD8-AE77-F55A16448721}
		{73688377-513F-49E0-B443-AEB3719526E7} = {736BC35D-33B4-4CD8-AE77-F55A16448721}
		{C8E7F742-0E98-41DB-8584-F064B634AB78} = {07F4FD80-5B80-4CDA-9DB5-AA63030E0894}
		{60038A1B-EC77-42D2-A7ED-A5EA311653B2} = {07F4FD80-5B80-4CDA-9DB5-AA63030E0894}
		{44A5C8BB-62EC-4CB5-9DAB-D51C068E54CE} = {69ECED92-3BBC-4026-A125-DEF3AEBE2706}
		{1DC4ABCF-2E18-450C-B0F7-F5E90B014122} = {69ECED92-3BBC-4026-A125-DEF3AEBE2706}
		{C97FDD5F-FE09-42AC-BEBD-593B0C2737A4} = {A046E226-2BD4-41AA-A924-B905CF28ADAA}
		{441BC4E5-CD0E-4FF4-88DA-FC835DF463C9} = {A046E226-2BD4-41AA-A924-B905CF28ADAA}
		{21226A9B-95A3-EC00-9466-FA81CAD6883B} = {0BD22A82-52ED-441B-BE06-B85B821FC9A1}
		{44862CF9-D991-FE29-40A4-E0CF9A3BAB87} = {3BF20B70-C2BF-42D3-8089-CD8F05EC790E}
		{F4C1A94F-DF54-348F-E5E2-834DA6297B06} = {EA755B23-18F8-4DF3-9A39-2395D6C4E01F}
		{5F69AF87-7F1F-4522-0F90-62C8FB3FB843} = {CD7FE245-410C-4B71-BB50-5AFA8331390C}
		{9F0AF615-9152-D50B-2F31-1458D82F932D} = {21A36CF5-227B-48AA-873C-35AD30971327}
		{1907AB42-8548-4755-BAAC-48484090F50B} = {F58664D2-EF46-468C-B399-5CA9317A2CD9}
		{F00F2846-75A6-4B8C-B3F0-237007BD2253} = {B525379B-A84C-477E-8BE8-2B912887CF5D}
		{C641C727-2445-4306-B142-103DEAC4803D} = {0BD22A82-52ED-441B-BE06-B85B821FC9A1}
		{C8AAC24F-E692-42CA-8CED-81CCA5B9B17E} = {0BD22A82-52ED-441B-BE06-B85B821FC9A1}
		{22ABD1B8-B811-4323-9A0C-0D9AAB49680A} = {21A36CF5-227B-48AA-873C-35AD30971327}
		{4E5371A1-F81E-4009-AD06-6CCDF7A910A6} = {21A36CF5-227B-48AA-873C-35AD30971327}
		{400D753B-3525-479C-81A5-A0C562035E60} = {3BF20B70-C2BF-42D3-8089-CD8F05EC790E}
		{1C1FB9A1-0B7D-4115-8BFD-8E02E62C20C6} = {3BF20B70-C2BF-42D3-8089-CD8F05EC790E}
		{C40EDEEE-4F3A-4E00-A7A2-A15ECFB4A466} = {F58664D2-EF46-468C-B399-5CA9317A2CD9}
		{C22DABF8-A7AA-4E2A-8D0E-3748A9C76BA5} = {F58664D2-EF46-468C-B399-5CA9317A2CD9}
		{680BE40F-9494-4241-8366-A935710C35C8} = {EA755B23-18F8-4DF3-9A39-2395D6C4E01F}
		{75020AC1-38E6-4D32-98F3-F3D2CCBE88B8} = {EA755B23-18F8-4DF3-9A39-2395D6C4E01F}
		{4B38F882-C994-4EF4-84BE-D8005AE65915} = {B525379B-A84C-477E-8BE8-2B912887CF5D}
		{FF1B8784-FAFE-4EFB-A4EA-EFCD2F3D53DA} = {B525379B-A84C-477E-8BE8-2B912887CF5D}
		{3D75CD63-651D-4062-910C-B0730C7B5F69} = {CD7FE245-410C-4B71-BB50-5AFA8331390C}
		{D65CBA67-B2DC-4A1B-AC56-8DE9C35BD693} = {CD7FE245-410C-4B71-BB50-5AFA8331390C}
		{2753940E-7687-4D25-9EE6-8E2CCF777662} = {09F516FD-384E-4A88-BCA2-7399C40A0593}
		{8E795430-C3AA-4972-B3D8-81BACE9AC78A} = {2753940E-7687-4D25-9EE6-8E2CCF777662}
		{393D302C-1348-4676-8F2D-1008D46A9A94} = {2753940E-7687-4D25-9EE6-8E2CCF777662}
		{5E650A9B-846C-4DB7-9881-4C78ED6309F0} = {2753940E-7687-4D25-9EE6-8E2CCF777662}
		{C1690D32-1A27-4A36-B893-9E305492704F} = {E607A1AB-9309-44E7-8D3A-095ACBA1E8DD}
		{4255E8DE-50C2-4D0C-BB6A-C3C30D2CA8E1} = {E607A1AB-9309-44E7-8D3A-095ACBA1E8DD}
		{C5F79206-03D2-4E0F-A7FA-6495585B4ABF} = {E607A1AB-9309-44E7-8D3A-095ACBA1E8DD}
		{074DF1AE-A56D-49B1-9CC5-7F49804B6AC0} = {09F516FD-384E-4A88-BCA2-7399C40A0593}
		{E4A6C779-D93E-44FA-9EAF-BE91532C6A8D} = {074DF1AE-A56D-49B1-9CC5-7F49804B6AC0}
		{A5C79AB7-5BF8-40C6-BF98-CFA551E92241} = {074DF1AE-A56D-49B1-9CC5-7F49804B6AC0}
		{5BAC1021-28C1-4F9F-8CA3-CEC682300C2F} = {074DF1AE-A56D-49B1-9CC5-7F49804B6AC0}
		{C64192B2-7DF0-48DF-93D6-9F034A6C1A45} = {09F516FD-384E-4A88-BCA2-7399C40A0593}
		{66EF3F29-B3AD-4DAA-971B-CB5D96B79053} = {C64192B2-7DF0-48DF-93D6-9F034A6C1A45}
		{1F8E9857-EEC5-439B-90A4-8CD29E50C91F} = {C64192B2-7DF0-48DF-93D6-9F034A6C1A45}
		{7FCDC331-F5E1-44D9-B631-665A4D8FD826} = {C64192B2-7DF0-48DF-93D6-9F034A6C1A45}
		{026A0BF5-96AE-4ECF-BDD8-9C6E00704CD2} = {09F516FD-384E-4A88-BCA2-7399C40A0593}
		{C7B8CF30-D984-4C6D-9685-FA26711E1DFC} = {026A0BF5-96AE-4ECF-BDD8-9C6E00704CD2}
		{E28B2905-F4A5-45E4-8773-0DCA379959E9} = {026A0BF5-96AE-4ECF-BDD8-9C6E00704CD2}
		{5141C803-692C-4399-ABCD-F8BFC3D99AA2} = {026A0BF5-96AE-4ECF-BDD8-9C6E00704CD2}
	EndGlobalSection
EndGlobal
